
Microsoft Visual Studio Solution File, Format Version 12.00
# Visual Studio Version 17
VisualStudioVersion = 17.12.35707.178
MinimumVisualStudioVersion = 10.0.40219.1
Project("{2150E333-8FDC-42A3-9474-1A3956D46DE8}") = "00. Client", "00. Client", "{615E8B71-12A8-4292-9861-94FB9F934011}"
EndProject
Project("{2150E333-8FDC-42A3-9474-1A3956D46DE8}") = "01. Engine", "01. Engine", "{73A21262-DCBF-41A0-ABF1-4F961760B0ED}"
EndProject
Project("{2150E333-8FDC-42A3-9474-1A3956D46DE8}") = "02. Base", "02. Base", "{722A16AA-000D-4743-9BCA-DB9ECAE5CCE9}"
	ProjectSection(SolutionItems) = preProject
		Base\Base.h = Base\Base.h
		Base\Base.inl = Base\Base.inl
	EndProjectSection
EndProject
Project("{8BC9CEB8-8B4A-11D0-8D11-00A0C91BC942}") = "Engine", "Engine\Include\Engine.vcxproj", "{E4288EB8-166E-44A9-BA08-DBC0104D6538}"
EndProject
Project("{8BC9CEB8-8B4A-11D0-8D11-00A0C91BC942}") = "Client", "Client\Include\Client.vcxproj", "{8883CDA5-D315-4EBD-A3CC-E447AAF99557}"
	ProjectSection(ProjectDependencies) = postProject
		{E4288EB8-166E-44A9-BA08-DBC0104D6538} = {E4288EB8-166E-44A9-BA08-DBC0104D6538}
	EndProjectSection
EndProject
Global
	GlobalSection(SolutionConfigurationPlatforms) = preSolution
		Debug|x64 = Debug|x64
		Debug|x86 = Debug|x86
		Release|x64 = Release|x64
		Release|x86 = Release|x86
	EndGlobalSection
	GlobalSection(ProjectConfigurationPlatforms) = postSolution
		{E4288EB8-166E-44A9-BA08-DBC0104D6538}.Debug|x64.ActiveCfg = Debug|x64
		{E4288EB8-166E-44A9-BA08-DBC0104D6538}.Debug|x64.Build.0 = Debug|x64
		{E4288EB8-166E-44A9-BA08-DBC0104D6538}.Debug|x86.ActiveCfg = Debug|Win32
		{E4288EB8-166E-44A9-BA08-DBC0104D6538}.Debug|x86.Build.0 = Debug|Win32
		{E4288EB8-166E-44A9-BA08-DBC0104D6538}.Release|x64.ActiveCfg = Release|x64
		{E4288EB8-166E-44A9-BA08-DBC0104D6538}.Release|x64.Build.0 = Release|x64
		{E4288EB8-166E-44A9-BA08-DBC0104D6538}.Release|x86.ActiveCfg = Release|Win32
		{E4288EB8-166E-44A9-BA08-DBC0104D6538}.Release|x86.Build.0 = Release|Win32
		{8883CDA5-D315-4EBD-A3CC-E447AAF99557}.Debug|x64.ActiveCfg = Debug|x64
		{8883CDA5-D315-4EBD-A3CC-E447AAF99557}.Debug|x64.Build.0 = Debug|x64
		{8883CDA5-D315-4EBD-A3CC-E447AAF99557}.Debug|x86.ActiveCfg = Debug|Win32
		{8883CDA5-D315-4EBD-A3CC-E447AAF99557}.Debug|x86.Build.0 = Debug|Win32
		{8883CDA5-D315-4EBD-A3CC-E447AAF99557}.Release|x64.ActiveCfg = Release|x64
		{8883CDA5-D315-4EBD-A3CC-E447AAF99557}.Release|x64.Build.0 = Release|x64
		{8883CDA5-D315-4EBD-A3CC-E447AAF99557}.Release|x86.ActiveCfg = Release|Win32
		{8883CDA5-D315-4EBD-A3CC-E447AAF99557}.Release|x86.Build.0 = Release|Win32
	EndGlobalSection
	GlobalSection(SolutionProperties) = preSolution
		HideSolutionNode = FALSE
	EndGlobalSection
	GlobalSection(NestedProjects) = preSolution
		{E4288EB8-166E-44A9-BA08-DBC0104D6538} = {73A21262-DCBF-41A0-ABF1-4F961760B0ED}
		{8883CDA5-D315-4EBD-A3CC-E447AAF99557} = {615E8B71-12A8-4292-9861-94FB9F934011}
	EndGlobalSection
	GlobalSection(ExtensibilityGlobals) = postSolution
		SolutionGuid = {4DFF8F48-8141-4674-8524-000D73A98E93}
	EndGlobalSection
EndGlobal
