<?xml version="1.0" encoding="utf-8"?>
<Project ToolsVersion="4.0" xmlns="http://schemas.microsoft.com/developer/msbuild/2003">
  <ItemGroup>
    <Filter Include="01. Engine Component">
      <UniqueIdentifier>{30b4ef93-0208-42eb-be6e-5bc332542a4a}</UniqueIdentifier>
    </Filter>
    <Filter Include="99. Etc">
      <UniqueIdentifier>{dda1ece1-be59-496c-b92b-869723cd2b48}</UniqueIdentifier>
    </Filter>
    <Filter Include="99. Etc\Header">
      <UniqueIdentifier>{862f949f-9185-4de3-b5c9-fcbe1775b13d}</UniqueIdentifier>
    </Filter>
    <Filter Include="00. EngineCore">
      <UniqueIdentifier>{c7d740f0-2e89-440a-939e-00714085aa0d}</UniqueIdentifier>
    </Filter>
    <Filter Include="01. Engine Component\TimerManager">
      <UniqueIdentifier>{ace0d722-4d26-4946-9a0e-3f72f8e60fbd}</UniqueIdentifier>
    </Filter>
    <Filter Include="01. Engine Component\FrameManager">
      <UniqueIdentifier>{7b4f3e87-7d12-44b2-b48e-7b9c242860f1}</UniqueIdentifier>
    </Filter>
    <Filter Include="01. Engine Component\TimerManager\Timer">
      <UniqueIdentifier>{f834bbb3-6f73-4431-8d14-ef255414fda1}</UniqueIdentifier>
    </Filter>
    <Filter Include="01. Engine Component\FrameManager\Frame">
      <UniqueIdentifier>{23de1bf3-c19a-4612-b4dc-818a64d6ed1c}</UniqueIdentifier>
    </Filter>
    <Filter Include="99. Etc\Math">
      <UniqueIdentifier>{d0c4ad0e-0404-4910-9504-c2837b6d8e25}</UniqueIdentifier>
    </Filter>
    <Filter Include="01. Engine Component\RenderSystem">
      <UniqueIdentifier>{363dfc9b-2e5d-4f87-9c25-dc8c2848aa6e}</UniqueIdentifier>
    </Filter>
    <Filter Include="01. Engine Component\InputSystem">
      <UniqueIdentifier>{300e0ce1-0973-417c-b82b-aca479cae6ca}</UniqueIdentifier>
    </Filter>
    <Filter Include="01. Engine Component\SceneManager">
      <UniqueIdentifier>{c6ba8e92-2e80-42d4-94cc-3d143f726746}</UniqueIdentifier>
    </Filter>
    <Filter Include="01. Engine Component\LightSystem">
      <UniqueIdentifier>{eba6c95a-2b18-42c6-81ce-5f65a1995e0c}</UniqueIdentifier>
    </Filter>
    <Filter Include="01. Engine Component\ResourceManager">
      <UniqueIdentifier>{2886c4af-8bb9-4a3f-b7a9-7691db1d77a0}</UniqueIdentifier>
    </Filter>
    <Filter Include="01. Engine Component\ResourceManager\Mesh">
      <UniqueIdentifier>{d03369b5-3674-48de-9f73-d75920cf0e1e}</UniqueIdentifier>
    </Filter>
    <Filter Include="01. Engine Component\ResourceManager\Shader">
      <UniqueIdentifier>{b1a528a5-c3f8-4ee7-90e7-3d4ff7265f47}</UniqueIdentifier>
    </Filter>
    <Filter Include="01. Engine Component\ResourceManager\Material">
      <UniqueIdentifier>{d19ac74f-6c1d-440d-97e0-c2f66a9803c9}</UniqueIdentifier>
    </Filter>
    <Filter Include="03. GraphicDevice">
      <UniqueIdentifier>{6b7c17ea-e466-4e88-831b-2fd1e6ace52f}</UniqueIdentifier>
    </Filter>
    <Filter Include="04. Scene">
      <UniqueIdentifier>{b213d155-1af8-499f-a154-b0888945d7ed}</UniqueIdentifier>
    </Filter>
    <Filter Include="05. Scene Component">
      <UniqueIdentifier>{1f5af64b-23d1-4435-81be-233ec6563d0f}</UniqueIdentifier>
    </Filter>
    <Filter Include="05. Scene Component\ObjectManager">
      <UniqueIdentifier>{cf033f2c-1cc8-4bdb-9d1f-c1b988b624fc}</UniqueIdentifier>
    </Filter>
    <Filter Include="06. Object">
      <UniqueIdentifier>{f3c05cca-2de6-49bd-baf1-8d16bd4651f5}</UniqueIdentifier>
    </Filter>
    <Filter Include="07. Object Component">
      <UniqueIdentifier>{60a077cb-5842-470d-8b9d-264acc208d89}</UniqueIdentifier>
    </Filter>
    <Filter Include="07. Object Component\Renderer">
      <UniqueIdentifier>{35a7310b-a36c-46a1-b4b2-cccead3ad7c2}</UniqueIdentifier>
    </Filter>
    <Filter Include="07. Object Component\Renderer\MeshRenderer">
      <UniqueIdentifier>{b394fbd1-9893-426c-81d3-d988c2ed667c}</UniqueIdentifier>
    </Filter>
    <Filter Include="07. Object Component\Camera">
      <UniqueIdentifier>{0668d1df-b002-4063-a884-894f195425e2}</UniqueIdentifier>
    </Filter>
    <Filter Include="07. Object Component\Light">
      <UniqueIdentifier>{699c6ff4-28c8-46b7-a869-35ce32f2df82}</UniqueIdentifier>
    </Filter>
    <Filter Include="07. Object Component\Transform">
      <UniqueIdentifier>{ef96e943-f2ba-4f06-bbb7-8cd3cad0e064}</UniqueIdentifier>
    </Filter>
    <Filter Include="01. Engine Component\SoundManager">
      <UniqueIdentifier>{28874628-650c-4c6c-9bdb-e297ab310d94}</UniqueIdentifier>
    </Filter>
    <Filter Include="07. Object Component\Renderer\UIRenderer">
      <UniqueIdentifier>{329907d1-3a7e-4a08-96fc-7abe7903cef3}</UniqueIdentifier>
    </Filter>
    <Filter Include="01. Engine Component\ImGuiManager">
      <UniqueIdentifier>{b55f62b4-6a0c-4752-b37e-1c98e3d89ec2}</UniqueIdentifier>
    </Filter>
    <Filter Include="99. Etc\ImGui">
      <UniqueIdentifier>{270618e6-ebb6-4038-80b5-1754c521a72f}</UniqueIdentifier>
    </Filter>
    <Filter Include="08. UI">
      <UniqueIdentifier>{957a43f5-ea90-4336-bc62-0d6265e7717b}</UniqueIdentifier>
    </Filter>
    <Filter Include="07. Object Component\UIComponent">
      <UniqueIdentifier>{39a382c5-ba13-41a5-9ef4-3b535a9afeef}</UniqueIdentifier>
    </Filter>
    <Filter Include="08. UI\01. Subject">
      <UniqueIdentifier>{be3b91ac-2cbb-4378-8c76-6997283b589b}</UniqueIdentifier>
    </Filter>
    <Filter Include="07. Object Component\Collision">
      <UniqueIdentifier>{1fabb508-3f70-42f6-9b54-e5dfa2c38cc5}</UniqueIdentifier>
    </Filter>
    <Filter Include="05. Scene Component\CollisionSystem">
      <UniqueIdentifier>{6a1dc87a-3470-4343-855c-be7100afd809}</UniqueIdentifier>
    </Filter>
    <Filter Include="05. Scene Component\CameraManager">
      <UniqueIdentifier>{16e084cc-28e0-42e1-ad97-7d1a4ad213c3}</UniqueIdentifier>
    </Filter>
    <Filter Include="07. Object Component\AIController">
      <UniqueIdentifier>{3fcffcda-7e73-4482-bb97-beac6473d08d}</UniqueIdentifier>
    </Filter>
    <Filter Include="07. Object Component\AIController\BehaviorTree">
      <UniqueIdentifier>{0b3501f4-9868-4bfc-a2e9-255dec0a765d}</UniqueIdentifier>
    </Filter>
    <Filter Include="07. Object Component\AIController\BehaviorTree\BTNode">
      <UniqueIdentifier>{4ff99d72-de73-46bc-996b-21e220b7a1ed}</UniqueIdentifier>
    </Filter>
    <Filter Include="07. Object Component\AIController\BehaviorTree\BTNode\CompositeNode">
      <UniqueIdentifier>{a4acbe83-6809-4a90-87ff-f9d4d57682b5}</UniqueIdentifier>
    </Filter>
    <Filter Include="07. Object Component\AIController\BehaviorTree\BTNode\CompositeNode\Sequence">
      <UniqueIdentifier>{c1350241-1f97-428f-b948-f55a26e682cc}</UniqueIdentifier>
    </Filter>
    <Filter Include="07. Object Component\AIController\BehaviorTree\BTNode\CompositeNode\Selector">
      <UniqueIdentifier>{603c4125-03a6-4fdd-a4a6-19d20d9189cc}</UniqueIdentifier>
    </Filter>
    <Filter Include="07. Object Component\AIController\BehaviorTree\BTNode\CompositeNode\RandomSelector">
      <UniqueIdentifier>{e318d539-b753-44fb-bc43-992d387d9fe1}</UniqueIdentifier>
    </Filter>
    <Filter Include="07. Object Component\AIController\BehaviorTree\BTNode\CompositeNode\Parallel">
      <UniqueIdentifier>{b01fa434-e235-4193-acc7-9014b2345cf8}</UniqueIdentifier>
    </Filter>
    <Filter Include="07. Object Component\AIController\BehaviorTree\BTNode\DecoratorNode">
      <UniqueIdentifier>{f1f36253-16ee-4f74-93b0-3b55785895f1}</UniqueIdentifier>
    </Filter>
    <Filter Include="07. Object Component\AIController\BehaviorTree\BTNode\DecoratorNode\Inverter">
      <UniqueIdentifier>{e46cf2c2-513a-49fa-8dab-6d2af338ab3f}</UniqueIdentifier>
    </Filter>
    <Filter Include="07. Object Component\AIController\BehaviorTree\BTNode\DecoratorNode\Repeat">
      <UniqueIdentifier>{fc44961b-f1ad-44bd-942f-84925df56548}</UniqueIdentifier>
    </Filter>
    <Filter Include="07. Object Component\AIController\BehaviorTree\BTNode\DecoratorNode\Succeeder">
      <UniqueIdentifier>{a504344e-7476-4b37-b3a9-933abf964fa7}</UniqueIdentifier>
    </Filter>
    <Filter Include="07. Object Component\AIController\BlackBoard">
      <UniqueIdentifier>{9445595e-5cf9-42f8-8b59-e5155b3fedea}</UniqueIdentifier>
    </Filter>
    <Filter Include="07. Object Component\AIController\BehaviorTree\BTNode\ActionNode">
      <UniqueIdentifier>{ba61da6b-8e9f-4358-aef1-1e0d98ce07bb}</UniqueIdentifier>
    </Filter>
    <Filter Include="07. Object Component\UIComponent\00. ProgressBarComponent">
      <UniqueIdentifier>{afd873d1-0d6c-462b-bcd2-f62c0aa01196}</UniqueIdentifier>
    </Filter>
    <Filter Include="07. Object Component\Physics">
      <UniqueIdentifier>{ec25a13a-0b6f-4356-a096-1f9c8ab19d28}</UniqueIdentifier>
    </Filter>
    <Filter Include="07. Object Component\UIComponent\00. ProgressBarComponent">
      <UniqueIdentifier>{afd873d1-0d6c-462b-bcd2-f62c0aa01196}</UniqueIdentifier>
    </Filter>
    <Filter Include="07. Object Component\UIComponent\01. InfoComponent">
      <UniqueIdentifier>{44c535ea-8106-4472-b161-399e04a99eeb}</UniqueIdentifier>
    </Filter>
    <Filter Include="07. Object Component\UIComponent\02. FontComponent">
      <UniqueIdentifier>{2a0cce25-ff36-4597-9605-14d5c79dbc28}</UniqueIdentifier>
    </Filter>
    <Filter Include="07. Object Component\UIComponent\03. SlotComponent">
      <UniqueIdentifier>{831fcf2a-d37c-4de7-80dc-6d4d937e081a}</UniqueIdentifier>
    </Filter>
    <Filter Include="06. Object\StaticBlock">
      <UniqueIdentifier>{bbc9d575-2fc9-4605-b283-7ee75aafcb01}</UniqueIdentifier>
    </Filter>
    <Filter Include="06. Object\DynamicBlock">
      <UniqueIdentifier>{f70839ee-bc53-45ee-884e-c96eb4549b31}</UniqueIdentifier>
    </Filter>
    <Filter Include="01. Engine Component\ResourceManager\Mesh\CubeMesh">
      <UniqueIdentifier>{33fc44ac-feb9-43a1-8722-1ceacdff2df2}</UniqueIdentifier>
    </Filter>
    <Filter Include="01. Engine Component\ResourceManager\Mesh\StaticMesh">
      <UniqueIdentifier>{97c95a83-caff-4410-93fa-1caf7e6b84d6}</UniqueIdentifier>
    </Filter>
    <Filter Include="01. Engine Component\ResourceManager\Mesh\TerrainMesh">
      <UniqueIdentifier>{42374a5c-87a0-4814-8237-cc8a44c0359b}</UniqueIdentifier>
    </Filter>
    <Filter Include="06. Object\DynamicBlock\Lever">
      <UniqueIdentifier>{53b62e63-5598-4ba3-a495-27ee499e9405}</UniqueIdentifier>
    </Filter>
    <Filter Include="06. Object\DynamicBlock\Chest">
      <UniqueIdentifier>{f7afe70f-0ab2-4267-bae3-d88524793da8}</UniqueIdentifier>
    </Filter>
    <Filter Include="06. Object\Parts">
      <UniqueIdentifier>{83c3baa4-bd33-422b-955d-3c25050183d0}</UniqueIdentifier>
    </Filter>
    <Filter Include="08. UI\00. IObserver">
      <UniqueIdentifier>{dda7e1e7-6eb9-42b7-b7ab-f24d1bdf40ae}</UniqueIdentifier>
    </Filter>
    <Filter Include="07. Object Component\UIComponent\04. HoverComponent">
      <UniqueIdentifier>{c80cbc8d-eada-4da8-a13e-8b442765bedf}</UniqueIdentifier>
    </Filter>
    <Filter Include="07. Object Component\UIComponent\05. ButtonComponent">
      <UniqueIdentifier>{63737373-313a-408d-86ee-26b7ebd88852}</UniqueIdentifier>
    </Filter>
    <Filter Include="07. Object Component\UIComponent\06. PanelComponent">
      <UniqueIdentifier>{91cf33f5-663a-4071-bdc4-d960d8b5757d}</UniqueIdentifier>
    </Filter>
    <Filter Include="07. Object Component\UIComponent\07. CoolDownComponent">
      <UniqueIdentifier>{d8f90db7-fdfa-46e7-9678-1b261f621df3}</UniqueIdentifier>
    </Filter>
    <Filter Include="05. Scene Component\PhysicsSystem">
      <UniqueIdentifier>{6342d716-998f-4933-862a-73043b0598c1}</UniqueIdentifier>
    </Filter>
    <Filter Include="06. Object\DynamicBlock\IronCage">
      <UniqueIdentifier>{737313a0-01ca-42c8-92d5-f2e601ad1e4e}</UniqueIdentifier>
    </Filter>
    <Filter Include="05. Scene Component\BlockManager">
      <UniqueIdentifier>{a6cc0320-bb0a-4c0a-a0f8-774f741fd8d4}</UniqueIdentifier>
    </Filter>
    <Filter Include="07. Object Component\UIComponent\09. InfoDetector">
      <UniqueIdentifier>{cea1dd51-900c-41e5-87ec-2b922ce7b780}</UniqueIdentifier>
    </Filter>
    <Filter Include="05. Scene Component\StaticGrid">
      <UniqueIdentifier>{dd9ea417-9f3b-4c80-b4a6-259d6dc81fbc}</UniqueIdentifier>
    </Filter>
  </ItemGroup>
  <ItemGroup>
    <ClCompile Include="..\Code\EngineCore.cpp">
      <Filter>00. EngineCore</Filter>
    </ClCompile>
    <ClCompile Include="..\Code\GraphicDevice.cpp">
      <Filter>03. GraphicDevice</Filter>
    </ClCompile>
    <ClCompile Include="..\Code\TimerManager.cpp">
      <Filter>01. Engine Component\TimerManager</Filter>
    </ClCompile>
    <ClCompile Include="..\Code\Timer.cpp">
      <Filter>01. Engine Component\TimerManager\Timer</Filter>
    </ClCompile>
    <ClCompile Include="..\Code\Frame.cpp">
      <Filter>01. Engine Component\FrameManager\Frame</Filter>
    </ClCompile>
    <ClCompile Include="..\Code\FrameManager.cpp">
      <Filter>01. Engine Component\FrameManager</Filter>
    </ClCompile>
    <ClCompile Include="..\Code\Scene.cpp">
      <Filter>04. Scene</Filter>
    </ClCompile>
    <ClCompile Include="..\Code\ObjectManager.cpp">
      <Filter>05. Scene Component\ObjectManager</Filter>
    </ClCompile>
    <ClCompile Include="..\Code\Object.cpp">
      <Filter>06. Object</Filter>
    </ClCompile>
    <ClCompile Include="..\Code\TransformComponent.cpp">
      <Filter>07. Object Component\Transform</Filter>
    </ClCompile>
    <ClCompile Include="..\Code\SceneManager.cpp">
      <Filter>01. Engine Component\SceneManager</Filter>
    </ClCompile>
    <ClCompile Include="..\Code\RenderSystem.cpp">
      <Filter>01. Engine Component\RenderSystem</Filter>
    </ClCompile>
    <ClCompile Include="..\Code\RendererComponent.cpp">
      <Filter>07. Object Component\Renderer</Filter>
    </ClCompile>
    <ClCompile Include="..\Code\CameraComponent.cpp">
      <Filter>07. Object Component\Camera</Filter>
    </ClCompile>
    <ClCompile Include="..\Code\LightComponent.cpp">
      <Filter>07. Object Component\Light</Filter>
    </ClCompile>
    <ClCompile Include="..\Code\LightSystem.cpp">
      <Filter>01. Engine Component\LightSystem</Filter>
    </ClCompile>
    <ClCompile Include="..\Code\MeshRendererComponent.cpp">
      <Filter>07. Object Component\Renderer\MeshRenderer</Filter>
    </ClCompile>
    <ClCompile Include="..\Code\FreecamComponent.cpp">
      <Filter>07. Object Component\Camera</Filter>
    </ClCompile>
    <ClCompile Include="..\Code\InputSystem.cpp">
      <Filter>01. Engine Component\InputSystem</Filter>
    </ClCompile>
    <ClCompile Include="..\Code\ResourceManager.cpp">
      <Filter>01. Engine Component\ResourceManager</Filter>
    </ClCompile>
    <ClCompile Include="..\Code\Material.cpp">
      <Filter>01. Engine Component\ResourceManager\Material</Filter>
    </ClCompile>
    <ClCompile Include="..\Code\Shader.cpp">
      <Filter>01. Engine Component\ResourceManager\Shader</Filter>
    </ClCompile>
    <ClCompile Include="..\Code\ThirdcamComponent.cpp">
      <Filter>07. Object Component\Camera</Filter>
    </ClCompile>
    <ClCompile Include="..\Code\EnginePCH.cpp">
      <Filter>99. Etc\Header</Filter>
    </ClCompile>
    <ClCompile Include="..\Code\SoundManager.cpp">
      <Filter>01. Engine Component\SoundManager</Filter>
    </ClCompile>
    <ClCompile Include="..\Code\UIRenderer.cpp">
      <Filter>07. Object Component\Renderer\UIRenderer</Filter>
    </ClCompile>
    <ClCompile Include="..\Code\ImGuiManager.cpp">
      <Filter>01. Engine Component\ImGuiManager</Filter>
    </ClCompile>
    <ClCompile Include="..\..\External\imgui\imgui.cpp">
      <Filter>99. Etc\ImGui</Filter>
    </ClCompile>
    <ClCompile Include="..\..\External\imgui\imgui_demo.cpp">
      <Filter>99. Etc\ImGui</Filter>
    </ClCompile>
    <ClCompile Include="..\..\External\imgui\imgui_draw.cpp">
      <Filter>99. Etc\ImGui</Filter>
    </ClCompile>
    <ClCompile Include="..\..\External\imgui\imgui_tables.cpp">
      <Filter>99. Etc\ImGui</Filter>
    </ClCompile>
    <ClCompile Include="..\..\External\imgui\imgui_widgets.cpp">
      <Filter>99. Etc\ImGui</Filter>
    </ClCompile>
    <ClCompile Include="..\..\External\imgui\backends\imgui_impl_dx9.cpp">
      <Filter>99. Etc\ImGui</Filter>
    </ClCompile>
    <ClCompile Include="..\..\External\imgui\backends\imgui_impl_win32.cpp">
      <Filter>99. Etc\ImGui</Filter>
    </ClCompile>
    <ClCompile Include="..\Code\IObserver.cpp">
      <Filter>08. UI\00. IObserver</Filter>
    </ClCompile>
    <ClCompile Include="..\Code\Subject.cpp">
      <Filter>08. UI\01. Subject</Filter>
    </ClCompile>
    <ClCompile Include="..\Code\CollisionComponent.cpp">
      <Filter>07. Object Component\Collision</Filter>
    </ClCompile>
    <ClCompile Include="..\Code\CollisionSystem.cpp">
      <Filter>05. Scene Component\CollisionSystem</Filter>
    </ClCompile>
    <ClCompile Include="..\Code\BTNode.cpp">
      <Filter>07. Object Component\AIController\BehaviorTree\BTNode</Filter>
    </ClCompile>
    <ClCompile Include="..\Code\CompositeNode.cpp">
      <Filter>07. Object Component\AIController\BehaviorTree\BTNode\CompositeNode</Filter>
    </ClCompile>
    <ClCompile Include="..\Code\ParallelNode.cpp">
      <Filter>07. Object Component\AIController\BehaviorTree\BTNode\CompositeNode\Parallel</Filter>
    </ClCompile>
    <ClCompile Include="..\Code\RandomSelectorNode.cpp">
      <Filter>07. Object Component\AIController\BehaviorTree\BTNode\CompositeNode\RandomSelector</Filter>
    </ClCompile>
    <ClCompile Include="..\Code\SelectorNode.cpp">
      <Filter>07. Object Component\AIController\BehaviorTree\BTNode\CompositeNode\Selector</Filter>
    </ClCompile>
    <ClCompile Include="..\Code\SequenceNode.cpp">
      <Filter>07. Object Component\AIController\BehaviorTree\BTNode\CompositeNode\Sequence</Filter>
    </ClCompile>
    <ClCompile Include="..\Code\ActionNode.cpp">
      <Filter>07. Object Component\AIController\BehaviorTree\BTNode\ActionNode</Filter>
    </ClCompile>
    <ClCompile Include="..\Code\InverterDecorator.cpp">
      <Filter>07. Object Component\AIController\BehaviorTree\BTNode\DecoratorNode\Inverter</Filter>
    </ClCompile>
    <ClCompile Include="..\Code\RepeatDecorator.cpp">
      <Filter>07. Object Component\AIController\BehaviorTree\BTNode\DecoratorNode\Repeat</Filter>
    </ClCompile>
    <ClCompile Include="..\Code\SucceederDecorator.cpp">
      <Filter>07. Object Component\AIController\BehaviorTree\BTNode\DecoratorNode\Succeeder</Filter>
    </ClCompile>
    <ClCompile Include="..\Code\DecoratorNode.cpp">
      <Filter>07. Object Component\AIController\BehaviorTree\BTNode\DecoratorNode</Filter>
    </ClCompile>
    <ClCompile Include="..\Code\BlackBoard.cpp">
      <Filter>07. Object Component\AIController\BlackBoard</Filter>
    </ClCompile>
    <ClCompile Include="..\Code\BehaviorTree.cpp">
      <Filter>07. Object Component\AIController\BehaviorTree</Filter>
    </ClCompile>
    <ClCompile Include="CameraManager.cpp">
      <Filter>05. Scene Component\CameraManager</Filter>
    </ClCompile>
    <ClCompile Include="..\Code\ToolcamComponent.cpp">
      <Filter>07. Object Component\Camera</Filter>
    </ClCompile>
    <ClCompile Include="..\Code\ProgressBar.cpp">
      <Filter>07. Object Component\UIComponent\00. ProgressBarComponent</Filter>
    </ClCompile>
    <ClCompile Include="..\Code\PhysicsComponent.cpp">
      <Filter>07. Object Component\Physics</Filter>
    </ClCompile>
    <ClCompile Include="..\Code\AIController.cpp">
      <Filter>07. Object Component\AIController</Filter>
    </ClCompile>
    <ClCompile Include="..\Code\FontComponent.cpp" />
    <ClCompile Include="..\Code\ObjectComponent.cpp" />
    <ClCompile Include="..\Code\InfoComponent.cpp">
      <Filter>07. Object Component\UIComponent\01. InfoComponent</Filter>
    </ClCompile>
    <ClCompile Include="..\Code\FontComponent.cpp">
      <Filter>07. Object Component\UIComponent\02. FontComponent</Filter>
    </ClCompile>
    <ClCompile Include="..\Code\SlotComponent.cpp">
      <Filter>07. Object Component\UIComponent\03. SlotComponent</Filter>
    </ClCompile>
    <ClCompile Include="..\Code\ObjectComponent.cpp">
      <Filter>07. Object Component</Filter>
    </ClCompile>
    <ClCompile Include="..\Code\StaticBlock.cpp">
      <Filter>06. Object\StaticBlock</Filter>
    </ClCompile>
    <ClCompile Include="..\Code\AIController.cpp">
      <Filter>07. Object Component\AIController</Filter>
    </ClCompile>
    <ClCompile Include="..\Code\CubeMesh.cpp">
      <Filter>01. Engine Component\ResourceManager\Mesh\CubeMesh</Filter>
    </ClCompile>
    <ClCompile Include="..\Code\Mesh.cpp">
      <Filter>01. Engine Component\ResourceManager\Mesh</Filter>
    </ClCompile>
    <ClCompile Include="..\Code\StaticMesh.cpp">
      <Filter>01. Engine Component\ResourceManager\Mesh\StaticMesh</Filter>
    </ClCompile>
    <ClCompile Include="..\Code\TerrainMesh.cpp">
      <Filter>01. Engine Component\ResourceManager\Mesh\TerrainMesh</Filter>
    </ClCompile>
    <ClCompile Include="..\Code\Part.cpp">
      <Filter>06. Object\Parts</Filter>
    </ClCompile>
    <ClCompile Include="..\Code\Lever.cpp">
      <Filter>06. Object\DynamicBlock\Lever</Filter>
    </ClCompile>
    <ClCompile Include="..\Code\Chest.cpp">
      <Filter>06. Object\DynamicBlock\Chest</Filter>
    </ClCompile>
    <ClCompile Include="..\Code\DynamicBlock.cpp">
      <Filter>06. Object\DynamicBlock</Filter>
    </ClCompile>
    <ClCompile Include="..\Code\HoverComponent.cpp">
      <Filter>07. Object Component\UIComponent\04. HoverComponent</Filter>
    </ClCompile>
    <ClCompile Include="..\Code\ButtonComponent.cpp">
      <Filter>07. Object Component\UIComponent\05. ButtonComponent</Filter>
    </ClCompile>
    <ClCompile Include="..\Code\PanelComponent.cpp">
      <Filter>07. Object Component\UIComponent\06. PanelComponent</Filter>
    </ClCompile>
    <ClCompile Include="..\Code\PhysicsSystem.cpp">
      <Filter>05. Scene Component\PhysicsSystem</Filter>
    </ClCompile>
    <ClCompile Include="..\Code\IronCage.cpp">
      <Filter>06. Object\DynamicBlock\IronCage</Filter>
    </ClCompile>
    <ClCompile Include="..\Code\BlockManager.cpp">
      <Filter>05. Scene Component\BlockManager</Filter>
    </ClCompile>
    <ClCompile Include="..\Code\CoolDownComponent.cpp">
      <Filter>07. Object Component\UIComponent\07. CoolDownComponent</Filter>
    </ClCompile>
    <ClCompile Include="..\Code\InfoDetector.cpp">
      <Filter>07. Object Component\UIComponent\09. InfoDetector</Filter>
    </ClCompile>
    <ClCompile Include="..\Code\StaticGrid.cpp">
      <Filter>05. Scene Component\StaticGrid</Filter>
    </ClCompile>
  </ItemGroup>
  <ItemGroup>
    <ClInclude Include="..\Header\EngineCore.h">
      <Filter>00. EngineCore</Filter>
    </ClInclude>
    <ClInclude Include="..\Header\GraphicDevice.h">
      <Filter>03. GraphicDevice</Filter>
    </ClInclude>
    <ClInclude Include="..\Header\Engine_Enum.h">
      <Filter>99. Etc\Header</Filter>
    </ClInclude>
    <ClInclude Include="..\Header\Engine_Function.h">
      <Filter>99. Etc\Header</Filter>
    </ClInclude>
    <ClInclude Include="..\Header\Engine_Macro.h">
      <Filter>99. Etc\Header</Filter>
    </ClInclude>
    <ClInclude Include="..\Header\Engine_Struct.h">
      <Filter>99. Etc\Header</Filter>
    </ClInclude>
    <ClInclude Include="..\Header\Engine_Typedef.h">
      <Filter>99. Etc\Header</Filter>
    </ClInclude>
    <ClInclude Include="..\Header\TimerManager.h">
      <Filter>01. Engine Component\TimerManager</Filter>
    </ClInclude>
    <ClInclude Include="..\Header\Timer.h">
      <Filter>01. Engine Component\TimerManager\Timer</Filter>
    </ClInclude>
    <ClInclude Include="..\Header\Frame.h">
      <Filter>01. Engine Component\FrameManager\Frame</Filter>
    </ClInclude>
    <ClInclude Include="..\Header\FrameManager.h">
      <Filter>01. Engine Component\FrameManager</Filter>
    </ClInclude>
    <ClInclude Include="..\Header\Scene.h">
      <Filter>04. Scene</Filter>
    </ClInclude>
    <ClInclude Include="..\Header\ObjectManager.h">
      <Filter>05. Scene Component\ObjectManager</Filter>
    </ClInclude>
    <ClInclude Include="..\Header\Object.h">
      <Filter>06. Object</Filter>
    </ClInclude>
    <ClInclude Include="..\Header\TransformComponent.h">
      <Filter>07. Object Component\Transform</Filter>
    </ClInclude>
    <ClInclude Include="..\Header\SceneManager.h">
      <Filter>01. Engine Component\SceneManager</Filter>
    </ClInclude>
    <ClInclude Include="..\Header\RenderSystem.h">
      <Filter>01. Engine Component\RenderSystem</Filter>
    </ClInclude>
    <ClInclude Include="..\Header\RendererComponent.h">
      <Filter>07. Object Component\Renderer</Filter>
    </ClInclude>
    <ClInclude Include="..\Header\CameraComponent.h">
      <Filter>07. Object Component\Camera</Filter>
    </ClInclude>
    <ClInclude Include="..\Header\LightComponent.h">
      <Filter>07. Object Component\Light</Filter>
    </ClInclude>
    <ClInclude Include="..\Header\LightSystem.h">
      <Filter>01. Engine Component\LightSystem</Filter>
    </ClInclude>
    <ClInclude Include="..\Header\MyMath.h">
      <Filter>99. Etc\Math</Filter>
    </ClInclude>
    <ClInclude Include="..\Header\MeshRendererComponent.h">
      <Filter>07. Object Component\Renderer\MeshRenderer</Filter>
    </ClInclude>
    <ClInclude Include="..\Header\FreecamComponent.h">
      <Filter>07. Object Component\Camera</Filter>
    </ClInclude>
    <ClInclude Include="..\Header\InputSystem.h">
      <Filter>01. Engine Component\InputSystem</Filter>
    </ClInclude>
    <ClInclude Include="..\Header\ResourceManager.h">
      <Filter>01. Engine Component\ResourceManager</Filter>
    </ClInclude>
    <ClInclude Include="..\Header\Material.h">
      <Filter>01. Engine Component\ResourceManager\Material</Filter>
    </ClInclude>
    <ClInclude Include="..\Header\Shader.h">
      <Filter>01. Engine Component\ResourceManager\Shader</Filter>
    </ClInclude>
    <ClInclude Include="..\Header\ThirdcamComponent.h">
      <Filter>07. Object Component\Camera</Filter>
    </ClInclude>
    <ClInclude Include="..\Header\EnginePCH.h">
      <Filter>99. Etc\Header</Filter>
    </ClInclude>
    <ClInclude Include="..\Header\SoundManager.h">
      <Filter>01. Engine Component\SoundManager</Filter>
    </ClInclude>
    <ClInclude Include="..\Header\UIRenderer.h">
      <Filter>07. Object Component\Renderer\UIRenderer</Filter>
    </ClInclude>
    <ClInclude Include="..\Header\ImGuiManager.h">
      <Filter>01. Engine Component\ImGuiManager</Filter>
    </ClInclude>
    <ClInclude Include="..\..\External\imgui\imconfig.h">
      <Filter>99. Etc\ImGui</Filter>
    </ClInclude>
    <ClInclude Include="..\..\External\imgui\imgui.h">
      <Filter>99. Etc\ImGui</Filter>
    </ClInclude>
    <ClInclude Include="..\..\External\imgui\imgui_internal.h">
      <Filter>99. Etc\ImGui</Filter>
    </ClInclude>
    <ClInclude Include="..\..\External\imgui\imstb_rectpack.h">
      <Filter>99. Etc\ImGui</Filter>
    </ClInclude>
    <ClInclude Include="..\..\External\imgui\imstb_textedit.h">
      <Filter>99. Etc\ImGui</Filter>
    </ClInclude>
    <ClInclude Include="..\..\External\imgui\imstb_truetype.h">
      <Filter>99. Etc\ImGui</Filter>
    </ClInclude>
    <ClInclude Include="..\..\External\imgui\backends\imgui_impl_dx9.h">
      <Filter>99. Etc\ImGui</Filter>
    </ClInclude>
    <ClInclude Include="..\..\External\imgui\backends\imgui_impl_win32.h">
      <Filter>99. Etc\ImGui</Filter>
    </ClInclude>
    <ClInclude Include="..\Header\IObserver.h">
      <Filter>08. UI\00. IObserver</Filter>
    </ClInclude>
    <ClInclude Include="..\Header\Subject.h">
      <Filter>08. UI\01. Subject</Filter>
    </ClInclude>
    <ClInclude Include="..\Header\Engine_UIStruct.h">
      <Filter>99. Etc\Header</Filter>
    </ClInclude>
    <ClInclude Include="..\Header\FontComponent.h">
      <Filter>07. Object Component\UIComponent\02. FontComponent</Filter>
    </ClInclude>
    <ClInclude Include="..\Header\CollisionComponent.h">
      <Filter>07. Object Component\Collision</Filter>
    </ClInclude>
    <ClInclude Include="..\Header\CollisionSystem.h">
      <Filter>05. Scene Component\CollisionSystem</Filter>
    </ClInclude>
    <ClInclude Include="..\Header\BTNode.h">
      <Filter>07. Object Component\AIController\BehaviorTree\BTNode</Filter>
    </ClInclude>
    <ClInclude Include="..\Header\CompositeNode.h">
      <Filter>07. Object Component\AIController\BehaviorTree\BTNode\CompositeNode</Filter>
    </ClInclude>
    <ClInclude Include="..\Header\ParallelNode.h">
      <Filter>07. Object Component\AIController\BehaviorTree\BTNode\CompositeNode\Parallel</Filter>
    </ClInclude>
    <ClInclude Include="..\Header\RandomSelectorNode.h">
      <Filter>07. Object Component\AIController\BehaviorTree\BTNode\CompositeNode\RandomSelector</Filter>
    </ClInclude>
    <ClInclude Include="..\Header\SelectorNode.h">
      <Filter>07. Object Component\AIController\BehaviorTree\BTNode\CompositeNode\Selector</Filter>
    </ClInclude>
    <ClInclude Include="..\Header\SequenceNode.h">
      <Filter>07. Object Component\AIController\BehaviorTree\BTNode\CompositeNode\Sequence</Filter>
    </ClInclude>
    <ClInclude Include="..\Header\ActionNode.h">
      <Filter>07. Object Component\AIController\BehaviorTree\BTNode\ActionNode</Filter>
    </ClInclude>
    <ClInclude Include="..\Header\InverterDecorator.h">
      <Filter>07. Object Component\AIController\BehaviorTree\BTNode\DecoratorNode\Inverter</Filter>
    </ClInclude>
    <ClInclude Include="..\Header\RepeatDecorator.h">
      <Filter>07. Object Component\AIController\BehaviorTree\BTNode\DecoratorNode\Repeat</Filter>
    </ClInclude>
    <ClInclude Include="..\Header\SucceederDecorator.h">
      <Filter>07. Object Component\AIController\BehaviorTree\BTNode\DecoratorNode\Succeeder</Filter>
    </ClInclude>
    <ClInclude Include="..\Header\DecoratorNode.h">
      <Filter>07. Object Component\AIController\BehaviorTree\BTNode\DecoratorNode</Filter>
    </ClInclude>
    <ClInclude Include="..\Header\BlackBoard.h">
      <Filter>07. Object Component\AIController\BlackBoard</Filter>
    </ClInclude>
    <ClInclude Include="..\Header\AIController.h">
      <Filter>07. Object Component\AIController</Filter>
    </ClInclude>
    <ClInclude Include="..\Header\CameraManager.h">
      <Filter>05. Scene Component\CameraManager</Filter>
    </ClInclude>
    <ClInclude Include="..\Header\ToolcamComponent.h">
      <Filter>07. Object Component\Camera</Filter>
    </ClInclude>
    <ClInclude Include="..\Header\ProgressBar.h">
      <Filter>07. Object Component\UIComponent\00. ProgressBarComponent</Filter>
    </ClInclude>
    <ClInclude Include="..\Header\PhysicsComponent.h">
      <Filter>07. Object Component\Physics</Filter>
    </ClInclude>
    <ClInclude Include="..\Header\BehaviorTree.h">
      <Filter>07. Object Component\AIController\BehaviorTree</Filter>
    </ClInclude>
    <ClInclude Include="..\Header\InfoComponent.h">
      <Filter>07. Object Component\UIComponent\01. InfoComponent</Filter>
    </ClInclude>
    <ClInclude Include="..\Header\SlotComponent.h">
      <Filter>07. Object Component\UIComponent\03. SlotComponent</Filter>
    </ClInclude>
    <ClInclude Include="..\Header\StaticBlock.h">
      <Filter>06. Object\StaticBlock</Filter>
    </ClInclude>
    <ClInclude Include="..\Header\BehaviorTree.h">
      <Filter>07. Object Component\AIController\BehaviorTree</Filter>
    </ClInclude>
    <ClInclude Include="..\Header\CubeMesh.h">
      <Filter>01. Engine Component\ResourceManager\Mesh\CubeMesh</Filter>
    </ClInclude>
    <ClInclude Include="..\Header\Mesh.h">
      <Filter>01. Engine Component\ResourceManager\Mesh</Filter>
    </ClInclude>
    <ClInclude Include="..\Header\StaticMesh.h">
      <Filter>01. Engine Component\ResourceManager\Mesh\StaticMesh</Filter>
    </ClInclude>
    <ClInclude Include="..\Header\TerrainMesh.h">
      <Filter>01. Engine Component\ResourceManager\Mesh\TerrainMesh</Filter>
    </ClInclude>
    <ClInclude Include="..\Header\Part.h">
      <Filter>06. Object\Parts</Filter>
    </ClInclude>
    <ClInclude Include="..\Header\Lever.h">
      <Filter>06. Object\DynamicBlock\Lever</Filter>
    </ClInclude>
    <ClInclude Include="..\Header\Chest.h">
      <Filter>06. Object\DynamicBlock\Chest</Filter>
    </ClInclude>
    <ClInclude Include="..\Header\DynamicBlock.h">
      <Filter>06. Object\DynamicBlock</Filter>
    </ClInclude>
    <ClInclude Include="..\Header\HoverComponent.h">
      <Filter>07. Object Component\UIComponent\04. HoverComponent</Filter>
    </ClInclude>
    <ClInclude Include="..\Header\ButtonComponent.h">
      <Filter>07. Object Component\UIComponent\05. ButtonComponent</Filter>
    </ClInclude>
    <ClInclude Include="..\Header\PanelComponent.h">
      <Filter>07. Object Component\UIComponent\06. PanelComponent</Filter>
    </ClInclude>
    <ClInclude Include="..\Header\PhysicsSystem.h">
      <Filter>05. Scene Component\PhysicsSystem</Filter>
    </ClInclude>
    <ClInclude Include="..\Header\IronCage.h">
      <Filter>06. Object\DynamicBlock\IronCage</Filter>
    </ClInclude>
    <ClInclude Include="..\Header\BlockManager.h">
      <Filter>05. Scene Component\BlockManager</Filter>
    </ClInclude>
    <ClInclude Include="..\Header\CoolDownComponent.h">
      <Filter>07. Object Component\UIComponent\07. CoolDownComponent</Filter>
    </ClInclude>
    <ClInclude Include="..\Header\InfoDetector.h">
      <Filter>07. Object Component\UIComponent\09. InfoDetector</Filter>
    </ClInclude>
    <ClInclude Include="..\Header\StaticGrid.h">
      <Filter>05. Scene Component\StaticGrid</Filter>
    </ClInclude>
    <ClInclude Include="..\Header\ObjectComponent.h">
      <Filter>07. Object Component</Filter>
    </ClInclude>
  </ItemGroup>
  <ItemGroup>
    <None Include="..\Header\Math.inl">
      <Filter>99. Etc\Math</Filter>
    </None>
    <None Include="..\..\External\imgui\.editorconfig">
      <Filter>99. Etc\ImGui</Filter>
    </None>
  </ItemGroup>
</Project>