<?xml version="1.0" encoding="utf-8"?>
<Project ToolsVersion="4.0" xmlns="http://schemas.microsoft.com/developer/msbuild/2003">
  <ItemGroup>
    <Filter Include="00. MainApp">
      <UniqueIdentifier>{e8bd49f9-d4c2-4002-9ba4-50b9b9cda714}</UniqueIdentifier>
    </Filter>
    <Filter Include="99. Etc">
      <UniqueIdentifier>{a22aa319-320d-4f2b-ac3c-b97a66226eb4}</UniqueIdentifier>
    </Filter>
    <Filter Include="99. Etc\pch">
      <UniqueIdentifier>{159b3947-5451-4117-8838-1d3118496c18}</UniqueIdentifier>
    </Filter>
    <Filter Include="100. Executable">
      <UniqueIdentifier>{7e0eb265-019d-47b0-894c-3b8acf6ec377}</UniqueIdentifier>
    </Filter>
    <Filter Include="01. Scene">
      <UniqueIdentifier>{2fd01564-4fdf-47b4-9062-cb5f13d0d79e}</UniqueIdentifier>
    </Filter>
    <Filter Include="02. Object">
      <UniqueIdentifier>{28d66789-23f9-4794-81d6-2e11ae4821d5}</UniqueIdentifier>
    </Filter>
    <Filter Include="01. Scene\TestScene">
      <UniqueIdentifier>{d4dd108d-25b9-45c4-82a8-2126c1e925d1}</UniqueIdentifier>
    </Filter>
    <Filter Include="01. Scene\LogoScene">
      <UniqueIdentifier>{39b97083-7818-420c-a654-4bbc03ef0b31}</UniqueIdentifier>
    </Filter>
    <Filter Include="02. Object\SkyBox">
      <UniqueIdentifier>{fa569c5c-5c68-4e03-9479-06d02a03255c}</UniqueIdentifier>
    </Filter>
    <Filter Include="01. Scene\LoadingScene">
      <UniqueIdentifier>{52678876-79dc-41a1-baf8-7610b6c30f02}</UniqueIdentifier>
    </Filter>
    <Filter Include="01. Scene\LoadingScene\Loader">
      <UniqueIdentifier>{995b1923-0be6-49b5-b216-2f3b027b0909}</UniqueIdentifier>
    </Filter>
    <Filter Include="99. Etc\Header">
      <UniqueIdentifier>{7fa944f9-866b-4c3b-93da-e6f8f3f14f7d}</UniqueIdentifier>
    </Filter>
    <Filter Include="02. Object\TestObject">
      <UniqueIdentifier>{6d846a5a-52ad-4eb1-ab0b-dba2484c9f11}</UniqueIdentifier>
    </Filter>
    <Filter Include="02. Object\UIObj">
      <UniqueIdentifier>{edd0f473-f082-4ad7-81f3-d71fe38fe4ae}</UniqueIdentifier>
    </Filter>
    <Filter Include="02. Object\BaseCharacter">
      <UniqueIdentifier>{6a607e94-9719-4b35-b32c-7934cd34fd2c}</UniqueIdentifier>
    </Filter>
    <Filter Include="02. Object\BaseCharacter\Bone">
      <UniqueIdentifier>{842e4533-b8b5-4f6a-95b3-74c679d50293}</UniqueIdentifier>
    </Filter>
    <Filter Include="02. Object\Player">
      <UniqueIdentifier>{6ffcf943-49b9-49bf-8352-399ad641cdbd}</UniqueIdentifier>
    </Filter>
    <Filter Include="02. Object\CameraActor">
      <UniqueIdentifier>{787cf409-8411-4408-97c8-8ddd782499c4}</UniqueIdentifier>
    </Filter>
    <Filter Include="02. Object\UIObj\LoadingUI">
      <UniqueIdentifier>{0cf5d416-9d91-4463-8cf4-922fb4a60115}</UniqueIdentifier>
    </Filter>
    <Filter Include="02. Object\UIObj\Cursor">
      <UniqueIdentifier>{921a1788-6987-4885-b04c-ad1d1ef2bf8b}</UniqueIdentifier>
    </Filter>
    <Filter Include="02. Object\UIObj\InventoryPanel">
      <UniqueIdentifier>{975edd8f-7629-40fe-89cb-a57e5e41f728}</UniqueIdentifier>
    </Filter>
    <Filter Include="02. Object\Monster">
      <UniqueIdentifier>{ecf0c0f9-ae92-4dc2-97c0-5d3da51e58da}</UniqueIdentifier>
    </Filter>
    <Filter Include="02. Object\Monster\BTNode">
      <UniqueIdentifier>{1e90669f-62da-497b-a3cd-f0157c6d020c}</UniqueIdentifier>
    </Filter>
    <Filter Include="02. Object\CameraActor\FirstCam">
      <UniqueIdentifier>{39a1611e-d6dd-4459-af2d-a4063cc80494}</UniqueIdentifier>
    </Filter>
    <Filter Include="02. Object\CameraActor\ThirdCam">
      <UniqueIdentifier>{e6d8228b-fc52-4916-970b-cf19b1283649}</UniqueIdentifier>
    </Filter>
    <Filter Include="02. Object\CameraActor\RailCam">
      <UniqueIdentifier>{038db0cb-ea10-4b61-9f5a-3c46340a7892}</UniqueIdentifier>
    </Filter>
    <Filter Include="02. Object\UIObj\UIDebugObj">
      <UniqueIdentifier>{82419094-d92a-4d7d-8f56-5b4d4c56fcfe}</UniqueIdentifier>
    </Filter>
    <Filter Include="02. Object\UIObj\HotBar">
      <UniqueIdentifier>{4c6908b3-1f5b-46ac-b116-07162d908392}</UniqueIdentifier>
    </Filter>
    <Filter Include="02. Object\UIObj\HotBar\HotBarBack">
      <UniqueIdentifier>{ff32a50f-0cee-4a9e-9413-9fa0992313bb}</UniqueIdentifier>
    </Filter>
    <Filter Include="02. Object\UIObj\ExpBar">
      <UniqueIdentifier>{16799f8c-2f47-4ef2-a16b-c70cfaa1aabe}</UniqueIdentifier>
    </Filter>
    <Filter Include="02. Object\UIObj\HpBar">
      <UniqueIdentifier>{7f8466f6-7329-46f7-a639-08e72bf16f1f}</UniqueIdentifier>
    </Filter>
    <Filter Include="02. Object\UIObj\HpBar\HPBarBack">
      <UniqueIdentifier>{26c44d7d-72eb-4213-ad73-d0d7dcc24ae7}</UniqueIdentifier>
    </Filter>
    <Filter Include="02. Object\UIObj\HpBar\HPBarFront">
      <UniqueIdentifier>{f48f0958-d4af-4bfd-a97b-e2af1b555b5a}</UniqueIdentifier>
    </Filter>
    <Filter Include="02. Object\UIObj\Slot">
      <UniqueIdentifier>{eaed2440-bd7f-4420-8fde-f3ffe8ab7a75}</UniqueIdentifier>
    </Filter>
    <Filter Include="02. Object\UIObj\Dash">
      <UniqueIdentifier>{eb00f7b4-9125-4f29-9595-578ffdc8f4bc}</UniqueIdentifier>
    </Filter>
    <Filter Include="02. Object\UIObj\Emerald">
      <UniqueIdentifier>{b55a1429-2e13-414d-9c7a-24a3cf430b44}</UniqueIdentifier>
    </Filter>
    <Filter Include="02. Object\Monster\BTNode\Action">
      <UniqueIdentifier>{039f5f30-0e5b-4c77-a75e-6c7120cc6b01}</UniqueIdentifier>
    </Filter>
    <Filter Include="02. Object\UIObj\Slot\ArrowSlot">
      <UniqueIdentifier>{d32685e0-1474-41ae-a3c4-64252e815624}</UniqueIdentifier>
    </Filter>
    <Filter Include="02. Object\UIObj\ExpBar\ExpBarFront">
      <UniqueIdentifier>{993abded-2230-4bec-9061-b762825a580f}</UniqueIdentifier>
    </Filter>
    <Filter Include="02. Object\UIObj\ExpBar\ExpBarBack">
      <UniqueIdentifier>{b273c10f-7d6f-4c1f-bd24-49fd9bf361dd}</UniqueIdentifier>
    </Filter>
    <Filter Include="02. Object\UIObj\UILoader">
      <UniqueIdentifier>{782f7a20-b6f3-44db-94e8-12e7eb8b2021}</UniqueIdentifier>
    </Filter>
    <Filter Include="02. Object\UIObj\Slot\QuickSlot">
      <UniqueIdentifier>{5f79b9a4-77fb-4a3c-9d72-515676a39030}</UniqueIdentifier>
    </Filter>
    <Filter Include="02. Object\UIObj\GreenIcon">
      <UniqueIdentifier>{bfa92b8d-b4a3-46d8-9aba-bd2007295012}</UniqueIdentifier>
    </Filter>
    <Filter Include="02. Object\Monster\Zombie">
      <UniqueIdentifier>{29a25081-9fe3-41d0-8766-63fd5707b964}</UniqueIdentifier>
    </Filter>
    <Filter Include="02. Object\Monster\Skeleton">
      <UniqueIdentifier>{d76c092f-c541-47a0-8c8a-5013da963e4d}</UniqueIdentifier>
    </Filter>
    <Filter Include="02. Object\UIObj\MouseUI">
      <UniqueIdentifier>{96f0d89b-7188-4aaf-b15b-f705b662d974}</UniqueIdentifier>
    </Filter>
    <Filter Include="02. Object\UIObj\MouseUI\MouseLeft">
      <UniqueIdentifier>{e92ad393-db1a-42ca-8663-10f08e54878a}</UniqueIdentifier>
    </Filter>
    <Filter Include="02. Object\UIObj\MouseUI\MouseRight">
      <UniqueIdentifier>{1493f90a-9921-45e5-9e59-33bacb915c94}</UniqueIdentifier>
    </Filter>
    <Filter Include="02. Object\UIObj\Slot\QuickSlotPlus">
      <UniqueIdentifier>{7e9c9aed-302b-4824-8e55-68e7f95e92f5}</UniqueIdentifier>
    </Filter>
    <Filter Include="02. Object\UIObj\Button">
      <UniqueIdentifier>{073d1e37-323a-41f4-b127-9bd0965346fa}</UniqueIdentifier>
    </Filter>
    <Filter Include="02. Object\UIObj\Panel">
      <UniqueIdentifier>{1f7c4e3f-0c7e-4901-be40-d26d94e1d709}</UniqueIdentifier>
    </Filter>
    <Filter Include="02. Object\UIObj\Button\InventoryBtn">
      <UniqueIdentifier>{145e7493-1b5b-42f0-9e61-dcc44989f99a}</UniqueIdentifier>
    </Filter>
    <Filter Include="02. Object\UIObj\Button\MapBtn">
      <UniqueIdentifier>{d1e970cc-bed0-4970-813d-43e8a3431f66}</UniqueIdentifier>
    </Filter>
    <Filter Include="02. Object\UIObj\Button\ExitBtn">
      <UniqueIdentifier>{73be3795-72c4-441c-ad32-9c2d137288f7}</UniqueIdentifier>
    </Filter>
    <Filter Include="02. Object\Light">
      <UniqueIdentifier>{a3b6591f-d5b9-4ba1-a441-1924837c5e48}</UniqueIdentifier>
    </Filter>
    <Filter Include="02. Object\Light\Direction">
      <UniqueIdentifier>{72107362-0f4f-47d3-b6a9-b3b4f6a3e567}</UniqueIdentifier>
    </Filter>
    <Filter Include="02. Object\Light\Point">
      <UniqueIdentifier>{7c81f8d6-d1d8-495a-8d5e-274119b37ab2}</UniqueIdentifier>
    </Filter>
  </ItemGroup>
  <ItemGroup>
    <ClInclude Include="..\Header\MainApp.h">
      <Filter>00. MainApp</Filter>
    </ClInclude>
    <ClInclude Include="pch.h">
      <Filter>99. Etc\pch</Filter>
    </ClInclude>
    <ClInclude Include="Resource.h">
      <Filter>99. Etc</Filter>
    </ClInclude>
    <ClInclude Include="..\Header\TestScene.h">
      <Filter>01. Scene\TestScene</Filter>
    </ClInclude>
    <ClInclude Include="..\Header\LogoScene.h">
      <Filter>01. Scene\LogoScene</Filter>
    </ClInclude>
    <ClInclude Include="..\Header\LoadingScene.h">
      <Filter>01. Scene\LoadingScene</Filter>
    </ClInclude>
    <ClInclude Include="..\Header\Loader.h">
      <Filter>01. Scene\LoadingScene\Loader</Filter>
    </ClInclude>
    <ClInclude Include="Client_Defines.h">
      <Filter>99. Etc\Header</Filter>
    </ClInclude>
    <ClInclude Include="..\Header\SkyBox.h">
      <Filter>02. Object\SkyBox</Filter>
    </ClInclude>
    <ClInclude Include="..\Header\TestObject.h">
      <Filter>02. Object\TestObject</Filter>
    </ClInclude>
    <ClInclude Include="..\Header\BaseCharacter.h">
      <Filter>02. Object\BaseCharacter</Filter>
    </ClInclude>
    <ClInclude Include="..\Header\Bone.h">
      <Filter>02. Object\BaseCharacter\Bone</Filter>
    </ClInclude>
    <ClInclude Include="..\Header\HPBarFront.h">
      <Filter>02. Object\UIObj\HpBar\HPBarFront</Filter>
    </ClInclude>
    <ClInclude Include="..\Header\HPBarBack.h">
      <Filter>02. Object\UIObj\HpBar\HPBarBack</Filter>
    </ClInclude>
    <ClInclude Include="..\Header\CameraActor.h">
      <Filter>02. Object\CameraActor</Filter>
    </ClInclude>
    <ClInclude Include="..\Header\Player.h">
      <Filter>02. Object\Player</Filter>
    </ClInclude>
    <ClInclude Include="..\Header\LoadingUI.h">
      <Filter>02. Object\UIObj\LoadingUI</Filter>
    </ClInclude>
    <ClInclude Include="..\Header\Cursor.h">
      <Filter>02. Object\UIObj\Cursor</Filter>
    </ClInclude>
    <ClInclude Include="..\Header\InventoryPanel.h">
      <Filter>02. Object\UIObj\InventoryPanel</Filter>
    </ClInclude>
    <ClInclude Include="..\Header\Monster.h">
      <Filter>02. Object\Monster</Filter>
    </ClInclude>
    <ClInclude Include="..\Header\IsTargetInAttackRange.h">
      <Filter>02. Object\Monster\BTNode</Filter>
    </ClInclude>
    <ClInclude Include="..\Header\IsTargetInDetectRange.h">
      <Filter>02. Object\Monster\BTNode</Filter>
    </ClInclude>
    <ClInclude Include="..\Header\FirstCam.h">
      <Filter>02. Object\CameraActor\FirstCam</Filter>
    </ClInclude>
    <ClInclude Include="..\Header\ThirdCam.h">
      <Filter>02. Object\CameraActor\ThirdCam</Filter>
    </ClInclude>
    <ClInclude Include="..\Header\UIDebugObj.h">
      <Filter>02. Object\UIObj\UIDebugObj</Filter>
    </ClInclude>
    <ClInclude Include="..\Header\HotBarBack.h">
      <Filter>02. Object\UIObj\HotBar\HotBarBack</Filter>
    </ClInclude>
    <ClInclude Include="..\Header\DashUI.h">
      <Filter>02. Object\UIObj\Dash</Filter>
    </ClInclude>
    <ClInclude Include="..\Header\Emerald.h">
      <Filter>02. Object\UIObj\Emerald</Filter>
    </ClInclude>
    <ClInclude Include="..\Header\ExpBarFront.h">
      <Filter>02. Object\UIObj\ExpBar\ExpBarFront</Filter>
    </ClInclude>
    <ClInclude Include="..\Header\IsAlive.h">
      <Filter>02. Object\Monster\BTNode</Filter>
    </ClInclude>
    <ClInclude Include="..\Header\Chase.h">
      <Filter>02. Object\Monster\BTNode\Action</Filter>
    </ClInclude>
    <ClInclude Include="..\Header\Attack.h">
      <Filter>02. Object\Monster\BTNode\Action</Filter>
    </ClInclude>
    <ClInclude Include="..\Header\Die.h">
      <Filter>02. Object\Monster\BTNode\Action</Filter>
    </ClInclude>
    <ClInclude Include="..\Header\ExpBarFront.h">
      <Filter>02. Object\UIObj\ExpBar\ExpBarFront</Filter>
    </ClInclude>
    <ClInclude Include="..\Header\UILoader.h">
      <Filter>02. Object\UIObj\UILoader</Filter>
    </ClInclude>
    <ClInclude Include="..\Header\ArrowSlot.h">
      <Filter>02. Object\UIObj\Slot\ArrowSlot</Filter>
    </ClInclude>
    <ClInclude Include="..\Header\QuickSlot.h">
      <Filter>02. Object\UIObj\Slot\QuickSlot</Filter>
    </ClInclude>
    <ClInclude Include="..\Header\ExpBarBack.h" />
    <ClInclude Include="..\Header\UILoader.h" />
    <ClInclude Include="..\Header\Skeleton.h">
      <Filter>02. Object\Monster\Skeleton</Filter>
    </ClInclude>
    <ClInclude Include="..\Header\Zombie.h">
      <Filter>02. Object\Monster\Zombie</Filter>
    </ClInclude>
    <ClInclude Include="..\Header\InventoryBtn.h">
      <Filter>02. Object\UIObj\Button\InventoryBtn</Filter>
    </ClInclude>
    <ClInclude Include="..\Header\MapBtn.h">
      <Filter>02. Object\UIObj\Button\MapBtn</Filter>
    </ClInclude>
    <ClInclude Include="..\Header\MouseLeftUI.h">
      <Filter>02. Object\UIObj\MouseUI\MouseLeft</Filter>
    </ClInclude>
    <ClInclude Include="..\Header\MouseRightUI.h">
      <Filter>02. Object\UIObj\MouseUI\MouseRight</Filter>
    </ClInclude>
    <ClInclude Include="..\Header\QuickSlotPlus.h">
      <Filter>02. Object\UIObj\Slot\QuickSlotPlus</Filter>
    </ClInclude>
    <ClInclude Include="..\Header\ExitBtn.h">
      <Filter>02. Object\UIObj\Button\ExitBtn</Filter>
    </ClInclude>
    <ClInclude Include="..\Header\Rotate.h">
      <Filter>02. Object\Monster\BTNode\Action</Filter>
    </ClInclude>
    <ClInclude Include="..\Header\DirectionLight.h">
      <Filter>02. Object\Light\Direction</Filter>
    </ClInclude>
  </ItemGroup>
  <ItemGroup>
    <ClCompile Include="..\Code\MainApp.cpp">
      <Filter>00. MainApp</Filter>
    </ClCompile>
    <ClCompile Include="pch.cpp">
      <Filter>99. Etc\pch</Filter>
    </ClCompile>
    <ClCompile Include="..\Code\TestScene.cpp">
      <Filter>01. Scene\TestScene</Filter>
    </ClCompile>
    <ClCompile Include="..\Code\LogoScene.cpp">
      <Filter>01. Scene\LogoScene</Filter>
    </ClCompile>
    <ClCompile Include="..\Code\SkyBox.cpp">
      <Filter>02. Object\SkyBox</Filter>
    </ClCompile>
    <ClCompile Include="..\Code\LoadingScene.cpp">
      <Filter>01. Scene\LoadingScene</Filter>
    </ClCompile>
    <ClCompile Include="..\Code\Loader.cpp">
      <Filter>01. Scene\LoadingScene\Loader</Filter>
    </ClCompile>
    <ClCompile Include="..\Code\TestObject.cpp">
      <Filter>02. Object\TestObject</Filter>
    </ClCompile>
    <ClCompile Include="..\Code\Player.cpp">
      <Filter>02. Object\UIObj</Filter>
    </ClCompile>
    <ClCompile Include="..\Code\BaseCharacter.cpp">
      <Filter>02. Object\BaseCharacter</Filter>
    </ClCompile>
    <ClCompile Include="..\Code\Bone.cpp">
      <Filter>02. Object\BaseCharacter\Bone</Filter>
    </ClCompile>
    <ClCompile Include="..\Code\HPBarFront.cpp">
      <Filter>02. Object\UIObj\HpBar\HPBarFront</Filter>
    </ClCompile>
    <ClCompile Include="..\Code\HPBarBack.cpp">
      <Filter>02. Object\UIObj\HpBar\HPBarBack</Filter>
    </ClCompile>
    <ClCompile Include="..\Code\Player.cpp">
      <Filter>02. Object\Player</Filter>
    </ClCompile>
    <ClCompile Include="..\Code\CameraActor.cpp">
      <Filter>02. Object\CameraActor</Filter>
    </ClCompile>
    <ClCompile Include="..\Code\LoadingUI.cpp">
      <Filter>02. Object\UIObj\LoadingUI</Filter>
    </ClCompile>
    <ClCompile Include="..\Code\Cursor.cpp">
      <Filter>02. Object\UIObj\Cursor</Filter>
    </ClCompile>
    <ClCompile Include="..\Code\InventoryPanel.cpp">
      <Filter>02. Object\UIObj\InventoryPanel</Filter>
    </ClCompile>
    <ClCompile Include="..\Code\IsTargetInAttackRange.cpp">
      <Filter>02. Object\Monster\BTNode</Filter>
    </ClCompile>
    <ClCompile Include="..\Code\IsTargetInDetectRange.cpp">
      <Filter>02. Object\Monster\BTNode</Filter>
    </ClCompile>
    <ClCompile Include="..\Code\FirstCam.cpp">
      <Filter>02. Object\CameraActor\FirstCam</Filter>
    </ClCompile>
    <ClCompile Include="..\Code\ThirdCam.cpp">
      <Filter>02. Object\CameraActor\ThirdCam</Filter>
    </ClCompile>
    <ClCompile Include="..\Code\Monster.cpp">
      <Filter>02. Object\Monster</Filter>
    </ClCompile>
    <ClCompile Include="..\Code\HotBarBack.cpp">
      <Filter>02. Object\UIObj\HotBar\HotBarBack</Filter>
    </ClCompile>
    <ClCompile Include="..\Code\DashUI.cpp">
      <Filter>02. Object\UIObj\Dash</Filter>
    </ClCompile>
    <ClCompile Include="..\Code\Emerald.cpp">
      <Filter>02. Object\UIObj\Emerald</Filter>
    </ClCompile>
    <ClCompile Include="Client.cpp">
      <Filter>100. Executable</Filter>
    </ClCompile>
    <ClCompile Include="..\Code\ExpBarFront.cpp">
      <Filter>02. Object\UIObj\ExpBar\ExpBarFront</Filter>
    </ClCompile>
    <ClCompile Include="..\Code\IsAlive.cpp">
      <Filter>02. Object\Monster\BTNode</Filter>
    </ClCompile>
    <ClCompile Include="..\Code\Attack.cpp">
      <Filter>02. Object\Monster\BTNode\Action</Filter>
    </ClCompile>
    <ClCompile Include="..\Code\Chase.cpp">
      <Filter>02. Object\Monster\BTNode\Action</Filter>
    </ClCompile>
    <ClCompile Include="..\Code\Die.cpp">
      <Filter>02. Object\Monster\BTNode\Action</Filter>
    </ClCompile>
    <ClCompile Include="..\Code\ExpBarFront.cpp">
      <Filter>02. Object\UIObj\ExpBar\ExpBarFront</Filter>
    </ClCompile>
    <ClCompile Include="..\Code\UILoader.cpp">
      <Filter>02. Object\UIObj\UILoader</Filter>
    </ClCompile>
    <ClCompile Include="..\Code\ArrowSlot.cpp">
      <Filter>02. Object\UIObj\Slot\ArrowSlot</Filter>
    </ClCompile>
    <ClCompile Include="..\Code\UIDebugObj.cpp">
      <Filter>02. Object\UIObj\UIDebugObj</Filter>
    </ClCompile>
    <ClCompile Include="..\Code\QuickSlot.cpp">
      <Filter>02. Object\UIObj\Slot\QuickSlot</Filter>
    </ClCompile>
    <ClCompile Include="..\Code\ExpBarBack.cpp" />
    <ClCompile Include="..\Code\UILoader.cpp" />
    <ClCompile Include="..\Code\Skeleton.cpp">
      <Filter>02. Object\Monster\Skeleton</Filter>
    </ClCompile>
    <ClCompile Include="..\Code\Zombie.cpp">
      <Filter>02. Object\Monster\Zombie</Filter>
    </ClCompile>
    <ClCompile Include="..\Code\InventoryBtn.cpp">
      <Filter>02. Object\UIObj\Button\InventoryBtn</Filter>
    </ClCompile>
    <ClCompile Include="..\Code\MapBtn.cpp">
      <Filter>02. Object\UIObj\Button\MapBtn</Filter>
    </ClCompile>
    <ClCompile Include="..\Code\MouseLeftUI.cpp">
      <Filter>02. Object\UIObj\MouseUI\MouseLeft</Filter>
    </ClCompile>
    <ClCompile Include="..\Code\MouseRightUI.cpp">
      <Filter>02. Object\UIObj\MouseUI\MouseRight</Filter>
    </ClCompile>
    <ClCompile Include="..\Code\QuickSlotPlus.cpp">
      <Filter>02. Object\UIObj\Slot\QuickSlotPlus</Filter>
    </ClCompile>
    <ClCompile Include="..\Code\ExitBtn.cpp">
      <Filter>02. Object\UIObj\Button\ExitBtn</Filter>
    </ClCompile>
    <ClCompile Include="..\Code\Rotate.cpp">
      <Filter>02. Object\Monster\BTNode\Action</Filter>
    </ClCompile>
    <ClCompile Include="..\Code\DirectionLight.cpp">
      <Filter>02. Object\Light\Direction</Filter>
    </ClCompile>
  </ItemGroup>
</Project>