<?xml version="1.0" encoding="utf-8"?>
<Project ToolsVersion="4.0" xmlns="http://schemas.microsoft.com/developer/msbuild/2003">
  <ItemGroup>
    <Filter Include="00. MainApp">
      <UniqueIdentifier>{e8bd49f9-d4c2-4002-9ba4-50b9b9cda714}</UniqueIdentifier>
    </Filter>
    <Filter Include="99. Etc">
      <UniqueIdentifier>{a22aa319-320d-4f2b-ac3c-b97a66226eb4}</UniqueIdentifier>
    </Filter>
    <Filter Include="99. Etc\pch">
      <UniqueIdentifier>{159b3947-5451-4117-8838-1d3118496c18}</UniqueIdentifier>
    </Filter>
    <Filter Include="100. Executable">
      <UniqueIdentifier>{7e0eb265-019d-47b0-894c-3b8acf6ec377}</UniqueIdentifier>
    </Filter>
    <Filter Include="01. Scene">
      <UniqueIdentifier>{2fd01564-4fdf-47b4-9062-cb5f13d0d79e}</UniqueIdentifier>
    </Filter>
    <Filter Include="02. Object">
      <UniqueIdentifier>{28d66789-23f9-4794-81d6-2e11ae4821d5}</UniqueIdentifier>
    </Filter>
    <Filter Include="01. Scene\TestScene">
      <UniqueIdentifier>{d4dd108d-25b9-45c4-82a8-2126c1e925d1}</UniqueIdentifier>
    </Filter>
    <Filter Include="01. Scene\LogoScene">
      <UniqueIdentifier>{39b97083-7818-420c-a654-4bbc03ef0b31}</UniqueIdentifier>
    </Filter>
    <Filter Include="02. Object\SkyBox">
      <UniqueIdentifier>{fa569c5c-5c68-4e03-9479-06d02a03255c}</UniqueIdentifier>
    </Filter>
    <Filter Include="01. Scene\LoadingScene">
      <UniqueIdentifier>{52678876-79dc-41a1-baf8-7610b6c30f02}</UniqueIdentifier>
    </Filter>
    <Filter Include="01. Scene\LoadingScene\Loader">
      <UniqueIdentifier>{995b1923-0be6-49b5-b216-2f3b027b0909}</UniqueIdentifier>
    </Filter>
    <Filter Include="99. Etc\Header">
      <UniqueIdentifier>{7fa944f9-866b-4c3b-93da-e6f8f3f14f7d}</UniqueIdentifier>
    </Filter>
    <Filter Include="02. Object\TestObject">
      <UniqueIdentifier>{6d846a5a-52ad-4eb1-ab0b-dba2484c9f11}</UniqueIdentifier>
    </Filter>
    <Filter Include="02. Object\UIObj">
      <UniqueIdentifier>{edd0f473-f082-4ad7-81f3-d71fe38fe4ae}</UniqueIdentifier>
    </Filter>
    <Filter Include="02. Object\BaseCharacter">
      <UniqueIdentifier>{6a607e94-9719-4b35-b32c-7934cd34fd2c}</UniqueIdentifier>
    </Filter>
    <Filter Include="02. Object\BaseCharacter\Bone">
      <UniqueIdentifier>{842e4533-b8b5-4f6a-95b3-74c679d50293}</UniqueIdentifier>
    </Filter>
    <Filter Include="02. Object\Player">
      <UniqueIdentifier>{6ffcf943-49b9-49bf-8352-399ad641cdbd}</UniqueIdentifier>
    </Filter>
    <Filter Include="02. Object\CameraActor">
      <UniqueIdentifier>{787cf409-8411-4408-97c8-8ddd782499c4}</UniqueIdentifier>
    </Filter>
    <Filter Include="02. Object\Monster">
      <UniqueIdentifier>{ecf0c0f9-ae92-4dc2-97c0-5d3da51e58da}</UniqueIdentifier>
    </Filter>
    <Filter Include="02. Object\Monster\BTNode">
      <UniqueIdentifier>{1e90669f-62da-497b-a3cd-f0157c6d020c}</UniqueIdentifier>
    </Filter>
    <Filter Include="02. Object\CameraActor\FirstCam">
      <UniqueIdentifier>{39a1611e-d6dd-4459-af2d-a4063cc80494}</UniqueIdentifier>
    </Filter>
    <Filter Include="02. Object\CameraActor\ThirdCam">
      <UniqueIdentifier>{e6d8228b-fc52-4916-970b-cf19b1283649}</UniqueIdentifier>
    </Filter>
    <Filter Include="02. Object\CameraActor\RailCam">
      <UniqueIdentifier>{038db0cb-ea10-4b61-9f5a-3c46340a7892}</UniqueIdentifier>
    </Filter>
    <Filter Include="02. Object\Monster\BTNode\Action">
      <UniqueIdentifier>{039f5f30-0e5b-4c77-a75e-6c7120cc6b01}</UniqueIdentifier>
    </Filter>
    <Filter Include="02. Object\Monster\Zombie">
      <UniqueIdentifier>{29a25081-9fe3-41d0-8766-63fd5707b964}</UniqueIdentifier>
    </Filter>
    <Filter Include="02. Object\Monster\Skeleton">
      <UniqueIdentifier>{d76c092f-c541-47a0-8c8a-5013da963e4d}</UniqueIdentifier>
    </Filter>
    <Filter Include="02. Object\UIObj\Button">
      <UniqueIdentifier>{073d1e37-323a-41f4-b127-9bd0965346fa}</UniqueIdentifier>
    </Filter>
    <Filter Include="02. Object\UIObj\Button\InventoryBtn">
      <UniqueIdentifier>{145e7493-1b5b-42f0-9e61-dcc44989f99a}</UniqueIdentifier>
    </Filter>
    <Filter Include="02. Object\UIObj\Button\MapBtn">
      <UniqueIdentifier>{d1e970cc-bed0-4970-813d-43e8a3431f66}</UniqueIdentifier>
    </Filter>
    <Filter Include="02. Object\UIObj\Button\ExitBtn">
      <UniqueIdentifier>{73be3795-72c4-441c-ad32-9c2d137288f7}</UniqueIdentifier>
    </Filter>
    <Filter Include="02. Object\Light">
      <UniqueIdentifier>{a3b6591f-d5b9-4ba1-a441-1924837c5e48}</UniqueIdentifier>
    </Filter>
    <Filter Include="02. Object\Light\Direction">
      <UniqueIdentifier>{72107362-0f4f-47d3-b6a9-b3b4f6a3e567}</UniqueIdentifier>
    </Filter>
    <Filter Include="02. Object\Light\Point">
      <UniqueIdentifier>{7c81f8d6-d1d8-495a-8d5e-274119b37ab2}</UniqueIdentifier>
    </Filter>
    <Filter Include="02. Object\Item">
      <UniqueIdentifier>{00b083ae-f5c0-476a-8bf8-75a57fc8a812}</UniqueIdentifier>
    </Filter>
    <Filter Include="02. Object\Item\Sword">
      <UniqueIdentifier>{82ebb956-eec6-436a-b679-13ca99d03fe5}</UniqueIdentifier>
    </Filter>
    <Filter Include="02. Object\Item\Bow">
      <UniqueIdentifier>{e8969dd1-2bc7-497b-add4-2cb1bc657a17}</UniqueIdentifier>
    </Filter>
    <Filter Include="02. Object\Monster\Creeper">
      <UniqueIdentifier>{55568c30-c6cf-4688-ad2b-9ca5d546b10d}</UniqueIdentifier>
    </Filter>
    <Filter Include="02. Object\Item\Arrow">
      <UniqueIdentifier>{4d40d8dd-85fa-498a-aed9-2d68bd53ad62}</UniqueIdentifier>
    </Filter>
    <Filter Include="02. Object\Monster\RedGolem">
      <UniqueIdentifier>{f7c7a97f-8097-4846-804b-4d246800255f}</UniqueIdentifier>
    </Filter>
    <Filter Include="02. Object\Monster\RedGolem\Projectile">
      <UniqueIdentifier>{14456796-8f96-4088-a27a-aa13642bd049}</UniqueIdentifier>
    </Filter>
    <Filter Include="99. Etc\Shader/Fx">
      <UniqueIdentifier>{23c39b64-fa09-4d84-bbba-49cff170b28d}</UniqueIdentifier>
    </Filter>
    <Filter Include="02. Object\Monster\BTNode\Action\Monster">
      <UniqueIdentifier>{481858d7-6ae8-4b21-86ff-388aa5fb651a}</UniqueIdentifier>
    </Filter>
    <Filter Include="02. Object\Monster\BTNode\Action\Boss">
      <UniqueIdentifier>{261c8862-ddc4-4747-8e27-9b034224954a}</UniqueIdentifier>
    </Filter>
    <Filter Include="02. Object\Monster\BTNode\Decorator">
      <UniqueIdentifier>{be1919a7-a3bc-40ae-bd98-cc7385c6ad57}</UniqueIdentifier>
    </Filter>
    <Filter Include="02. Object\Monster\BTNode\Decorator\Monster">
      <UniqueIdentifier>{752dcd1f-3094-48b0-a3f8-b55390818aae}</UniqueIdentifier>
    </Filter>
    <Filter Include="02. Object\Monster\BTNode\Decorator\Boss">
      <UniqueIdentifier>{f09359cc-229b-419e-a55b-5dfb052caba8}</UniqueIdentifier>
    </Filter>
    <Filter Include="02. Object\UIObj\Button\Locked_Node">
      <UniqueIdentifier>{d12dcb0c-bc08-4a42-8847-bbef7d269a00}</UniqueIdentifier>
    </Filter>
    <Filter Include="02. Object\UIObj\Button\MapNode">
      <UniqueIdentifier>{db018844-a88c-49fd-a806-bf884c53bf45}</UniqueIdentifier>
    </Filter>
    <Filter Include="02. Object\UIObj\Button\LockedNode_Back">
      <UniqueIdentifier>{1f75d5cb-a79e-4c5a-8574-e84973586753}</UniqueIdentifier>
    </Filter>
    <Filter Include="02. Object\UIObj\Button\MapNode_Front">
      <UniqueIdentifier>{c25954a4-4c89-454a-bf96-7596365b67fc}</UniqueIdentifier>
    </Filter>
    <Filter Include="02. Object\Spawner">
      <UniqueIdentifier>{dabd5484-e365-4db5-816b-900c42f87975}</UniqueIdentifier>
    </Filter>
    <Filter Include="02. Object\Spawner\Spawner">
      <UniqueIdentifier>{2cd76ed9-5c7e-440b-8d99-74c70ba62af1}</UniqueIdentifier>
    </Filter>
    <Filter Include="02. Object\Spawner\TriggerBox">
      <UniqueIdentifier>{665aef6e-3cea-46d9-802e-d8a174d15bbd}</UniqueIdentifier>
    </Filter>
    <Filter Include="02. Object\UIObj\UIRenderState">
      <UniqueIdentifier>{15cab445-551b-40b2-84c9-721bd19d4553}</UniqueIdentifier>
    </Filter>
    <Filter Include="02. Object\UIObj\UIRenderState\Always">
      <UniqueIdentifier>{7312d19e-ebea-47dd-9168-18171091c974}</UniqueIdentifier>
    </Filter>
    <Filter Include="02. Object\UIObj\UIRenderState\Always\Cursor">
      <UniqueIdentifier>{921a1788-6987-4885-b04c-ad1d1ef2bf8b}</UniqueIdentifier>
    </Filter>
    <Filter Include="02. Object\UIObj\UIRenderState\MainGame">
      <UniqueIdentifier>{1f730721-229e-48ac-8939-4c5a086f721f}</UniqueIdentifier>
    </Filter>
    <Filter Include="02. Object\UIObj\UIRenderState\MainGame\QuestTextObj">
      <UniqueIdentifier>{91e2b8b4-72bd-44be-8e7d-a8269d158f4f}</UniqueIdentifier>
    </Filter>
    <Filter Include="02. Object\UIObj\UIRenderState\MainGame\ArrowSlot">
      <UniqueIdentifier>{d32685e0-1474-41ae-a3c4-64252e815624}</UniqueIdentifier>
    </Filter>
    <Filter Include="02. Object\UIObj\UIRenderState\MainGame\QuickSlot">
      <UniqueIdentifier>{5f79b9a4-77fb-4a3c-9d72-515676a39030}</UniqueIdentifier>
    </Filter>
    <Filter Include="02. Object\UIObj\UIRenderState\MainGame\QuickSlotPlus">
      <UniqueIdentifier>{7e9c9aed-302b-4824-8e55-68e7f95e92f5}</UniqueIdentifier>
    </Filter>
    <Filter Include="02. Object\UIObj\UIRenderState\Inventory">
      <UniqueIdentifier>{ef203a35-764d-4b7c-8205-550e9183edef}</UniqueIdentifier>
    </Filter>
    <Filter Include="02. Object\UIObj\UIRenderState\Inventory\InventoryPanel">
      <UniqueIdentifier>{975edd8f-7629-40fe-89cb-a57e5e41f728}</UniqueIdentifier>
    </Filter>
    <Filter Include="02. Object\UIObj\UIRenderState\Inventory\GearStrength">
      <UniqueIdentifier>{4303a188-27b0-4efe-a87c-4aaf7f963b84}</UniqueIdentifier>
    </Filter>
    <Filter Include="02. Object\UIObj\UIRenderState\Inventory\LevelFront">
      <UniqueIdentifier>{cf0f129f-7032-4883-89f2-3d6c2c27da9d}</UniqueIdentifier>
    </Filter>
    <Filter Include="02. Object\UIObj\UIRenderState\WorldMap">
      <UniqueIdentifier>{fb4f8236-852b-46ce-90e6-e7ac5b50635f}</UniqueIdentifier>
    </Filter>
    <Filter Include="02. Object\UIObj\UIRenderState\DeathUI">
      <UniqueIdentifier>{e73cc959-1b31-4a4c-9f6a-de4d04b81e27}</UniqueIdentifier>
    </Filter>
    <Filter Include="02. Object\UIObj\UIRenderState\DeathUI\PlayerDeathUI">
      <UniqueIdentifier>{a9f7aac0-fb27-45e1-8212-de079f7ca4e2}</UniqueIdentifier>
    </Filter>
    <Filter Include="02. Object\UIObj\UIRenderState\WorldMap\WorldMapPanel">
      <UniqueIdentifier>{a7a57302-6f01-41e2-8414-0a3f207e141c}</UniqueIdentifier>
    </Filter>
    <Filter Include="02. Object\UIObj\UIRenderState\WorldMap\WorldMapTextPanel">
      <UniqueIdentifier>{bffa4f9e-6c08-4779-b144-0a868dc4d049}</UniqueIdentifier>
    </Filter>
    <Filter Include="02. Object\UIObj\UIRenderState\MainGame\ParticleObj">
      <UniqueIdentifier>{ecd64471-9daa-439e-ad9f-45bd10feffc0}</UniqueIdentifier>
    </Filter>
    <Filter Include="02. Object\UIObj\UIRenderState\WorldMap\WorldTooltip">
      <UniqueIdentifier>{34b8dd7a-b589-493e-ac80-b8b33dbda7b7}</UniqueIdentifier>
    </Filter>
    <Filter Include="02. Object\UIObj\UIRenderState\Inventory\ScrollBack">
      <UniqueIdentifier>{0be50c81-d2b4-4ac1-a9d2-25fe070e8716}</UniqueIdentifier>
    </Filter>
    <Filter Include="02. Object\UIObj\UIRenderState\MainGame\MouseUI">
      <UniqueIdentifier>{96f0d89b-7188-4aaf-b15b-f705b662d974}</UniqueIdentifier>
    </Filter>
    <Filter Include="02. Object\UIObj\UIRenderState\MainGame\MouseUI\MouseLeft">
      <UniqueIdentifier>{e92ad393-db1a-42ca-8663-10f08e54878a}</UniqueIdentifier>
    </Filter>
    <Filter Include="02. Object\UIObj\UIRenderState\MainGame\MouseUI\MouseRight">
      <UniqueIdentifier>{1493f90a-9921-45e5-9e59-33bacb915c94}</UniqueIdentifier>
    </Filter>
    <Filter Include="02. Object\UIObj\UIRenderState\Loading">
      <UniqueIdentifier>{a0410c20-c555-4c7c-ad6d-746cb5b20d31}</UniqueIdentifier>
    </Filter>
    <Filter Include="02. Object\UIObj\UIRenderState\Loading\LoadingUI">
      <UniqueIdentifier>{0cf5d416-9d91-4463-8cf4-922fb4a60115}</UniqueIdentifier>
    </Filter>
    <Filter Include="02. Object\UIObj\UIRenderState\Loading\LoadingUI\LoadingStone">
      <UniqueIdentifier>{a0df6aec-5ee3-450b-89ff-618aae2eeef3}</UniqueIdentifier>
    </Filter>
    <Filter Include="02. Object\UIObj\UIRenderState\Inventory\Item">
      <UniqueIdentifier>{95b869b5-1ad8-4d5c-9c1b-c7d1c940080c}</UniqueIdentifier>
    </Filter>
    <Filter Include="02. Object\UIObj\UIRenderState\Inventory\Slot">
      <UniqueIdentifier>{276830a9-030b-47ae-8304-df7ba7b52499}</UniqueIdentifier>
    </Filter>
    <Filter Include="02. Object\UIObj\UIRenderState\Inventory\Slot\ItemSlot">
      <UniqueIdentifier>{18112d4c-19ea-41a9-9f17-c8ddf317460a}</UniqueIdentifier>
    </Filter>
    <Filter Include="02. Object\UIObj\UIRenderState\Inventory\Slot\InventorySlot">
      <UniqueIdentifier>{d914f399-5087-4522-bc85-0f2b25e7eb73}</UniqueIdentifier>
    </Filter>
    <Filter Include="02. Object\UIObj\UIRenderState\Inventory\Slot\GearSlotPlus">
      <UniqueIdentifier>{018d9042-ff23-4620-b39d-ad6c2e05d416}</UniqueIdentifier>
    </Filter>
    <Filter Include="02. Object\UIObj\UIRenderState\Inventory\Slot\GearStrengthPlus">
      <UniqueIdentifier>{04ae4508-3493-4cdb-9c92-568add98188a}</UniqueIdentifier>
    </Filter>
    <Filter Include="02. Object\UIObj\UIRenderState\Inventory\Slot\GearSlot">
      <UniqueIdentifier>{81605eca-a69b-48fd-a392-028277a5bc75}</UniqueIdentifier>
    </Filter>
    <Filter Include="02. Object\UIObj\UIRenderState\Inventory\Tooltip">
      <UniqueIdentifier>{f8507519-1c0b-4856-aeb7-55eabaddcfd8}</UniqueIdentifier>
    </Filter>
    <Filter Include="02. Object\UIObj\UIRenderState\Inventory\Tooltip\FilterTooltip">
      <UniqueIdentifier>{0b274195-08ee-43af-ae39-a76c1d5eef38}</UniqueIdentifier>
    </Filter>
    <Filter Include="02. Object\UIObj\UIRenderState\Inventory\Tooltip\TooltipObj">
      <UniqueIdentifier>{791f16c4-7087-4ad4-8813-882cccd29a7d}</UniqueIdentifier>
    </Filter>
    <Filter Include="02. Object\UIObj\UIRenderState\Inventory\Item\00. SwordItem">
      <UniqueIdentifier>{7465cec9-c470-453c-a104-8ce5a8019618}</UniqueIdentifier>
    </Filter>
    <Filter Include="02. Object\UIObj\UIRenderState\Inventory\Item\01. BowItem">
      <UniqueIdentifier>{253139af-b937-4340-b766-da94797aec04}</UniqueIdentifier>
    </Filter>
    <Filter Include="02. Object\UIObj\UIRenderState\Inventory\Item\02. WolfArmor">
      <UniqueIdentifier>{e01fdcd5-31ae-4ffb-b8b7-856d2b88c10a}</UniqueIdentifier>
    </Filter>
    <Filter Include="02. Object\UIObj\UIRenderState\Inventory\Item\03. RocketItem">
      <UniqueIdentifier>{4378acd1-1adc-42b0-8df0-7aa24c4b787a}</UniqueIdentifier>
    </Filter>
    <Filter Include="02. Object\UIObj\UIRenderState\Inventory\Item\06. PigItem">
      <UniqueIdentifier>{a260439e-c6f4-486f-a93d-3f6d153faf58}</UniqueIdentifier>
    </Filter>
    <Filter Include="02. Object\UIObj\UIRenderState\Inventory\Item\05. FishingItem">
      <UniqueIdentifier>{86943bb5-011a-4051-a90d-f9010908dd21}</UniqueIdentifier>
    </Filter>
    <Filter Include="02. Object\UIObj\UIRenderState\Inventory\Item\Sword">
      <UniqueIdentifier>{32b85a88-8d78-4c98-9462-c2ac5d47d87d}</UniqueIdentifier>
    </Filter>
    <Filter Include="02. Object\UIObj\UIRenderState\Inventory\InventoryUI">
      <UniqueIdentifier>{81d7d4dd-f144-4abb-92e7-4e4ea2ee6b33}</UniqueIdentifier>
    </Filter>
    <Filter Include="02. Object\UIObj\UIRenderState\Inventory\InventoryEnchant">
      <UniqueIdentifier>{915546ff-5811-4797-b5e9-a3945d768751}</UniqueIdentifier>
    </Filter>
    <Filter Include="02. Object\UIObj\UIRenderState\Inventory\InventoryEmerald">
      <UniqueIdentifier>{f4b4d265-4135-4773-b627-ae21d2c2c3a1}</UniqueIdentifier>
    </Filter>
    <Filter Include="02. Object\UIObj\UIRenderState\Inventory\Icon">
      <UniqueIdentifier>{b0dc6a98-16e1-4942-b640-f4e79bb1c249}</UniqueIdentifier>
    </Filter>
    <Filter Include="02. Object\UIObj\UIRenderState\Inventory\Icon\00. FilterIcon">
      <UniqueIdentifier>{9ac9d311-cdcf-4186-afdc-8c52ba293b9a}</UniqueIdentifier>
    </Filter>
    <Filter Include="02. Object\UIObj\UIRenderState\Inventory\Icon\01. Swordfilter">
      <UniqueIdentifier>{f3e6ec11-90cb-4fdc-8782-eae295d796ec}</UniqueIdentifier>
    </Filter>
    <Filter Include="02. Object\UIObj\UIRenderState\Inventory\Icon\02. Arrowfilter">
      <UniqueIdentifier>{38c62860-553a-488b-a688-11e1798f3fb0}</UniqueIdentifier>
    </Filter>
    <Filter Include="02. Object\UIObj\UIRenderState\Inventory\Icon\03. Armorfilter">
      <UniqueIdentifier>{662c24ad-d98d-4d36-84d5-ce595cb28a53}</UniqueIdentifier>
    </Filter>
    <Filter Include="02. Object\UIObj\UIRenderState\Inventory\Icon\04. Potionfilter">
      <UniqueIdentifier>{86e8f850-db48-4e41-9833-e6b96289ef05}</UniqueIdentifier>
    </Filter>
    <Filter Include="02. Object\UIObj\UIRenderState\Inventory\Icon\05. EnchantFilter">
      <UniqueIdentifier>{f3a38c53-1ff0-47e3-892b-07e2ff3c1787}</UniqueIdentifier>
    </Filter>
    <Filter Include="02. Object\UIObj\UIRenderState\Inventory\Icon\06. CostumeFilter">
      <UniqueIdentifier>{449e87c8-923d-467d-a95a-b23160440968}</UniqueIdentifier>
    </Filter>
    <Filter Include="02. Object\UIObj\UIRenderState\MainGame\HPBar">
      <UniqueIdentifier>{b4703de2-d3f0-49fb-a937-57974d994715}</UniqueIdentifier>
    </Filter>
    <Filter Include="02. Object\UIObj\UIRenderState\MainGame\HPBar\BossHPBarFront">
      <UniqueIdentifier>{e4750e43-6aaa-47e2-9554-37a9542559c4}</UniqueIdentifier>
    </Filter>
    <Filter Include="02. Object\UIObj\UIRenderState\MainGame\HPBar\EnemyHPBarBack">
      <UniqueIdentifier>{5b234947-6b40-436f-b0cd-83e90f3f9562}</UniqueIdentifier>
    </Filter>
    <Filter Include="02. Object\UIObj\UIRenderState\MainGame\HPBar\EnemyHPBarFront">
      <UniqueIdentifier>{066ddb7d-9d39-446f-b729-30254a23fd58}</UniqueIdentifier>
    </Filter>
    <Filter Include="02. Object\UIObj\UIRenderState\MainGame\HPBar\HPBarBack">
      <UniqueIdentifier>{26c44d7d-72eb-4213-ad73-d0d7dcc24ae7}</UniqueIdentifier>
    </Filter>
    <Filter Include="02. Object\UIObj\UIRenderState\MainGame\HPBar\HPBarFront">
      <UniqueIdentifier>{f48f0958-d4af-4bfd-a97b-e2af1b555b5a}</UniqueIdentifier>
    </Filter>
    <Filter Include="02. Object\UIObj\UIRenderState\MainGame\HPBar\HPBarWhite">
      <UniqueIdentifier>{a770cd5a-670d-4d7a-9836-e1dfc3253900}</UniqueIdentifier>
    </Filter>
    <Filter Include="02. Object\UIObj\UIRenderState\MainGame\BossIcon">
      <UniqueIdentifier>{5c469025-e009-4574-819f-577182eb469f}</UniqueIdentifier>
    </Filter>
    <Filter Include="02. Object\UIObj\UIRenderState\MainGame\HP_Potion">
      <UniqueIdentifier>{f2a2d80a-c29e-48d0-a186-6ddcd89eea08}</UniqueIdentifier>
    </Filter>
    <Filter Include="02. Object\UIObj\UIRenderState\MainGame\HotBar">
      <UniqueIdentifier>{4c6908b3-1f5b-46ac-b116-07162d908392}</UniqueIdentifier>
    </Filter>
    <Filter Include="02. Object\UIObj\UIRenderState\MainGame\HotBar\HotBarBack">
      <UniqueIdentifier>{ff32a50f-0cee-4a9e-9413-9fa0992313bb}</UniqueIdentifier>
    </Filter>
    <Filter Include="02. Object\UIObj\UIRenderState\MainGame\ExpBar">
      <UniqueIdentifier>{16799f8c-2f47-4ef2-a16b-c70cfaa1aabe}</UniqueIdentifier>
    </Filter>
    <Filter Include="02. Object\UIObj\UIRenderState\MainGame\ExpBar\ExpBarFront">
      <UniqueIdentifier>{993abded-2230-4bec-9061-b762825a580f}</UniqueIdentifier>
    </Filter>
    <Filter Include="02. Object\UIObj\UIRenderState\MainGame\ExpBar\ExpBarBack">
      <UniqueIdentifier>{b273c10f-7d6f-4c1f-bd24-49fd9bf361dd}</UniqueIdentifier>
    </Filter>
    <Filter Include="02. Object\UIObj\UIRenderState\MainGame\Emerald">
      <UniqueIdentifier>{b55a1429-2e13-414d-9c7a-24a3cf430b44}</UniqueIdentifier>
    </Filter>
    <Filter Include="02. Object\UIObj\UIRenderState\MainGame\Dash">
      <UniqueIdentifier>{eb00f7b4-9125-4f29-9595-578ffdc8f4bc}</UniqueIdentifier>
    </Filter>
    <Filter Include="02. Object\UIObj\UIRenderState\MainGame\DamageText">
      <UniqueIdentifier>{51f9e712-51a5-4d13-af14-844000a64020}</UniqueIdentifier>
    </Filter>
    <Filter Include="02. Object\UIObj\UIRenderState\DeathUI\DeathFrame">
      <UniqueIdentifier>{a2944326-fafa-4067-a560-560eadd3ccc4}</UniqueIdentifier>
    </Filter>
    <Filter Include="02. Object\UIObj\UILoader">
      <UniqueIdentifier>{782f7a20-b6f3-44db-94e8-12e7eb8b2021}</UniqueIdentifier>
    </Filter>
    <Filter Include="02. Object\Monster\RedGolem\Projectile\Circle">
      <UniqueIdentifier>{74b35a4c-cb27-46ce-933c-02e7b3ef297e}</UniqueIdentifier>
    </Filter>
    <Filter Include="02. Object\Item\Tnt">
      <UniqueIdentifier>{c7ae8fc4-f564-4573-9ab0-a7c495fb5d51}</UniqueIdentifier>
    </Filter>
    <Filter Include="02. Object\Item\Firework">
      <UniqueIdentifier>{7ceda82d-4af3-458c-9d5f-e48196b39503}</UniqueIdentifier>
    </Filter>
    <Filter Include="02. Object\Effect">
      <UniqueIdentifier>{06797bd7-8b13-4b94-a26f-7776f56a54a1}</UniqueIdentifier>
    </Filter>
    <Filter Include="01. Scene\Stage1">
      <UniqueIdentifier>{57c8f4d5-8d90-497f-84e9-167970730719}</UniqueIdentifier>
    </Filter>
    <Filter Include="01. Scene\Stage2">
      <UniqueIdentifier>{c4b8c4d7-89dd-4bcd-82bd-8c392ddabda4}</UniqueIdentifier>
    </Filter>
    <Filter Include="01. Scene\Village">
      <UniqueIdentifier>{709b7437-123b-4b7f-ad28-c76b2d030fd7}</UniqueIdentifier>
    </Filter>
    <Filter Include="02. Object\Effect\Rain">
      <UniqueIdentifier>{8335210a-038f-417a-9da2-d7e475a79861}</UniqueIdentifier>
    </Filter>
    <Filter Include="02. Object\Monster\Slime">
      <UniqueIdentifier>{49ff0f33-1bf9-400f-bfae-c1ceabcc3dac}</UniqueIdentifier>
    </Filter>
    <Filter Include="02. Object\Monster\Zombie\BasicZombie">
      <UniqueIdentifier>{79a01097-dcc5-43a4-935a-a052eb0c35ac}</UniqueIdentifier>
    </Filter>
    <Filter Include="02. Object\Monster\Zombie\JungleZombie">
      <UniqueIdentifier>{a9dc0abf-8a90-440b-bd0c-0218c0069ebe}</UniqueIdentifier>
    </Filter>
    <Filter Include="02. Object\Monster\Skeleton\BasicSkeleton">
      <UniqueIdentifier>{3cbebb75-4c0b-47f7-b653-bb021a72eb7a}</UniqueIdentifier>
    </Filter>
    <Filter Include="02. Object\Monster\Skeleton\JungleSkeleton">
      <UniqueIdentifier>{e3e0baca-4c41-4e54-b6c0-1cfb55454cc6}</UniqueIdentifier>
    </Filter>
    <Filter Include="02. Object\Effect\BloodEffect">
      <UniqueIdentifier>{f773bc8f-4f8d-4ff6-a1bf-137cb24113fe}</UniqueIdentifier>
    </Filter>
    <Filter Include="02. Object\Monster\Slime\GreenSlime">
      <UniqueIdentifier>{3bf923af-3b17-40db-b065-09fb36a03953}</UniqueIdentifier>
    </Filter>
    <Filter Include="02. Object\Monster\Slime\GreenSlime\BabySlime">
      <UniqueIdentifier>{b1e3d8be-779c-4606-81c8-fef357a02729}</UniqueIdentifier>
    </Filter>
    <Filter Include="02. Object\Monster\Slime\PurpleSlime">
      <UniqueIdentifier>{2c6d2790-dfa9-4d57-b2e3-6f0f222cb1c8}</UniqueIdentifier>
    </Filter>
    <Filter Include="02. Object\Monster\Slime\PurpleSlime\BabySlime">
      <UniqueIdentifier>{a7c2cae7-e6ea-4afc-999d-7141f499d621}</UniqueIdentifier>
    </Filter>
    <Filter Include="02. Object\NPC">
      <UniqueIdentifier>{a1d94d96-e1f6-4c9c-b60b-a5806772e39f}</UniqueIdentifier>
    </Filter>
    <Filter Include="02. Object\Effect\SpriteEffect">
      <UniqueIdentifier>{cfdb6699-1199-4ab3-b188-9df03563f3d6}</UniqueIdentifier>
    </Filter>
    <Filter Include="02. Object\Monster\Ender">
      <UniqueIdentifier>{1a44899b-d7af-4f84-9264-ea0051b08200}</UniqueIdentifier>
    </Filter>
    <Filter Include="02. Object\Item\Spear">
      <UniqueIdentifier>{b64383e0-38f9-4b91-9926-5fcb1ee86b1a}</UniqueIdentifier>
    </Filter>
    <Filter Include="02. Object\Item\Crossbow">
      <UniqueIdentifier>{9a54118a-cc33-463e-9d34-c072e59284f3}</UniqueIdentifier>
    </Filter>
    <Filter Include="02. Object\Monster\BTNode\Decorator\Boss\Ender">
      <UniqueIdentifier>{6cc6603c-8449-4dd4-971a-899dd3b70dde}</UniqueIdentifier>
    </Filter>
    <Filter Include="02. Object\Effect\DeadEffect">
      <UniqueIdentifier>{fefade3a-c97c-4d08-b277-3d7ec983d93d}</UniqueIdentifier>
    </Filter>
    <Filter Include="02. Object\UIObj\UIRenderState\NpcUI">
      <UniqueIdentifier>{4335755d-5b8b-4cf8-9064-7f2aae143640}</UniqueIdentifier>
    </Filter>
    <Filter Include="02. Object\UIObj\UIRenderState\NpcUI\DialogObj">
      <UniqueIdentifier>{5fbf764f-8ea2-4887-9314-255f63f940bd}</UniqueIdentifier>
    </Filter>
    <Filter Include="02. Object\UIObj\UIRenderState\NpcUI\QuestPanel">
      <UniqueIdentifier>{52412e65-406e-4e42-9b3e-bcf140689b7e}</UniqueIdentifier>
    </Filter>
    <Filter Include="02. Object\UIObj\UIRenderState\NpcUI\Angry">
      <UniqueIdentifier>{7498f894-0231-4220-9013-7a03e1b0d652}</UniqueIdentifier>
    </Filter>
    <Filter Include="01. Scene\UIBuilder">
      <UniqueIdentifier>{97af0672-8d0a-43fd-96df-c5a46fe31bd8}</UniqueIdentifier>
    </Filter>
    <Filter Include="01. Scene\UIBuilder\InventoryUIBuilder">
      <UniqueIdentifier>{a6970c45-6bb9-4dbf-982e-928b72f75291}</UniqueIdentifier>
    </Filter>
    <Filter Include="02. Object\UIObj\UIRenderState\Inventory\Item\07. SpearItem">
      <UniqueIdentifier>{8ba72f24-f310-4eaa-9353-114af7b61c04}</UniqueIdentifier>
    </Filter>
    <Filter Include="02. Object\UIObj\UIRenderState\Inventory\Item\08. CrossBowItem">
      <UniqueIdentifier>{82873664-4697-47fb-9fb4-0b5e3583d8eb}</UniqueIdentifier>
    </Filter>
    <Filter Include="02. Object\UIObj\UIRenderState\Inventory\Item\04. BoostItem">
      <UniqueIdentifier>{4a039eb1-64fb-4414-8908-03b2c57e1705}</UniqueIdentifier>
    </Filter>
    <Filter Include="02. Object\UIObj\UIDebugObj">
      <UniqueIdentifier>{82419094-d92a-4d7d-8f56-5b4d4c56fcfe}</UniqueIdentifier>
    </Filter>
    <Filter Include="02. Object\UIObj\UIRenderState\Inventory\Item\09. GhostCloakItem">
      <UniqueIdentifier>{dd75cd22-1e98-46eb-b211-ba485a4c4023}</UniqueIdentifier>
    </Filter>
    <Filter Include="02. Object\UIObj\UIRenderState\MainGame\CoolDownBar">
      <UniqueIdentifier>{34c3b910-3a4e-490a-9259-2575b8847798}</UniqueIdentifier>
    </Filter>
    <Filter Include="02. Object\UIObj\UIRenderState\NpcUI\Atri">
      <UniqueIdentifier>{93571a88-d7dd-46ce-9278-99e266b4bc73}</UniqueIdentifier>
    </Filter>
    <Filter Include="02. Object\UIObj\UIRenderState\MainGame\Arrows">
      <UniqueIdentifier>{731548aa-fdbf-47e7-9f73-7a77b1498068}</UniqueIdentifier>
    </Filter>
    <Filter Include="02. Object\Effect\ExplodeEffect">
      <UniqueIdentifier>{2ec7e4a7-1314-435a-b36d-761ff9c9058f}</UniqueIdentifier>
    </Filter>
    <Filter Include="02. Object\Monster\Ender\LaserHead">
      <UniqueIdentifier>{4263dd23-619c-47af-8b85-f90ce0d32785}</UniqueIdentifier>
    </Filter>
    <Filter Include="02. Object\Monster\Ender\Laser">
      <UniqueIdentifier>{b693e2fd-100b-4d10-946c-eb2dc28c02cf}</UniqueIdentifier>
    </Filter>
    <Filter Include="02. Object\Monster\Ender\Projectile">
      <UniqueIdentifier>{686bd4dd-264e-4656-b832-17815fc9f4c2}</UniqueIdentifier>
    </Filter>
    <Filter Include="02. Object\FireBlock">
      <UniqueIdentifier>{a2da1936-f9f1-489e-931e-c788ee6b9156}</UniqueIdentifier>
    </Filter>
    <Filter Include="00. MainApp\Command">
      <UniqueIdentifier>{103c2d5a-e295-4566-9b70-f35f5d0e3678}</UniqueIdentifier>
    </Filter>
    <Filter Include="02. Object\Item\Armor">
      <UniqueIdentifier>{d796ad83-1286-451b-949e-e4b3b830eadd}</UniqueIdentifier>
    </Filter>
  </ItemGroup>
  <ItemGroup>
    <ClInclude Include="..\Header\MainApp.h">
      <Filter>00. MainApp</Filter>
    </ClInclude>
    <ClInclude Include="pch.h">
      <Filter>99. Etc\pch</Filter>
    </ClInclude>
    <ClInclude Include="Resource.h">
      <Filter>99. Etc</Filter>
    </ClInclude>
    <ClInclude Include="..\Header\TestScene.h">
      <Filter>01. Scene\TestScene</Filter>
    </ClInclude>
    <ClInclude Include="..\Header\LogoScene.h">
      <Filter>01. Scene\LogoScene</Filter>
    </ClInclude>
    <ClInclude Include="..\Header\LoadingScene.h">
      <Filter>01. Scene\LoadingScene</Filter>
    </ClInclude>
    <ClInclude Include="..\Header\Loader.h">
      <Filter>01. Scene\LoadingScene\Loader</Filter>
    </ClInclude>
    <ClInclude Include="Client_Defines.h">
      <Filter>99. Etc\Header</Filter>
    </ClInclude>
    <ClInclude Include="..\Header\SkyBox.h">
      <Filter>02. Object\SkyBox</Filter>
    </ClInclude>
    <ClInclude Include="..\Header\TestObject.h">
      <Filter>02. Object\TestObject</Filter>
    </ClInclude>
    <ClInclude Include="..\Header\BaseCharacter.h">
      <Filter>02. Object\BaseCharacter</Filter>
    </ClInclude>
    <ClInclude Include="..\Header\Bone.h">
      <Filter>02. Object\BaseCharacter\Bone</Filter>
    </ClInclude>
    <ClInclude Include="..\Header\HPBarFront.h">
      <Filter>02. Object\UIObj\UIRenderState\MainGame\HPBar\HPBarFront</Filter>
    </ClInclude>
    <ClInclude Include="..\Header\HPBarBack.h">
      <Filter>02. Object\UIObj\UIRenderState\MainGame\HPBar\HPBarBack</Filter>
    </ClInclude>
    <ClInclude Include="..\Header\CameraActor.h">
      <Filter>02. Object\CameraActor</Filter>
    </ClInclude>
    <ClInclude Include="..\Header\Player.h">
      <Filter>02. Object\Player</Filter>
    </ClInclude>
    <ClInclude Include="..\Header\LoadingUI.h">
      <Filter>02. Object\UIObj\UIRenderState\Loading\LoadingUI</Filter>
    </ClInclude>
    <ClInclude Include="..\Header\Cursor.h">
      <Filter>02. Object\UIObj\UIRenderState\Always\Cursor</Filter>
    </ClInclude>
    <ClInclude Include="..\Header\InventoryPanel.h">
      <Filter>02. Object\UIObj\UIRenderState\Inventory\InventoryPanel</Filter>
    </ClInclude>
    <ClInclude Include="..\Header\Monster.h">
      <Filter>02. Object\Monster</Filter>
    </ClInclude>
    <ClInclude Include="..\Header\FirstCam.h">
      <Filter>02. Object\CameraActor\FirstCam</Filter>
    </ClInclude>
    <ClInclude Include="..\Header\ThirdCam.h">
      <Filter>02. Object\CameraActor\ThirdCam</Filter>
    </ClInclude>
    <ClInclude Include="..\Header\UIDebugObj.h">
      <Filter>02. Object\UIObj\UIDebugObj</Filter>
    </ClInclude>
    <ClInclude Include="..\Header\HotBarBack.h">
      <Filter>02. Object\UIObj\UIRenderState\MainGame\HotBar\HotBarBack</Filter>
    </ClInclude>
    <ClInclude Include="..\Header\DashUI.h">
      <Filter>02. Object\UIObj\UIRenderState\MainGame\Dash</Filter>
    </ClInclude>
    <ClInclude Include="..\Header\Emerald.h">
      <Filter>02. Object\UIObj\UIRenderState\MainGame\Emerald</Filter>
    </ClInclude>
    <ClInclude Include="..\Header\ArrowSlot.h">
      <Filter>02. Object\UIObj\UIRenderState\MainGame\ArrowSlot</Filter>
    </ClInclude>
    <ClInclude Include="..\Header\QuickSlot.h">
      <Filter>02. Object\UIObj\UIRenderState\MainGame\QuickSlot</Filter>
    </ClInclude>
    <ClInclude Include="..\Header\InventoryBtn.h">
      <Filter>02. Object\UIObj\Button\InventoryBtn</Filter>
    </ClInclude>
    <ClInclude Include="..\Header\MapBtn.h">
      <Filter>02. Object\UIObj\Button\MapBtn</Filter>
    </ClInclude>
    <ClInclude Include="..\Header\MouseLeftUI.h">
      <Filter>02. Object\UIObj\UIRenderState\MainGame\MouseUI\MouseLeft</Filter>
    </ClInclude>
    <ClInclude Include="..\Header\MouseRightUI.h">
      <Filter>02. Object\UIObj\UIRenderState\MainGame\MouseUI\MouseRight</Filter>
    </ClInclude>
    <ClInclude Include="..\Header\QuickSlotPlus.h">
      <Filter>02. Object\UIObj\UIRenderState\MainGame\QuickSlotPlus</Filter>
    </ClInclude>
    <ClInclude Include="..\Header\ExitBtn.h">
      <Filter>02. Object\UIObj\Button\ExitBtn</Filter>
    </ClInclude>
    <ClInclude Include="..\Header\DirectionLight.h">
      <Filter>02. Object\Light\Direction</Filter>
    </ClInclude>
    <ClInclude Include="..\Header\Item.h">
      <Filter>02. Object\Item</Filter>
    </ClInclude>
    <ClInclude Include="..\Header\Sword.h">
      <Filter>02. Object\Item\Sword</Filter>
    </ClInclude>
    <ClInclude Include="..\Header\Bow.h">
      <Filter>02. Object\Item\Bow</Filter>
    </ClInclude>
    <ClInclude Include="..\Header\GearSlot.h">
      <Filter>02. Object\UIObj\UIRenderState\Inventory\Slot\GearSlot</Filter>
    </ClInclude>
    <ClInclude Include="..\Header\EmeraldSword.h">
      <Filter>02. Object\UIObj\UIRenderState\Inventory\Item\Sword</Filter>
    </ClInclude>
    <ClInclude Include="..\Header\GearSlotPlus.h">
      <Filter>02. Object\UIObj\UIRenderState\Inventory\Slot\GearSlotPlus</Filter>
    </ClInclude>
    <ClInclude Include="..\Header\HP_Potion.h">
      <Filter>02. Object\UIObj\UIRenderState\MainGame\HP_Potion</Filter>
    </ClInclude>
    <ClInclude Include="..\Header\GearStrength.h">
      <Filter>02. Object\UIObj\UIRenderState\Inventory\GearStrength</Filter>
    </ClInclude>
    <ClInclude Include="..\Header\GearStrengthBack.h">
      <Filter>02. Object\UIObj\UIRenderState\Inventory\Slot\GearStrengthPlus</Filter>
    </ClInclude>
    <ClInclude Include="..\Header\LevelFront.h">
      <Filter>02. Object\UIObj\UIRenderState\Inventory\LevelFront</Filter>
    </ClInclude>
    <ClInclude Include="..\Header\Filter.h">
      <Filter>02. Object\UIObj\UIRenderState\Inventory\Icon\00. FilterIcon</Filter>
    </ClInclude>
    <ClInclude Include="..\Header\SwordFilter.h">
      <Filter>02. Object\UIObj\UIRenderState\Inventory\Icon\01. Swordfilter</Filter>
    </ClInclude>
    <ClInclude Include="..\Header\ArrowFilter.h">
      <Filter>02. Object\UIObj\UIRenderState\Inventory\Icon\02. Arrowfilter</Filter>
    </ClInclude>
    <ClInclude Include="..\Header\ArmorFilter.h">
      <Filter>02. Object\UIObj\UIRenderState\Inventory\Icon\03. Armorfilter</Filter>
    </ClInclude>
    <ClInclude Include="..\Header\PotionFilter.h">
      <Filter>02. Object\UIObj\UIRenderState\Inventory\Icon\04. Potionfilter</Filter>
    </ClInclude>
    <ClInclude Include="..\Header\EnchantFilter.h">
      <Filter>02. Object\UIObj\UIRenderState\Inventory\Icon\05. EnchantFilter</Filter>
    </ClInclude>
    <ClInclude Include="..\Header\CostumeFilter.h">
      <Filter>02. Object\UIObj\UIRenderState\Inventory\Icon\06. CostumeFilter</Filter>
    </ClInclude>
    <ClInclude Include="..\Header\InventorySlot.h">
      <Filter>02. Object\UIObj\UIRenderState\Inventory\Slot\InventorySlot</Filter>
    </ClInclude>
    <ClInclude Include="..\Header\Creeper.h">
      <Filter>02. Object\Monster\Creeper</Filter>
    </ClInclude>
    <ClInclude Include="..\Header\Boss.h">
      <Filter>02. Object\Monster</Filter>
    </ClInclude>
    <ClInclude Include="..\Header\RedGolem.h">
      <Filter>02. Object\Monster\RedGolem</Filter>
    </ClInclude>
    <ClInclude Include="..\Header\GolemProjectile.h">
      <Filter>02. Object\Monster\RedGolem\Projectile</Filter>
    </ClInclude>
    <ClInclude Include="..\Header\Arrow.h">
      <Filter>02. Object\Item\Arrow</Filter>
    </ClInclude>
    <ClInclude Include="..\Header\Arrow.h">
      <Filter>02. Object\Item\Arrow</Filter>
    </ClInclude>
    <ClInclude Include="..\Header\ItemSlot.h">
      <Filter>02. Object\UIObj\UIRenderState\Inventory\Slot\ItemSlot</Filter>
    </ClInclude>
    <ClInclude Include="..\Header\InventoryEmerald.h">
      <Filter>02. Object\UIObj\UIRenderState\Inventory\InventoryEmerald</Filter>
    </ClInclude>
    <ClInclude Include="..\Header\InventoryEnchant.h">
      <Filter>02. Object\UIObj\UIRenderState\Inventory\InventoryEnchant</Filter>
    </ClInclude>
    <ClInclude Include="..\Header\ScrollBack.h">
      <Filter>02. Object\UIObj\UIRenderState\Inventory\ScrollBack</Filter>
    </ClInclude>
    <ClInclude Include="..\Header\InventoryUI.h">
      <Filter>02. Object\UIObj\UIRenderState\Inventory\InventoryUI</Filter>
    </ClInclude>
    <ClInclude Include="..\Header\SwordItem.h">
      <Filter>02. Object\UIObj\UIRenderState\Inventory\Item\00. SwordItem</Filter>
    </ClInclude>
    <ClInclude Include="..\Header\BowItem.h">
      <Filter>02. Object\UIObj\UIRenderState\Inventory\Item\01. BowItem</Filter>
    </ClInclude>
    <ClInclude Include="..\Header\WolfArmor.h">
      <Filter>02. Object\UIObj\UIRenderState\Inventory\Item\02. WolfArmor</Filter>
    </ClInclude>
    <ClInclude Include="..\Header\RocketItem.h">
      <Filter>02. Object\UIObj\UIRenderState\Inventory\Item\03. RocketItem</Filter>
    </ClInclude>
    <ClInclude Include="..\Header\TooltipObj.h">
      <Filter>02. Object\UIObj\UIRenderState\Inventory\Tooltip\TooltipObj</Filter>
    </ClInclude>
    <ClInclude Include="..\Header\FishingItem.h">
      <Filter>02. Object\UIObj\UIRenderState\Inventory\Item\05. FishingItem</Filter>
    </ClInclude>
    <ClInclude Include="..\Header\QuestPanel.h">
      <Filter>02. Object\UIObj\UIRenderState\NpcUI\QuestPanel</Filter>
    </ClInclude>
    <ClInclude Include="..\Header\QuestTextObj.h">
      <Filter>02. Object\UIObj\UIRenderState\MainGame\QuestTextObj</Filter>
    </ClInclude>
    <ClInclude Include="..\Header\Attack.h">
      <Filter>02. Object\Monster\BTNode\Action\Monster</Filter>
    </ClInclude>
    <ClInclude Include="..\Header\Chase.h">
      <Filter>02. Object\Monster\BTNode\Action\Monster</Filter>
    </ClInclude>
    <ClInclude Include="..\Header\Die.h">
      <Filter>02. Object\Monster\BTNode\Action\Monster</Filter>
    </ClInclude>
    <ClInclude Include="..\Header\Rotate.h">
      <Filter>02. Object\Monster\BTNode\Action\Monster</Filter>
    </ClInclude>
    <ClInclude Include="..\Header\IsTimerOn.h">
      <Filter>02. Object\Monster\BTNode\Decorator\Boss</Filter>
    </ClInclude>
    <ClInclude Include="..\Header\IsTargetInAttackRange.h">
      <Filter>02. Object\Monster\BTNode\Decorator\Monster</Filter>
    </ClInclude>
    <ClInclude Include="..\Header\IsTargetInDetectRange.h">
      <Filter>02. Object\Monster\BTNode\Decorator\Monster</Filter>
    </ClInclude>
    <ClInclude Include="..\Header\IsAlive.h">
      <Filter>02. Object\Monster\BTNode\Decorator</Filter>
    </ClInclude>
    <ClInclude Include="..\Header\IsTargetInRange.h">
      <Filter>02. Object\Monster\BTNode\Decorator\Boss</Filter>
    </ClInclude>
    <ClInclude Include="..\Header\BossChase.h">
      <Filter>02. Object\Monster\BTNode\Action\Boss</Filter>
    </ClInclude>
    <ClInclude Include="..\Header\WorldMapPanel.h">
      <Filter>02. Object\UIObj\UIRenderState\WorldMap\WorldMapPanel</Filter>
    </ClInclude>
    <ClInclude Include="..\Header\Locked_Node.h">
      <Filter>02. Object\UIObj\Button\Locked_Node</Filter>
    </ClInclude>
    <ClInclude Include="..\Header\MapNode.h">
      <Filter>02. Object\UIObj\Button\MapNode</Filter>
    </ClInclude>
    <ClInclude Include="..\Header\LockNode_Back.h">
      <Filter>02. Object\UIObj\Button\LockedNode_Back</Filter>
    </ClInclude>
    <ClInclude Include="..\Header\MapNode_Front.h">
      <Filter>02. Object\UIObj\Button\MapNode_Front</Filter>
    </ClInclude>
    <ClInclude Include="..\Header\LoadingStone.h">
      <Filter>02. Object\UIObj\UIRenderState\Loading\LoadingUI\LoadingStone</Filter>
    </ClInclude>
    <ClInclude Include="..\Header\WorldMapTextPanel.h">
      <Filter>02. Object\UIObj\UIRenderState\WorldMap\WorldMapTextPanel</Filter>
    </ClInclude>
    <ClInclude Include="..\Header\WorldTooltip.h">
      <Filter>02. Object\UIObj\UIRenderState\WorldMap\WorldTooltip</Filter>
    </ClInclude>
    <ClInclude Include="..\Header\FilterTooltip.h">
      <Filter>02. Object\UIObj\UIRenderState\Inventory\Tooltip\FilterTooltip</Filter>
    </ClInclude>
    <ClInclude Include="..\Header\PigItem.h">
      <Filter>02. Object\UIObj\UIRenderState\Inventory\Item\06. PigItem</Filter>
    </ClInclude>
    <ClInclude Include="..\Header\EnemyHPBarFront.h">
      <Filter>02. Object\UIObj\UIRenderState\MainGame\HPBar\EnemyHPBarFront</Filter>
    </ClInclude>
    <ClInclude Include="..\Header\EnemyHPBarBack.h">
      <Filter>02. Object\UIObj\UIRenderState\MainGame\HPBar\EnemyHPBarBack</Filter>
    </ClInclude>
    <ClInclude Include="..\Header\BossHPBarFront.h">
      <Filter>02. Object\UIObj\UIRenderState\MainGame\HPBar\BossHPBarFront</Filter>
    </ClInclude>
    <ClInclude Include="..\Header\Spawner.h">
      <Filter>02. Object\Spawner\Spawner</Filter>
    </ClInclude>
    <ClInclude Include="..\Header\SpawnTriggerBox.h">
      <Filter>02. Object\Spawner\TriggerBox</Filter>
    </ClInclude>
    <ClInclude Include="..\Header\InventoryUIBuilder.h">
      <Filter>01. Scene\UIBuilder\InventoryUIBuilder</Filter>
    </ClInclude>
    <ClInclude Include="..\Header\IsTargetClose.h">
      <Filter>02. Object\Monster\BTNode\Decorator\Monster</Filter>
    </ClInclude>
    <ClInclude Include="..\Header\BackStep.h">
      <Filter>02. Object\Monster\BTNode\Action\Monster</Filter>
    </ClInclude>
    <ClInclude Include="..\Header\Arrow.h">
      <Filter>02. Object\Item\Arrow</Filter>
    </ClInclude>
    <ClInclude Include="..\Header\BossIcon.h">
      <Filter>02. Object\UIObj\UIRenderState\MainGame\BossIcon</Filter>
    </ClInclude>
    <ClInclude Include="..\Header\ParticleObj.h">
      <Filter>02. Object\UIObj\UIRenderState\MainGame\ParticleObj</Filter>
    </ClInclude>
    <ClInclude Include="..\Header\DamageText.h">
      <Filter>02. Object\UIObj\UIRenderState\MainGame\DamageText</Filter>
    </ClInclude>
    <ClInclude Include="..\Header\HPBarWhite.h">
      <Filter>02. Object\UIObj\UIRenderState\MainGame\HPBar\HPBarWhite</Filter>
    </ClInclude>
    <ClInclude Include="..\Header\PlayerDeathUI.h">
      <Filter>02. Object\UIObj\UIRenderState\DeathUI\PlayerDeathUI</Filter>
    </ClInclude>
    <ClInclude Include="..\Header\DeathFrame.h">
      <Filter>02. Object\UIObj\UIRenderState\DeathUI\DeathFrame</Filter>
    </ClInclude>
    <ClInclude Include="..\Header\Circle.h">
      <Filter>02. Object\Monster\RedGolem\Projectile\Circle</Filter>
    </ClInclude>
    <ClInclude Include="..\Header\Tnt.h">
      <Filter>02. Object\Item\Tnt</Filter>
    </ClInclude>
    <ClInclude Include="..\Header\Firework.h">
      <Filter>02. Object\Item\Firework</Filter>
    </ClInclude>
    <ClInclude Include="..\Header\Effect.h">
      <Filter>02. Object\Effect</Filter>
    </ClInclude>
    <ClInclude Include="..\Header\Rain.h">
      <Filter>02. Object\Effect\Rain</Filter>
    </ClInclude>
    <ClInclude Include="..\Header\Zombie.h">
      <Filter>02. Object\Monster\Zombie\BasicZombie</Filter>
    </ClInclude>
    <ClInclude Include="..\Header\JungleZombie.h">
      <Filter>02. Object\Monster\Zombie\JungleZombie</Filter>
    </ClInclude>
    <ClInclude Include="..\Header\Skeleton.h">
      <Filter>02. Object\Monster\Skeleton\BasicSkeleton</Filter>
    </ClInclude>
    <ClInclude Include="..\Header\JungleSkeleton.h">
      <Filter>02. Object\Monster\Skeleton\JungleSkeleton</Filter>
    </ClInclude>
    <ClInclude Include="..\Header\Village.h">
      <Filter>01. Scene\Village</Filter>
    </ClInclude>
    <ClInclude Include="..\Header\Stage1.h">
      <Filter>01. Scene\Stage1</Filter>
    </ClInclude>
    <ClInclude Include="..\Header\Stage2.h">
      <Filter>01. Scene\Stage2</Filter>
    </ClInclude>
    <ClInclude Include="..\Header\BloodEffect.h">
      <Filter>02. Object\Effect\BloodEffect</Filter>
    </ClInclude>
    <ClInclude Include="..\Header\BabySlime.h">
      <Filter>02. Object\Monster\Slime\GreenSlime\BabySlime</Filter>
    </ClInclude>
    <ClInclude Include="..\Header\Slime.h">
      <Filter>02. Object\Monster\Slime\GreenSlime</Filter>
    </ClInclude>
    <ClInclude Include="..\Header\PurpleSlime.h">
      <Filter>02. Object\Monster\Slime\PurpleSlime</Filter>
    </ClInclude>
    <ClInclude Include="..\Header\PurpleBabySlime.h">
      <Filter>02. Object\Monster\Slime\PurpleSlime\BabySlime</Filter>
    </ClInclude>
    <ClInclude Include="..\Header\Npc.h">
      <Filter>02. Object\NPC</Filter>
    </ClInclude>
    <ClInclude Include="..\Header\UILoader.h">
      <Filter>02. Object\UIObj\UILoader</Filter>
    </ClInclude>
    <ClInclude Include="..\Header\UILoader.h" />
    <ClInclude Include="..\Header\DialogObj.h">
      <Filter>02. Object\UIObj\UIRenderState\NpcUI\DialogObj</Filter>
    </ClInclude>
    <ClInclude Include="..\Header\Atri.h">
      <Filter>02. Object\UIObj\UIRenderState\NpcUI\Atri</Filter>
    </ClInclude>
    <ClInclude Include="..\Header\Angry.h">
      <Filter>02. Object\UIObj\UIRenderState\NpcUI\Angry</Filter>
    </ClInclude>
    <ClInclude Include="..\Header\ExpBarBack.h">
      <Filter>02. Object\UIObj\UIRenderState\MainGame\ExpBar\ExpBarBack</Filter>
    </ClInclude>
    <ClInclude Include="..\Header\ExpBarFront.h">
      <Filter>02. Object\UIObj\UIRenderState\MainGame\ExpBar\ExpBarFront</Filter>
    </ClInclude>
    <ClInclude Include="..\Header\SpriteEffect.h">
      <Filter>02. Object\Effect\SpriteEffect</Filter>
    </ClInclude>
    <ClInclude Include="..\Header\ExpBarBack.h" />
    <ClInclude Include="..\Header\ExpBarFront.h" />
    <ClInclude Include="..\Header\UILoader.h" />
    <ClInclude Include="..\Header\Ender.h">
      <Filter>02. Object\Monster\Ender</Filter>
    </ClInclude>
    <ClInclude Include="..\Header\Spear.h">
      <Filter>02. Object\Item\Spear</Filter>
    </ClInclude>
    <ClInclude Include="..\Header\Crossbow.h">
      <Filter>02. Object\Item\Crossbow</Filter>
    </ClInclude>
    <ClInclude Include="..\Header\IsChangingState.h">
      <Filter>02. Object\Monster\BTNode\Decorator\Boss\Ender</Filter>
    </ClInclude>
    <ClInclude Include="..\Header\CheckStateChangeCount.h">
      <Filter>02. Object\Monster\BTNode\Decorator\Boss\Ender</Filter>
    </ClInclude>
    <ClInclude Include="..\Header\ChangeState.h">
      <Filter>02. Object\Monster\BTNode\Action\Boss</Filter>
    </ClInclude>
    <ClInclude Include="..\Header\StateAttack.h">
      <Filter>02. Object\Monster\BTNode\Action\Boss</Filter>
    </ClInclude>
    <ClInclude Include="..\Header\IsRandomMoveCheck.h">
      <Filter>02. Object\Monster\BTNode\Decorator\Boss\Ender</Filter>
    </ClInclude>
    <ClInclude Include="..\Header\DeadEffect.h">
      <Filter>02. Object\Effect\DeadEffect</Filter>
    </ClInclude>
    <ClInclude Include="..\Header\UILoader.h">
      <Filter>02. Object\UIObj\UILoader</Filter>
    </ClInclude>
    <ClInclude Include="..\Header\SpearItem.h">
      <Filter>02. Object\UIObj\UIRenderState\Inventory\Item\07. SpearItem</Filter>
    </ClInclude>
    <ClInclude Include="..\Header\CrossBowItem.h">
      <Filter>02. Object\UIObj\UIRenderState\Inventory\Item\08. CrossBowItem</Filter>
    </ClInclude>
    <ClInclude Include="..\Header\ExpBarBack.h">
      <Filter>02. Object\UIObj\UIRenderState\MainGame\ExpBar\ExpBarBack</Filter>
    </ClInclude>
    <ClInclude Include="..\Header\ExpBarFront.h">
      <Filter>02. Object\UIObj\UIRenderState\MainGame\ExpBar\ExpBarFront</Filter>
    </ClInclude>
    <ClInclude Include="..\Header\BoostItem.h">
      <Filter>02. Object\UIObj\UIRenderState\Inventory\Item\04. BoostItem</Filter>
    </ClInclude>
    <ClInclude Include="..\Header\GhostCloakItem.h">
      <Filter>02. Object\UIObj\UIRenderState\Inventory\Item\09. GhostCloakItem</Filter>
    </ClInclude>
    <ClInclude Include="..\Header\CoolDownBar.h">
      <Filter>02. Object\UIObj\UIRenderState\MainGame\CoolDownBar</Filter>
    </ClInclude>
    <ClInclude Include="..\Header\Arrows.h">
      <Filter>02. Object\UIObj\UIRenderState\MainGame\Arrows</Filter>
    </ClInclude>
    <ClInclude Include="..\Header\ExplodeEffect.h">
      <Filter>02. Object\Effect\ExplodeEffect</Filter>
    </ClInclude>
    <ClInclude Include="..\Header\LaserHead.h">
      <Filter>02. Object\Monster\Ender\LaserHead</Filter>
    </ClInclude>
    <ClInclude Include="..\Header\LaserEffect.h">
      <Filter>02. Object\Monster\Ender\Laser</Filter>
    </ClInclude>
    <ClInclude Include="..\Header\EnderProjectile.h">
      <Filter>02. Object\Monster\Ender\Projectile</Filter>
    </ClInclude>
    <ClInclude Include="..\Header\FireBlock.h">
      <Filter>02. Object\FireBlock</Filter>
    </ClInclude>
    <ClInclude Include="..\Header\ChangeScene.h">
      <Filter>00. MainApp\Command</Filter>
    </ClInclude>
    <ClInclude Include="..\Header\Armor.h">
      <Filter>02. Object\Item\Armor</Filter>
    </ClInclude>
  </ItemGroup>
  <ItemGroup>
    <ClCompile Include="..\Code\MainApp.cpp">
      <Filter>00. MainApp</Filter>
    </ClCompile>
    <ClCompile Include="pch.cpp">
      <Filter>99. Etc\pch</Filter>
    </ClCompile>
    <ClCompile Include="..\Code\TestScene.cpp">
      <Filter>01. Scene\TestScene</Filter>
    </ClCompile>
    <ClCompile Include="..\Code\LogoScene.cpp">
      <Filter>01. Scene\LogoScene</Filter>
    </ClCompile>
    <ClCompile Include="..\Code\SkyBox.cpp">
      <Filter>02. Object\SkyBox</Filter>
    </ClCompile>
    <ClCompile Include="..\Code\LoadingScene.cpp">
      <Filter>01. Scene\LoadingScene</Filter>
    </ClCompile>
    <ClCompile Include="..\Code\Loader.cpp">
      <Filter>01. Scene\LoadingScene\Loader</Filter>
    </ClCompile>
    <ClCompile Include="..\Code\TestObject.cpp">
      <Filter>02. Object\TestObject</Filter>
    </ClCompile>
    <ClCompile Include="..\Code\Player.cpp">
      <Filter>02. Object\UIObj</Filter>
    </ClCompile>
    <ClCompile Include="..\Code\BaseCharacter.cpp">
      <Filter>02. Object\BaseCharacter</Filter>
    </ClCompile>
    <ClCompile Include="..\Code\Bone.cpp">
      <Filter>02. Object\BaseCharacter\Bone</Filter>
    </ClCompile>
    <ClCompile Include="..\Code\HPBarFront.cpp">
      <Filter>02. Object\UIObj\UIRenderState\MainGame\HPBar\HPBarFront</Filter>
    </ClCompile>
    <ClCompile Include="..\Code\HPBarBack.cpp">
      <Filter>02. Object\UIObj\UIRenderState\MainGame\HPBar\HPBarBack</Filter>
    </ClCompile>
    <ClCompile Include="..\Code\Player.cpp">
      <Filter>02. Object\Player</Filter>
    </ClCompile>
    <ClCompile Include="..\Code\CameraActor.cpp">
      <Filter>02. Object\CameraActor</Filter>
    </ClCompile>
    <ClCompile Include="..\Code\LoadingUI.cpp">
      <Filter>02. Object\UIObj\UIRenderState\Loading\LoadingUI</Filter>
    </ClCompile>
    <ClCompile Include="..\Code\Cursor.cpp">
      <Filter>02. Object\UIObj\UIRenderState\Always\Cursor</Filter>
    </ClCompile>
    <ClCompile Include="..\Code\InventoryPanel.cpp">
      <Filter>02. Object\UIObj\UIRenderState\Inventory\InventoryPanel</Filter>
    </ClCompile>
    <ClCompile Include="..\Code\FirstCam.cpp">
      <Filter>02. Object\CameraActor\FirstCam</Filter>
    </ClCompile>
    <ClCompile Include="..\Code\ThirdCam.cpp">
      <Filter>02. Object\CameraActor\ThirdCam</Filter>
    </ClCompile>
    <ClCompile Include="..\Code\Monster.cpp">
      <Filter>02. Object\Monster</Filter>
    </ClCompile>
    <ClCompile Include="..\Code\HotBarBack.cpp">
      <Filter>02. Object\UIObj\UIRenderState\MainGame\HotBar\HotBarBack</Filter>
    </ClCompile>
    <ClCompile Include="..\Code\DashUI.cpp">
      <Filter>02. Object\UIObj\UIRenderState\MainGame\Dash</Filter>
    </ClCompile>
    <ClCompile Include="..\Code\Emerald.cpp">
      <Filter>02. Object\UIObj\UIRenderState\MainGame\Emerald</Filter>
    </ClCompile>
    <ClCompile Include="Client.cpp">
      <Filter>100. Executable</Filter>
    </ClCompile>
    <ClCompile Include="..\Code\ArrowSlot.cpp">
      <Filter>02. Object\UIObj\UIRenderState\MainGame\ArrowSlot</Filter>
    </ClCompile>
    <ClCompile Include="..\Code\UIDebugObj.cpp">
      <Filter>02. Object\UIObj\UIDebugObj</Filter>
    </ClCompile>
    <ClCompile Include="..\Code\QuickSlot.cpp">
      <Filter>02. Object\UIObj\UIRenderState\MainGame\QuickSlot</Filter>
    </ClCompile>
    <ClCompile Include="..\Code\InventoryBtn.cpp">
      <Filter>02. Object\UIObj\Button\InventoryBtn</Filter>
    </ClCompile>
    <ClCompile Include="..\Code\MapBtn.cpp">
      <Filter>02. Object\UIObj\Button\MapBtn</Filter>
    </ClCompile>
    <ClCompile Include="..\Code\MouseLeftUI.cpp">
      <Filter>02. Object\UIObj\UIRenderState\MainGame\MouseUI\MouseLeft</Filter>
    </ClCompile>
    <ClCompile Include="..\Code\MouseRightUI.cpp">
      <Filter>02. Object\UIObj\UIRenderState\MainGame\MouseUI\MouseRight</Filter>
    </ClCompile>
    <ClCompile Include="..\Code\QuickSlotPlus.cpp">
      <Filter>02. Object\UIObj\UIRenderState\MainGame\QuickSlotPlus</Filter>
    </ClCompile>
    <ClCompile Include="..\Code\ExitBtn.cpp">
      <Filter>02. Object\UIObj\Button\ExitBtn</Filter>
    </ClCompile>
    <ClCompile Include="..\Code\DirectionLight.cpp">
      <Filter>02. Object\Light\Direction</Filter>
    </ClCompile>
    <ClCompile Include="..\Code\Item.cpp">
      <Filter>02. Object\Item</Filter>
    </ClCompile>
    <ClCompile Include="..\Code\Sword.cpp">
      <Filter>02. Object\Item\Sword</Filter>
    </ClCompile>
    <ClCompile Include="..\Code\Bow.cpp">
      <Filter>02. Object\Item\Bow</Filter>
    </ClCompile>
    <ClCompile Include="..\Code\GearSlot.cpp">
      <Filter>02. Object\UIObj\UIRenderState\Inventory\Slot\GearSlot</Filter>
    </ClCompile>
    <ClCompile Include="..\Code\EmeraldSword.cpp">
      <Filter>02. Object\UIObj\UIRenderState\Inventory\Item\Sword</Filter>
    </ClCompile>
    <ClCompile Include="..\Code\GearSlotPlus.cpp">
      <Filter>02. Object\UIObj\UIRenderState\Inventory\Slot\GearSlotPlus</Filter>
    </ClCompile>
    <ClCompile Include="..\Code\HP_Potion.cpp">
      <Filter>02. Object\UIObj\UIRenderState\MainGame\HP_Potion</Filter>
    </ClCompile>
    <ClCompile Include="..\Code\GearStrength.cpp">
      <Filter>02. Object\UIObj\UIRenderState\Inventory\GearStrength</Filter>
    </ClCompile>
    <ClCompile Include="..\Code\GearStrengthBack.cpp">
      <Filter>02. Object\UIObj\UIRenderState\Inventory\Slot\GearStrengthPlus</Filter>
    </ClCompile>
    <ClCompile Include="..\Code\LevelFront.cpp">
      <Filter>02. Object\UIObj\UIRenderState\Inventory\LevelFront</Filter>
    </ClCompile>
    <ClCompile Include="..\Code\Filter.cpp">
      <Filter>02. Object\UIObj\UIRenderState\Inventory\Icon\00. FilterIcon</Filter>
    </ClCompile>
    <ClCompile Include="..\Code\SwordFilter.cpp">
      <Filter>02. Object\UIObj\UIRenderState\Inventory\Icon\01. Swordfilter</Filter>
    </ClCompile>
    <ClCompile Include="..\Code\ArrowFilter.cpp">
      <Filter>02. Object\UIObj\UIRenderState\Inventory\Icon\02. Arrowfilter</Filter>
    </ClCompile>
    <ClCompile Include="..\Code\ArmorFilter.cpp">
      <Filter>02. Object\UIObj\UIRenderState\Inventory\Icon\03. Armorfilter</Filter>
    </ClCompile>
    <ClCompile Include="..\Code\PotionFilter.cpp">
      <Filter>02. Object\UIObj\UIRenderState\Inventory\Icon\04. Potionfilter</Filter>
    </ClCompile>
    <ClCompile Include="..\Code\EnchantFilter.cpp">
      <Filter>02. Object\UIObj\UIRenderState\Inventory\Icon\05. EnchantFilter</Filter>
    </ClCompile>
    <ClCompile Include="..\Code\CostumeFilter.cpp">
      <Filter>02. Object\UIObj\UIRenderState\Inventory\Icon\06. CostumeFilter</Filter>
    </ClCompile>
    <ClCompile Include="..\Code\InventorySlot.cpp">
      <Filter>02. Object\UIObj\UIRenderState\Inventory\Slot\InventorySlot</Filter>
    </ClCompile>
    <ClCompile Include="..\Code\Creeper.cpp">
      <Filter>02. Object\Monster\Creeper</Filter>
    </ClCompile>
    <ClCompile Include="..\Code\Boss.cpp">
      <Filter>02. Object\Monster</Filter>
    </ClCompile>
    <ClCompile Include="..\Code\RedGolem.cpp">
      <Filter>02. Object\Monster\RedGolem</Filter>
    </ClCompile>
    <ClCompile Include="..\Code\GolemProjectile.cpp">
      <Filter>02. Object\Monster\RedGolem\Projectile</Filter>
    </ClCompile>
    <ClCompile Include="..\Code\Arrow.cpp">
      <Filter>02. Object\Item\Arrow</Filter>
    </ClCompile>
    <ClCompile Include="..\Code\Arrow.cpp">
      <Filter>02. Object\Item\Arrow</Filter>
    </ClCompile>
    <ClCompile Include="..\Code\ItemSlot.cpp">
      <Filter>02. Object\UIObj\UIRenderState\Inventory\Slot\ItemSlot</Filter>
    </ClCompile>
    <ClCompile Include="..\Code\InventoryUIBuilder.cpp">
      <Filter>01. Scene\UIBuilder\InventoryUIBuilder</Filter>
    </ClCompile>
    <ClCompile Include="..\Code\InventoryEmerald.cpp">
      <Filter>02. Object\UIObj\UIRenderState\Inventory\InventoryEmerald</Filter>
    </ClCompile>
    <ClCompile Include="..\Code\InventoryEnchant.cpp">
      <Filter>02. Object\UIObj\UIRenderState\Inventory\InventoryEnchant</Filter>
    </ClCompile>
    <ClCompile Include="..\Code\ScrollBack.cpp">
      <Filter>02. Object\UIObj\UIRenderState\Inventory\ScrollBack</Filter>
    </ClCompile>
    <ClCompile Include="..\Code\InventoryUI.cpp">
      <Filter>02. Object\UIObj\UIRenderState\Inventory\InventoryUI</Filter>
    </ClCompile>
    <ClCompile Include="..\Code\SwordItem.cpp">
      <Filter>02. Object\UIObj\UIRenderState\Inventory\Item\00. SwordItem</Filter>
    </ClCompile>
    <ClCompile Include="..\Code\BowItem.cpp">
      <Filter>02. Object\UIObj\UIRenderState\Inventory\Item\01. BowItem</Filter>
    </ClCompile>
    <ClCompile Include="..\Code\WolfArmor.cpp">
      <Filter>02. Object\UIObj\UIRenderState\Inventory\Item\02. WolfArmor</Filter>
    </ClCompile>
    <ClCompile Include="..\Code\RocketItem.cpp">
      <Filter>02. Object\UIObj\UIRenderState\Inventory\Item\03. RocketItem</Filter>
    </ClCompile>
    <ClCompile Include="..\Code\TooltipObj.cpp">
      <Filter>02. Object\UIObj\UIRenderState\Inventory\Tooltip\TooltipObj</Filter>
    </ClCompile>
    <ClCompile Include="..\Code\FishingItem.cpp">
      <Filter>02. Object\UIObj\UIRenderState\Inventory\Item\05. FishingItem</Filter>
    </ClCompile>
    <ClCompile Include="..\Code\QuestPanel.cpp">
      <Filter>02. Object\UIObj\UIRenderState\NpcUI\QuestPanel</Filter>
    </ClCompile>
    <ClCompile Include="..\Code\QuestTextObj.cpp">
      <Filter>02. Object\UIObj\UIRenderState\MainGame\QuestTextObj</Filter>
    </ClCompile>
    <ClCompile Include="..\Code\Attack.cpp">
      <Filter>02. Object\Monster\BTNode\Action\Monster</Filter>
    </ClCompile>
    <ClCompile Include="..\Code\Chase.cpp">
      <Filter>02. Object\Monster\BTNode\Action\Monster</Filter>
    </ClCompile>
    <ClCompile Include="..\Code\Die.cpp">
      <Filter>02. Object\Monster\BTNode\Action\Monster</Filter>
    </ClCompile>
    <ClCompile Include="..\Code\Rotate.cpp">
      <Filter>02. Object\Monster\BTNode\Action\Monster</Filter>
    </ClCompile>
    <ClCompile Include="..\Code\IsTimerOn.cpp">
      <Filter>02. Object\Monster\BTNode\Decorator\Boss</Filter>
    </ClCompile>
    <ClCompile Include="..\Code\IsTargetInAttackRange.cpp">
      <Filter>02. Object\Monster\BTNode\Decorator\Monster</Filter>
    </ClCompile>
    <ClCompile Include="..\Code\IsTargetInDetectRange.cpp">
      <Filter>02. Object\Monster\BTNode\Decorator\Monster</Filter>
    </ClCompile>
    <ClCompile Include="..\Code\IsAlive.cpp">
      <Filter>02. Object\Monster\BTNode\Decorator</Filter>
    </ClCompile>
    <ClCompile Include="..\Code\IsTargetInRange.cpp">
      <Filter>02. Object\Monster\BTNode\Decorator\Boss</Filter>
    </ClCompile>
    <ClCompile Include="..\Code\BossChase.cpp">
      <Filter>02. Object\Monster\BTNode\Action\Boss</Filter>
    </ClCompile>
    <ClCompile Include="..\Code\WorldMapPanel.cpp">
      <Filter>02. Object\UIObj\UIRenderState\WorldMap\WorldMapPanel</Filter>
    </ClCompile>
    <ClCompile Include="..\Code\Locked_Node.cpp">
      <Filter>02. Object\UIObj\Button\Locked_Node</Filter>
    </ClCompile>
    <ClCompile Include="..\Code\MapNode.cpp">
      <Filter>02. Object\UIObj\Button\MapNode</Filter>
    </ClCompile>
    <ClCompile Include="..\Code\LockNode_Back.cpp">
      <Filter>02. Object\UIObj\Button\LockedNode_Back</Filter>
    </ClCompile>
    <ClCompile Include="..\Code\MapNode_Front.cpp">
      <Filter>02. Object\UIObj\Button\MapNode_Front</Filter>
    </ClCompile>
    <ClCompile Include="..\Code\LoadingStone.cpp">
      <Filter>02. Object\UIObj\UIRenderState\Loading\LoadingUI\LoadingStone</Filter>
    </ClCompile>
    <ClCompile Include="..\Code\WorldMapTextPanel.cpp">
      <Filter>02. Object\UIObj\UIRenderState\WorldMap\WorldMapTextPanel</Filter>
    </ClCompile>
    <ClCompile Include="..\Code\WorldTooltip.cpp">
      <Filter>02. Object\UIObj\UIRenderState\WorldMap\WorldTooltip</Filter>
    </ClCompile>
    <ClCompile Include="..\Code\FilterTooltip.cpp">
      <Filter>02. Object\UIObj\UIRenderState\Inventory\Tooltip\FilterTooltip</Filter>
    </ClCompile>
    <ClCompile Include="..\Code\PigItem.cpp">
      <Filter>02. Object\UIObj\UIRenderState\Inventory\Item\06. PigItem</Filter>
    </ClCompile>
    <ClCompile Include="..\Code\EnemyHPBarFront.cpp">
      <Filter>02. Object\UIObj\UIRenderState\MainGame\HPBar\EnemyHPBarFront</Filter>
    </ClCompile>
    <ClCompile Include="..\Code\EnemyHPBarBack.cpp">
      <Filter>02. Object\UIObj\UIRenderState\MainGame\HPBar\EnemyHPBarBack</Filter>
    </ClCompile>
    <ClCompile Include="..\Code\BossHPBarFront.cpp">
      <Filter>02. Object\UIObj\UIRenderState\MainGame\HPBar\BossHPBarFront</Filter>
    </ClCompile>
    <ClCompile Include="..\Code\Spawner.cpp">
      <Filter>02. Object\Spawner\Spawner</Filter>
    </ClCompile>
    <ClCompile Include="..\Code\SpawnTriggerBox.cpp">
      <Filter>02. Object\Spawner\TriggerBox</Filter>
    </ClCompile>
    <ClCompile Include="..\Code\IsTargetClose.cpp">
      <Filter>02. Object\Monster\BTNode\Decorator\Monster</Filter>
    </ClCompile>
    <ClCompile Include="..\Code\BackStep.cpp">
      <Filter>02. Object\Monster\BTNode\Action\Monster</Filter>
    </ClCompile>
    <ClCompile Include="..\Code\Arrow.cpp">
      <Filter>02. Object\Item\Arrow</Filter>
    </ClCompile>
    <ClCompile Include="..\Code\BossIcon.cpp">
      <Filter>02. Object\UIObj\UIRenderState\MainGame\BossIcon</Filter>
    </ClCompile>
    <ClCompile Include="..\Code\ParticleObj.cpp">
      <Filter>02. Object\UIObj\UIRenderState\MainGame\ParticleObj</Filter>
    </ClCompile>
    <ClCompile Include="..\Code\DamageText.cpp">
      <Filter>02. Object\UIObj\UIRenderState\MainGame\DamageText</Filter>
    </ClCompile>
    <ClCompile Include="..\Code\HPBarWhite.cpp">
      <Filter>02. Object\UIObj\UIRenderState\MainGame\HPBar\HPBarWhite</Filter>
    </ClCompile>
    <ClCompile Include="..\Code\PlayerDeathUI.cpp">
      <Filter>02. Object\UIObj\UIRenderState\DeathUI\PlayerDeathUI</Filter>
    </ClCompile>
    <ClCompile Include="..\Code\DeathFrame.cpp">
      <Filter>02. Object\UIObj\UIRenderState\DeathUI\DeathFrame</Filter>
    </ClCompile>
    <ClCompile Include="..\Code\Circle.cpp">
      <Filter>02. Object\Monster\RedGolem\Projectile\Circle</Filter>
    </ClCompile>
    <ClCompile Include="..\Code\Tnt.cpp">
      <Filter>02. Object\Item\Tnt</Filter>
    </ClCompile>
    <ClCompile Include="..\Code\Firework.cpp">
      <Filter>02. Object\Item\Firework</Filter>
    </ClCompile>
    <ClCompile Include="..\Code\Effect.cpp">
      <Filter>02. Object\Effect</Filter>
    </ClCompile>
    <ClCompile Include="..\Code\Rain.cpp">
      <Filter>02. Object\Effect\Rain</Filter>
    </ClCompile>
    <ClCompile Include="..\Code\Zombie.cpp">
      <Filter>02. Object\Monster\Zombie\BasicZombie</Filter>
    </ClCompile>
    <ClCompile Include="..\Code\JungleZombie.cpp">
      <Filter>02. Object\Monster\Zombie\JungleZombie</Filter>
    </ClCompile>
    <ClCompile Include="..\Code\Skeleton.cpp">
      <Filter>02. Object\Monster\Skeleton\BasicSkeleton</Filter>
    </ClCompile>
    <ClCompile Include="..\Code\JungleSkeleton.cpp">
      <Filter>02. Object\Monster\Skeleton\JungleSkeleton</Filter>
    </ClCompile>
    <ClCompile Include="..\Code\Village.cpp">
      <Filter>01. Scene\Village</Filter>
    </ClCompile>
    <ClCompile Include="..\Code\Stage1.cpp">
      <Filter>01. Scene\Stage1</Filter>
    </ClCompile>
    <ClCompile Include="..\Code\Stage2.cpp">
      <Filter>01. Scene\Stage2</Filter>
    </ClCompile>
    <ClCompile Include="..\Code\BloodEffect.cpp">
      <Filter>02. Object\Effect\BloodEffect</Filter>
    </ClCompile>
    <ClCompile Include="..\Code\Npc.cpp">
      <Filter>02. Object\NPC</Filter>
    </ClCompile>
    <ClCompile Include="..\Code\UILoader.cpp">
      <Filter>02. Object\UIObj\UILoader</Filter>
    </ClCompile>
    <ClCompile Include="..\Code\UILoader.cpp" />
    <ClCompile Include="..\Code\DialogObj.cpp">
      <Filter>02. Object\UIObj\UIRenderState\NpcUI\DialogObj</Filter>
    </ClCompile>
    <ClCompile Include="..\Code\Atri.cpp">
      <Filter>02. Object\UIObj\UIRenderState\NpcUI\Atri</Filter>
    </ClCompile>
    <ClCompile Include="..\Code\Angry.cpp">
      <Filter>02. Object\UIObj\UIRenderState\NpcUI\Angry</Filter>
    </ClCompile>
    <ClCompile Include="..\Code\ExpBarBack.cpp">
      <Filter>02. Object\UIObj\UIRenderState\MainGame\ExpBar\ExpBarBack</Filter>
    </ClCompile>
    <ClCompile Include="..\Code\ExpBarFront.cpp">
      <Filter>02. Object\UIObj\UIRenderState\MainGame\ExpBar\ExpBarFront</Filter>
    </ClCompile>
    <ClCompile Include="..\Code\SpriteEffect.cpp">
      <Filter>02. Object\Effect\SpriteEffect</Filter>
    </ClCompile>
    <ClCompile Include="..\Code\ExpBarBack.cpp" />
    <ClCompile Include="..\Code\ExpBarFront.cpp" />
    <ClCompile Include="..\Code\UILoader.cpp" />
    <ClCompile Include="..\Code\Ender.cpp">
      <Filter>02. Object\Monster\Ender</Filter>
    </ClCompile>
    <ClCompile Include="..\Code\IsChangingState.cpp">
      <Filter>02. Object\Monster\BTNode\Decorator\Boss\Ender</Filter>
    </ClCompile>
    <ClCompile Include="..\Code\CheckStateChangeCount.cpp">
      <Filter>02. Object\Monster\BTNode\Decorator\Boss\Ender</Filter>
    </ClCompile>
    <ClCompile Include="..\Code\ChangeState.cpp">
      <Filter>02. Object\Monster\BTNode\Action\Boss</Filter>
    </ClCompile>
    <ClCompile Include="..\Code\StateAttack.cpp">
      <Filter>02. Object\Monster\BTNode\Action\Boss</Filter>
    </ClCompile>
    <ClCompile Include="..\Code\IsRandomMoveCheck.cpp">
      <Filter>02. Object\Monster\BTNode\Decorator\Boss\Ender</Filter>
    </ClCompile>
    <ClCompile Include="..\Code\DeadEffect.cpp">
      <Filter>02. Object\Effect\DeadEffect</Filter>
    </ClCompile>
    <ClCompile Include="..\Code\UILoader.cpp">
      <Filter>02. Object\UIObj\UILoader</Filter>
    </ClCompile>
    <ClCompile Include="..\Code\SpearItem.cpp">
      <Filter>02. Object\UIObj\UIRenderState\Inventory\Item\07. SpearItem</Filter>
    </ClCompile>
    <ClCompile Include="..\Code\CrossBowItem.cpp">
      <Filter>02. Object\UIObj\UIRenderState\Inventory\Item\08. CrossBowItem</Filter>
    </ClCompile>
    <ClCompile Include="..\Code\ExpBarBack.cpp">
      <Filter>02. Object\UIObj\UIRenderState\MainGame\ExpBar\ExpBarBack</Filter>
    </ClCompile>
    <ClCompile Include="..\Code\ExpBarFront.cpp">
      <Filter>02. Object\UIObj\UIRenderState\MainGame\ExpBar\ExpBarFront</Filter>
    </ClCompile>
    <ClCompile Include="..\Code\BoostItem.cpp">
      <Filter>02. Object\UIObj\UIRenderState\Inventory\Item\04. BoostItem</Filter>
    </ClCompile>
    <ClCompile Include="..\Code\GhostCloakItem.cpp">
      <Filter>02. Object\UIObj\UIRenderState\Inventory\Item\09. GhostCloakItem</Filter>
    </ClCompile>
    <ClCompile Include="..\Code\CoolDownBar.cpp">
      <Filter>02. Object\UIObj\UIRenderState\MainGame\CoolDownBar</Filter>
    </ClCompile>
    <ClCompile Include="..\Code\Arrows.cpp">
      <Filter>02. Object\UIObj\UIRenderState\MainGame\Arrows</Filter>
    </ClCompile>
    <ClCompile Include="..\Code\ExplodeEffect.cpp">
      <Filter>02. Object\Effect\ExplodeEffect</Filter>
    </ClCompile>
    <ClCompile Include="..\Code\LaserHead.cpp">
      <Filter>02. Object\Monster\Ender\LaserHead</Filter>
    </ClCompile>
    <ClCompile Include="..\Code\LaserEffect.cpp">
      <Filter>02. Object\Monster\Ender\Laser</Filter>
    </ClCompile>
    <ClCompile Include="..\Code\EnderProjectile.cpp">
      <Filter>02. Object\Monster\Ender\Projectile</Filter>
    </ClCompile>
    <ClCompile Include="..\Code\FireBlock.cpp">
      <Filter>02. Object\FireBlock</Filter>
    </ClCompile>
    <ClCompile Include="..\Code\ChangeScene.cpp">
      <Filter>00. MainApp\Command</Filter>
    </ClCompile>
    <ClCompile Include="..\Code\Armor.cpp">
      <Filter>02. Object\Item\Armor</Filter>
    </ClCompile>
  </ItemGroup>
  <ItemGroup>
    <FxCompile Include="..\Resource\Shader\BasicShader.fx">
      <Filter>99. Etc\Shader/Fx</Filter>
    </FxCompile>
    <FxCompile Include="..\Resource\Shader\ChunkShader.fx">
      <Filter>99. Etc\Shader/Fx</Filter>
    </FxCompile>
    <FxCompile Include="..\Resource\Shader\ColorShader.fx">
      <Filter>99. Etc\Shader/Fx</Filter>
    </FxCompile>
    <FxCompile Include="..\Resource\Shader\BloodParticleShader.fx">
      <Filter>99. Etc\Shader/Fx</Filter>
    </FxCompile>
    <FxCompile Include="..\Resource\Shader\MaskShader.fx">
      <Filter>99. Etc\Shader/Fx</Filter>
    </FxCompile>
    <FxCompile Include="..\Resource\Shader\ParticleShader.fx">
      <Filter>99. Etc\Shader/Fx</Filter>
    </FxCompile>
    <FxCompile Include="..\Resource\Shader\SkyBox.fx">
      <Filter>99. Etc\Shader/Fx</Filter>
    </FxCompile>
    <ClCompile Include="..\Code\BabySlime.cpp">
      <Filter>02. Object\Monster\Slime\GreenSlime\BabySlime</Filter>
    </ClCompile>
    <ClCompile Include="..\Code\Slime.cpp">
      <Filter>02. Object\Monster\Slime\GreenSlime</Filter>
    </ClCompile>
    <ClCompile Include="..\Code\PurpleSlime.cpp">
      <Filter>02. Object\Monster\Slime\PurpleSlime</Filter>
    </ClCompile>
    <ClCompile Include="..\Code\PurpleBabySlime.cpp">
      <Filter>02. Object\Monster\Slime\PurpleSlime\BabySlime</Filter>
    </ClCompile>
    <FxCompile Include="SpriteShader.fx">
      <Filter>99. Etc\Shader/Fx</Filter>
    </FxCompile>
    <ClCompile Include="..\Code\Spear.cpp">
      <Filter>02. Object\Item\Spear</Filter>
    </ClCompile>
    <ClCompile Include="..\Code\Crossbow.cpp">
      <Filter>02. Object\Item\Crossbow</Filter>
    </ClCompile>
    <FxCompile Include="..\Resource\Shader\AnimationPaticle.fx">
      <Filter>99. Etc\Shader/Fx</Filter>
    </FxCompile>
    <FxCompile Include="..\Resource\Shader\ExplodeParticle.fx">
      <Filter>99. Etc\Shader/Fx</Filter>
    </FxCompile>
    <FxCompile Include="..\Resource\Shader\FireBlock.fx">
      <Filter>99. Etc\Shader/Fx</Filter>
    </FxCompile>
  </ItemGroup>
</Project>