<?xml version="1.0" encoding="utf-8"?>
<Project ToolsVersion="4.0" xmlns="http://schemas.microsoft.com/developer/msbuild/2003">
  <ItemGroup>
    <Filter Include="00. MainApp">
      <UniqueIdentifier>{e8bd49f9-d4c2-4002-9ba4-50b9b9cda714}</UniqueIdentifier>
    </Filter>
    <Filter Include="99. Etc">
      <UniqueIdentifier>{a22aa319-320d-4f2b-ac3c-b97a66226eb4}</UniqueIdentifier>
    </Filter>
    <Filter Include="99. Etc\pch">
      <UniqueIdentifier>{159b3947-5451-4117-8838-1d3118496c18}</UniqueIdentifier>
    </Filter>
    <Filter Include="100. Executable">
      <UniqueIdentifier>{7e0eb265-019d-47b0-894c-3b8acf6ec377}</UniqueIdentifier>
    </Filter>
    <Filter Include="01. Scene">
      <UniqueIdentifier>{2fd01564-4fdf-47b4-9062-cb5f13d0d79e}</UniqueIdentifier>
    </Filter>
    <Filter Include="02. Object">
      <UniqueIdentifier>{28d66789-23f9-4794-81d6-2e11ae4821d5}</UniqueIdentifier>
    </Filter>
    <Filter Include="01. Scene\TestScene">
      <UniqueIdentifier>{d4dd108d-25b9-45c4-82a8-2126c1e925d1}</UniqueIdentifier>
    </Filter>
    <Filter Include="01. Scene\LogoScene">
      <UniqueIdentifier>{39b97083-7818-420c-a654-4bbc03ef0b31}</UniqueIdentifier>
    </Filter>
    <Filter Include="02. Object\SkyBox">
      <UniqueIdentifier>{fa569c5c-5c68-4e03-9479-06d02a03255c}</UniqueIdentifier>
    </Filter>
    <Filter Include="01. Scene\LoadingScene">
      <UniqueIdentifier>{52678876-79dc-41a1-baf8-7610b6c30f02}</UniqueIdentifier>
    </Filter>
    <Filter Include="01. Scene\LoadingScene\Loader">
      <UniqueIdentifier>{995b1923-0be6-49b5-b216-2f3b027b0909}</UniqueIdentifier>
    </Filter>
    <Filter Include="99. Etc\Header">
      <UniqueIdentifier>{7fa944f9-866b-4c3b-93da-e6f8f3f14f7d}</UniqueIdentifier>
    </Filter>
    <Filter Include="02. Object\TestObject">
      <UniqueIdentifier>{6d846a5a-52ad-4eb1-ab0b-dba2484c9f11}</UniqueIdentifier>
    </Filter>
    <Filter Include="02. Object\UIObj">
      <UniqueIdentifier>{edd0f473-f082-4ad7-81f3-d71fe38fe4ae}</UniqueIdentifier>
    </Filter>
    <Filter Include="02. Object\BaseCharacter">
      <UniqueIdentifier>{6a607e94-9719-4b35-b32c-7934cd34fd2c}</UniqueIdentifier>
    </Filter>
    <Filter Include="02. Object\BaseCharacter\Bone">
      <UniqueIdentifier>{842e4533-b8b5-4f6a-95b3-74c679d50293}</UniqueIdentifier>
    </Filter>
    <Filter Include="02. Object\Player">
      <UniqueIdentifier>{6ffcf943-49b9-49bf-8352-399ad641cdbd}</UniqueIdentifier>
    </Filter>
    <Filter Include="02. Object\CameraActor">
      <UniqueIdentifier>{787cf409-8411-4408-97c8-8ddd782499c4}</UniqueIdentifier>
    </Filter>
    <Filter Include="02. Object\UIObj\LoadingUI">
      <UniqueIdentifier>{0cf5d416-9d91-4463-8cf4-922fb4a60115}</UniqueIdentifier>
    </Filter>
    <Filter Include="02. Object\UIObj\Cursor">
      <UniqueIdentifier>{921a1788-6987-4885-b04c-ad1d1ef2bf8b}</UniqueIdentifier>
    </Filter>
    <Filter Include="02. Object\Monster">
      <UniqueIdentifier>{ecf0c0f9-ae92-4dc2-97c0-5d3da51e58da}</UniqueIdentifier>
    </Filter>
    <Filter Include="02. Object\Monster\BTNode">
      <UniqueIdentifier>{1e90669f-62da-497b-a3cd-f0157c6d020c}</UniqueIdentifier>
    </Filter>
    <Filter Include="02. Object\CameraActor\FirstCam">
      <UniqueIdentifier>{39a1611e-d6dd-4459-af2d-a4063cc80494}</UniqueIdentifier>
    </Filter>
    <Filter Include="02. Object\CameraActor\ThirdCam">
      <UniqueIdentifier>{e6d8228b-fc52-4916-970b-cf19b1283649}</UniqueIdentifier>
    </Filter>
    <Filter Include="02. Object\CameraActor\RailCam">
      <UniqueIdentifier>{038db0cb-ea10-4b61-9f5a-3c46340a7892}</UniqueIdentifier>
    </Filter>
    <Filter Include="02. Object\UIObj\UIDebugObj">
      <UniqueIdentifier>{82419094-d92a-4d7d-8f56-5b4d4c56fcfe}</UniqueIdentifier>
    </Filter>
    <Filter Include="02. Object\UIObj\HotBar">
      <UniqueIdentifier>{4c6908b3-1f5b-46ac-b116-07162d908392}</UniqueIdentifier>
    </Filter>
    <Filter Include="02. Object\UIObj\HotBar\HotBarBack">
      <UniqueIdentifier>{ff32a50f-0cee-4a9e-9413-9fa0992313bb}</UniqueIdentifier>
    </Filter>
    <Filter Include="02. Object\UIObj\ExpBar">
      <UniqueIdentifier>{16799f8c-2f47-4ef2-a16b-c70cfaa1aabe}</UniqueIdentifier>
    </Filter>
    <Filter Include="02. Object\UIObj\HpBar">
      <UniqueIdentifier>{7f8466f6-7329-46f7-a639-08e72bf16f1f}</UniqueIdentifier>
    </Filter>
    <Filter Include="02. Object\UIObj\HpBar\HPBarBack">
      <UniqueIdentifier>{26c44d7d-72eb-4213-ad73-d0d7dcc24ae7}</UniqueIdentifier>
    </Filter>
    <Filter Include="02. Object\UIObj\HpBar\HPBarFront">
      <UniqueIdentifier>{f48f0958-d4af-4bfd-a97b-e2af1b555b5a}</UniqueIdentifier>
    </Filter>
    <Filter Include="02. Object\UIObj\Slot">
      <UniqueIdentifier>{eaed2440-bd7f-4420-8fde-f3ffe8ab7a75}</UniqueIdentifier>
    </Filter>
    <Filter Include="02. Object\UIObj\Dash">
      <UniqueIdentifier>{eb00f7b4-9125-4f29-9595-578ffdc8f4bc}</UniqueIdentifier>
    </Filter>
    <Filter Include="02. Object\UIObj\Emerald">
      <UniqueIdentifier>{b55a1429-2e13-414d-9c7a-24a3cf430b44}</UniqueIdentifier>
    </Filter>
    <Filter Include="02. Object\Monster\BTNode\Action">
      <UniqueIdentifier>{039f5f30-0e5b-4c77-a75e-6c7120cc6b01}</UniqueIdentifier>
    </Filter>
    <Filter Include="02. Object\UIObj\Slot\ArrowSlot">
      <UniqueIdentifier>{d32685e0-1474-41ae-a3c4-64252e815624}</UniqueIdentifier>
    </Filter>
    <Filter Include="02. Object\UIObj\ExpBar\ExpBarFront">
      <UniqueIdentifier>{993abded-2230-4bec-9061-b762825a580f}</UniqueIdentifier>
    </Filter>
    <Filter Include="02. Object\UIObj\ExpBar\ExpBarBack">
      <UniqueIdentifier>{b273c10f-7d6f-4c1f-bd24-49fd9bf361dd}</UniqueIdentifier>
    </Filter>
    <Filter Include="02. Object\UIObj\Slot\QuickSlot">
      <UniqueIdentifier>{5f79b9a4-77fb-4a3c-9d72-515676a39030}</UniqueIdentifier>
    </Filter>
    <Filter Include="02. Object\Monster\Zombie">
      <UniqueIdentifier>{29a25081-9fe3-41d0-8766-63fd5707b964}</UniqueIdentifier>
    </Filter>
    <Filter Include="02. Object\Monster\Skeleton">
      <UniqueIdentifier>{d76c092f-c541-47a0-8c8a-5013da963e4d}</UniqueIdentifier>
    </Filter>
    <Filter Include="02. Object\UIObj\MouseUI">
      <UniqueIdentifier>{96f0d89b-7188-4aaf-b15b-f705b662d974}</UniqueIdentifier>
    </Filter>
    <Filter Include="02. Object\UIObj\MouseUI\MouseLeft">
      <UniqueIdentifier>{e92ad393-db1a-42ca-8663-10f08e54878a}</UniqueIdentifier>
    </Filter>
    <Filter Include="02. Object\UIObj\MouseUI\MouseRight">
      <UniqueIdentifier>{1493f90a-9921-45e5-9e59-33bacb915c94}</UniqueIdentifier>
    </Filter>
    <Filter Include="02. Object\UIObj\Slot\QuickSlotPlus">
      <UniqueIdentifier>{7e9c9aed-302b-4824-8e55-68e7f95e92f5}</UniqueIdentifier>
    </Filter>
    <Filter Include="02. Object\UIObj\Button">
      <UniqueIdentifier>{073d1e37-323a-41f4-b127-9bd0965346fa}</UniqueIdentifier>
    </Filter>
    <Filter Include="02. Object\UIObj\Panel">
      <UniqueIdentifier>{1f7c4e3f-0c7e-4901-be40-d26d94e1d709}</UniqueIdentifier>
    </Filter>
    <Filter Include="02. Object\UIObj\Button\InventoryBtn">
      <UniqueIdentifier>{145e7493-1b5b-42f0-9e61-dcc44989f99a}</UniqueIdentifier>
    </Filter>
    <Filter Include="02. Object\UIObj\Button\MapBtn">
      <UniqueIdentifier>{d1e970cc-bed0-4970-813d-43e8a3431f66}</UniqueIdentifier>
    </Filter>
    <Filter Include="02. Object\UIObj\Button\ExitBtn">
      <UniqueIdentifier>{73be3795-72c4-441c-ad32-9c2d137288f7}</UniqueIdentifier>
    </Filter>
    <Filter Include="02. Object\Light">
      <UniqueIdentifier>{a3b6591f-d5b9-4ba1-a441-1924837c5e48}</UniqueIdentifier>
    </Filter>
    <Filter Include="02. Object\Light\Direction">
      <UniqueIdentifier>{72107362-0f4f-47d3-b6a9-b3b4f6a3e567}</UniqueIdentifier>
    </Filter>
    <Filter Include="02. Object\Light\Point">
      <UniqueIdentifier>{7c81f8d6-d1d8-495a-8d5e-274119b37ab2}</UniqueIdentifier>
    </Filter>
    <Filter Include="02. Object\Item">
      <UniqueIdentifier>{00b083ae-f5c0-476a-8bf8-75a57fc8a812}</UniqueIdentifier>
    </Filter>
    <Filter Include="02. Object\Item\Sword">
      <UniqueIdentifier>{82ebb956-eec6-436a-b679-13ca99d03fe5}</UniqueIdentifier>
    </Filter>
    <Filter Include="02. Object\Item\Bow">
      <UniqueIdentifier>{e8969dd1-2bc7-497b-add4-2cb1bc657a17}</UniqueIdentifier>
    </Filter>
    <Filter Include="02. Object\UIObj\Panel\InventoryPanel">
      <UniqueIdentifier>{975edd8f-7629-40fe-89cb-a57e5e41f728}</UniqueIdentifier>
    </Filter>
    <Filter Include="02. Object\UIObj\Slot\GearSlot">
      <UniqueIdentifier>{81605eca-a69b-48fd-a392-028277a5bc75}</UniqueIdentifier>
    </Filter>
    <Filter Include="02. Object\UIObj\Slot\GearSlotPlus">
      <UniqueIdentifier>{018d9042-ff23-4620-b39d-ad6c2e05d416}</UniqueIdentifier>
    </Filter>
    <Filter Include="02. Object\UIObj\Slot\GearStrength">
      <UniqueIdentifier>{4303a188-27b0-4efe-a87c-4aaf7f963b84}</UniqueIdentifier>
    </Filter>
    <Filter Include="02. Object\UIObj\Slot\GearStrengthPlus">
      <UniqueIdentifier>{04ae4508-3493-4cdb-9c92-568add98188a}</UniqueIdentifier>
    </Filter>
    <Filter Include="02. Object\UIObj\Slot\LevelFront">
      <UniqueIdentifier>{cf0f129f-7032-4883-89f2-3d6c2c27da9d}</UniqueIdentifier>
    </Filter>
    <Filter Include="02. Object\UIObj\Icon">
      <UniqueIdentifier>{f3604252-e813-433c-90a1-585e6d9ac2b9}</UniqueIdentifier>
    </Filter>
    <Filter Include="02. Object\UIObj\Icon\00. FilterIcon">
      <UniqueIdentifier>{9ac9d311-cdcf-4186-afdc-8c52ba293b9a}</UniqueIdentifier>
    </Filter>
    <Filter Include="02. Object\UIObj\Icon\01. Swordfilter">
      <UniqueIdentifier>{f3e6ec11-90cb-4fdc-8782-eae295d796ec}</UniqueIdentifier>
    </Filter>
    <Filter Include="02. Object\UIObj\Icon\02. Arrowfilter">
      <UniqueIdentifier>{38c62860-553a-488b-a688-11e1798f3fb0}</UniqueIdentifier>
    </Filter>
    <Filter Include="02. Object\UIObj\Icon\03. Armorfilter">
      <UniqueIdentifier>{662c24ad-d98d-4d36-84d5-ce595cb28a53}</UniqueIdentifier>
    </Filter>
    <Filter Include="02. Object\UIObj\Icon\04. Potionfilter">
      <UniqueIdentifier>{86e8f850-db48-4e41-9833-e6b96289ef05}</UniqueIdentifier>
    </Filter>
    <Filter Include="02. Object\UIObj\Icon\05. EnchantFilter">
      <UniqueIdentifier>{f3a38c53-1ff0-47e3-892b-07e2ff3c1787}</UniqueIdentifier>
    </Filter>
    <Filter Include="02. Object\UIObj\Icon\06. CostumeFilter">
      <UniqueIdentifier>{449e87c8-923d-467d-a95a-b23160440968}</UniqueIdentifier>
    </Filter>
    <Filter Include="02. Object\UIObj\Slot\InventorySlot">
      <UniqueIdentifier>{d914f399-5087-4522-bc85-0f2b25e7eb73}</UniqueIdentifier>
    </Filter>
    <Filter Include="02. Object\Monster\Creeper">
      <UniqueIdentifier>{55568c30-c6cf-4688-ad2b-9ca5d546b10d}</UniqueIdentifier>
    </Filter>
    <Filter Include="02. Object\Item\Arrow">
      <UniqueIdentifier>{4d40d8dd-85fa-498a-aed9-2d68bd53ad62}</UniqueIdentifier>
    </Filter>
    <Filter Include="02. Object\Monster\RedGolem">
      <UniqueIdentifier>{f7c7a97f-8097-4846-804b-4d246800255f}</UniqueIdentifier>
    </Filter>
    <Filter Include="02. Object\Monster\RedGolem\Projectile">
      <UniqueIdentifier>{14456796-8f96-4088-a27a-aa13642bd049}</UniqueIdentifier>
    </Filter>
    <Filter Include="02. Object\UIObj\Slot\ItemSlot">
      <UniqueIdentifier>{18112d4c-19ea-41a9-9f17-c8ddf317460a}</UniqueIdentifier>
    </Filter>
    <Filter Include="02. Object\UIObj\InventoryEmerald">
      <UniqueIdentifier>{f4b4d265-4135-4773-b627-ae21d2c2c3a1}</UniqueIdentifier>
    </Filter>
    <Filter Include="02. Object\UIObj\InventoryEnchant">
      <UniqueIdentifier>{915546ff-5811-4797-b5e9-a3945d768751}</UniqueIdentifier>
    </Filter>
    <Filter Include="02. Object\UIObj\ScrollBack">
      <UniqueIdentifier>{0be50c81-d2b4-4ac1-a9d2-25fe070e8716}</UniqueIdentifier>
    </Filter>
    <Filter Include="02. Object\UIObj\Item">
      <UniqueIdentifier>{f9baad88-dcfe-443d-bdda-9b55567d7652}</UniqueIdentifier>
    </Filter>
    <Filter Include="02. Object\UIObj\InventoryUI">
      <UniqueIdentifier>{81d7d4dd-f144-4abb-92e7-4e4ea2ee6b33}</UniqueIdentifier>
    </Filter>
    <Filter Include="02. Object\UIObj\Item\00. SwordItem">
      <UniqueIdentifier>{7465cec9-c470-453c-a104-8ce5a8019618}</UniqueIdentifier>
    </Filter>
    <Filter Include="01. Scene\UIManager">
      <UniqueIdentifier>{97af0672-8d0a-43fd-96df-c5a46fe31bd8}</UniqueIdentifier>
    </Filter>
    <Filter Include="01. Scene\UIManager\InventoryUIBuilder">
      <UniqueIdentifier>{a6970c45-6bb9-4dbf-982e-928b72f75291}</UniqueIdentifier>
    </Filter>
    <Filter Include="02. Object\UIObj\Item\01. BowItem">
      <UniqueIdentifier>{253139af-b937-4340-b766-da94797aec04}</UniqueIdentifier>
    </Filter>
    <Filter Include="02. Object\UIObj\Item\04. HP_Potion">
      <UniqueIdentifier>{f2a2d80a-c29e-48d0-a186-6ddcd89eea08}</UniqueIdentifier>
    </Filter>
    <Filter Include="02. Object\UIObj\Item\02. WolfArmor">
      <UniqueIdentifier>{e01fdcd5-31ae-4ffb-b8b7-856d2b88c10a}</UniqueIdentifier>
    </Filter>
    <Filter Include="02. Object\UIObj\Item\03. RocketItem">
      <UniqueIdentifier>{4378acd1-1adc-42b0-8df0-7aa24c4b787a}</UniqueIdentifier>
    </Filter>
    <Filter Include="02. Object\UIObj\Item\Sword">
      <UniqueIdentifier>{32b85a88-8d78-4c98-9462-c2ac5d47d87d}</UniqueIdentifier>
    </Filter>
    <Filter Include="02. Object\UIObj\QuestTextObj">
      <UniqueIdentifier>{91e2b8b4-72bd-44be-8e7d-a8269d158f4f}</UniqueIdentifier>
    </Filter>
    <Filter Include="99. Etc\Shader/Fx">
      <UniqueIdentifier>{23c39b64-fa09-4d84-bbba-49cff170b28d}</UniqueIdentifier>
    </Filter>
    <Filter Include="02. Object\Monster\BTNode\Action\Monster">
      <UniqueIdentifier>{481858d7-6ae8-4b21-86ff-388aa5fb651a}</UniqueIdentifier>
    </Filter>
    <Filter Include="02. Object\Monster\BTNode\Action\Boss">
      <UniqueIdentifier>{261c8862-ddc4-4747-8e27-9b034224954a}</UniqueIdentifier>
    </Filter>
    <Filter Include="02. Object\Monster\BTNode\Decorator">
      <UniqueIdentifier>{be1919a7-a3bc-40ae-bd98-cc7385c6ad57}</UniqueIdentifier>
    </Filter>
    <Filter Include="02. Object\Monster\BTNode\Decorator\Monster">
      <UniqueIdentifier>{752dcd1f-3094-48b0-a3f8-b55390818aae}</UniqueIdentifier>
    </Filter>
    <Filter Include="02. Object\Monster\BTNode\Decorator\Boss">
      <UniqueIdentifier>{f09359cc-229b-419e-a55b-5dfb052caba8}</UniqueIdentifier>
    </Filter>
    <Filter Include="02. Object\UIObj\Panel\QuestPanel">
      <UniqueIdentifier>{52412e65-406e-4e42-9b3e-bcf140689b7e}</UniqueIdentifier>
    </Filter>
    <Filter Include="02. Object\UIObj\Panel\WorldMapPanel">
      <UniqueIdentifier>{a7a57302-6f01-41e2-8414-0a3f207e141c}</UniqueIdentifier>
    </Filter>
    <Filter Include="01. Scene\UIManager\UILoader">
      <UniqueIdentifier>{782f7a20-b6f3-44db-94e8-12e7eb8b2021}</UniqueIdentifier>
    </Filter>
    <Filter Include="02. Object\UIObj\Button\Locked_Node">
      <UniqueIdentifier>{d12dcb0c-bc08-4a42-8847-bbef7d269a00}</UniqueIdentifier>
    </Filter>
    <Filter Include="02. Object\UIObj\Button\MapNode">
      <UniqueIdentifier>{db018844-a88c-49fd-a806-bf884c53bf45}</UniqueIdentifier>
    </Filter>
    <Filter Include="02. Object\UIObj\Button\LockedNode_Back">
      <UniqueIdentifier>{1f75d5cb-a79e-4c5a-8574-e84973586753}</UniqueIdentifier>
    </Filter>
    <Filter Include="02. Object\UIObj\Button\MapNode_Front">
      <UniqueIdentifier>{c25954a4-4c89-454a-bf96-7596365b67fc}</UniqueIdentifier>
    </Filter>
    <Filter Include="02. Object\UIObj\LoadingUI\LoadingStone">
      <UniqueIdentifier>{a0df6aec-5ee3-450b-89ff-618aae2eeef3}</UniqueIdentifier>
    </Filter>
    <Filter Include="02. Object\UIObj\Panel\WorldMapTextPanel">
      <UniqueIdentifier>{bffa4f9e-6c08-4779-b144-0a868dc4d049}</UniqueIdentifier>
    </Filter>
    <Filter Include="02. Object\UIObj\Tooltip">
      <UniqueIdentifier>{d489bb1f-85d1-4718-b812-87db22ed94e1}</UniqueIdentifier>
    </Filter>
    <Filter Include="02. Object\UIObj\Tooltip\WorldTooltip">
      <UniqueIdentifier>{34b8dd7a-b589-493e-ac80-b8b33dbda7b7}</UniqueIdentifier>
    </Filter>
    <Filter Include="02. Object\UIObj\Tooltip\TooltipObj">
      <UniqueIdentifier>{791f16c4-7087-4ad4-8813-882cccd29a7d}</UniqueIdentifier>
    </Filter>
    <Filter Include="02. Object\UIObj\Tooltip\FilterTooltip">
      <UniqueIdentifier>{0b274195-08ee-43af-ae39-a76c1d5eef38}</UniqueIdentifier>
    </Filter>
    <Filter Include="02. Object\UIObj\Item\06. PigItem">
      <UniqueIdentifier>{a260439e-c6f4-486f-a93d-3f6d153faf58}</UniqueIdentifier>
    </Filter>
    <Filter Include="02. Object\UIObj\Item\05. FishingItem">
      <UniqueIdentifier>{86943bb5-011a-4051-a90d-f9010908dd21}</UniqueIdentifier>
    </Filter>
    <Filter Include="02. Object\UIObj\HpBar\EnemyHPBarFront">
      <UniqueIdentifier>{066ddb7d-9d39-446f-b729-30254a23fd58}</UniqueIdentifier>
    </Filter>
    <Filter Include="02. Object\UIObj\HpBar\EnemyHPBarBack">
      <UniqueIdentifier>{5b234947-6b40-436f-b0cd-83e90f3f9562}</UniqueIdentifier>
    </Filter>
    <Filter Include="02. Object\UIObj\HpBar\BossHPBarFront">
      <UniqueIdentifier>{e4750e43-6aaa-47e2-9554-37a9542559c4}</UniqueIdentifier>
    </Filter>
    <Filter Include="02. Object\Spawner">
      <UniqueIdentifier>{dabd5484-e365-4db5-816b-900c42f87975}</UniqueIdentifier>
    </Filter>
    <Filter Include="02. Object\Spawner\Spawner">
      <UniqueIdentifier>{2cd76ed9-5c7e-440b-8d99-74c70ba62af1}</UniqueIdentifier>
    </Filter>
    <Filter Include="02. Object\Spawner\TriggerBox">
      <UniqueIdentifier>{665aef6e-3cea-46d9-802e-d8a174d15bbd}</UniqueIdentifier>
    </Filter>  
    <Filter Include="02. Object\UIObj\Icon\07. BossIcon">
      <UniqueIdentifier>{5c469025-e009-4574-819f-577182eb469f}</UniqueIdentifier>
    </Filter>
    <Filter Include="02. Object\UIObj\ParticleObj">
      <UniqueIdentifier>{ecd64471-9daa-439e-ad9f-45bd10feffc0}</UniqueIdentifier>
    </Filter>
    <Filter Include="02. Object\UIObj\DamageText">
      <UniqueIdentifier>{51f9e712-51a5-4d13-af14-844000a64020}</UniqueIdentifier>
    </Filter>
    <Filter Include="02. Object\UIObj\HpBar\HPBarWhite">
      <UniqueIdentifier>{a770cd5a-670d-4d7a-9836-e1dfc3253900}</UniqueIdentifier>
    </Filter>
  </ItemGroup>
  <ItemGroup>
    <ClInclude Include="..\Header\MainApp.h">
      <Filter>00. MainApp</Filter>
    </ClInclude>
    <ClInclude Include="pch.h">
      <Filter>99. Etc\pch</Filter>
    </ClInclude>
    <ClInclude Include="Resource.h">
      <Filter>99. Etc</Filter>
    </ClInclude>
    <ClInclude Include="..\Header\TestScene.h">
      <Filter>01. Scene\TestScene</Filter>
    </ClInclude>
    <ClInclude Include="..\Header\LogoScene.h">
      <Filter>01. Scene\LogoScene</Filter>
    </ClInclude>
    <ClInclude Include="..\Header\LoadingScene.h">
      <Filter>01. Scene\LoadingScene</Filter>
    </ClInclude>
    <ClInclude Include="..\Header\Loader.h">
      <Filter>01. Scene\LoadingScene\Loader</Filter>
    </ClInclude>
    <ClInclude Include="Client_Defines.h">
      <Filter>99. Etc\Header</Filter>
    </ClInclude>
    <ClInclude Include="..\Header\SkyBox.h">
      <Filter>02. Object\SkyBox</Filter>
    </ClInclude>
    <ClInclude Include="..\Header\TestObject.h">
      <Filter>02. Object\TestObject</Filter>
    </ClInclude>
    <ClInclude Include="..\Header\BaseCharacter.h">
      <Filter>02. Object\BaseCharacter</Filter>
    </ClInclude>
    <ClInclude Include="..\Header\Bone.h">
      <Filter>02. Object\BaseCharacter\Bone</Filter>
    </ClInclude>
    <ClInclude Include="..\Header\HPBarFront.h">
      <Filter>02. Object\UIObj\HpBar\HPBarFront</Filter>
    </ClInclude>
    <ClInclude Include="..\Header\HPBarBack.h">
      <Filter>02. Object\UIObj\HpBar\HPBarBack</Filter>
    </ClInclude>
    <ClInclude Include="..\Header\CameraActor.h">
      <Filter>02. Object\CameraActor</Filter>
    </ClInclude>
    <ClInclude Include="..\Header\Player.h">
      <Filter>02. Object\Player</Filter>
    </ClInclude>
    <ClInclude Include="..\Header\LoadingUI.h">
      <Filter>02. Object\UIObj\LoadingUI</Filter>
    </ClInclude>
    <ClInclude Include="..\Header\Cursor.h">
      <Filter>02. Object\UIObj\Cursor</Filter>
    </ClInclude>
    <ClInclude Include="..\Header\InventoryPanel.h">
      <Filter>02. Object\UIObj\Panel\InventoryPanel</Filter>
    </ClInclude>
    <ClInclude Include="..\Header\Monster.h">
      <Filter>02. Object\Monster</Filter>
    </ClInclude>
    <ClInclude Include="..\Header\FirstCam.h">
      <Filter>02. Object\CameraActor\FirstCam</Filter>
    </ClInclude>
    <ClInclude Include="..\Header\ThirdCam.h">
      <Filter>02. Object\CameraActor\ThirdCam</Filter>
    </ClInclude>
    <ClInclude Include="..\Header\UIDebugObj.h">
      <Filter>02. Object\UIObj\UIDebugObj</Filter>
    </ClInclude>
    <ClInclude Include="..\Header\HotBarBack.h">
      <Filter>02. Object\UIObj\HotBar\HotBarBack</Filter>
    </ClInclude>
    <ClInclude Include="..\Header\DashUI.h">
      <Filter>02. Object\UIObj\Dash</Filter>
    </ClInclude>
    <ClInclude Include="..\Header\Emerald.h">
      <Filter>02. Object\UIObj\Emerald</Filter>
    </ClInclude>
    <ClInclude Include="..\Header\ExpBarFront.h">
      <Filter>02. Object\UIObj\ExpBar\ExpBarFront</Filter>
    </ClInclude>
    <ClInclude Include="..\Header\ExpBarFront.h">
      <Filter>02. Object\UIObj\ExpBar\ExpBarFront</Filter>
    </ClInclude>
    <ClInclude Include="..\Header\ArrowSlot.h">
      <Filter>02. Object\UIObj\Slot\ArrowSlot</Filter>
    </ClInclude>
    <ClInclude Include="..\Header\QuickSlot.h">
      <Filter>02. Object\UIObj\Slot\QuickSlot</Filter>
    </ClInclude>
    <ClInclude Include="..\Header\ExpBarBack.h" />
    <ClInclude Include="..\Header\Skeleton.h">
      <Filter>02. Object\Monster\Skeleton</Filter>
    </ClInclude>
    <ClInclude Include="..\Header\Zombie.h">
      <Filter>02. Object\Monster\Zombie</Filter>
    </ClInclude>
    <ClInclude Include="..\Header\InventoryBtn.h">
      <Filter>02. Object\UIObj\Button\InventoryBtn</Filter>
    </ClInclude>
    <ClInclude Include="..\Header\MapBtn.h">
      <Filter>02. Object\UIObj\Button\MapBtn</Filter>
    </ClInclude>
    <ClInclude Include="..\Header\MouseLeftUI.h">
      <Filter>02. Object\UIObj\MouseUI\MouseLeft</Filter>
    </ClInclude>
    <ClInclude Include="..\Header\MouseRightUI.h">
      <Filter>02. Object\UIObj\MouseUI\MouseRight</Filter>
    </ClInclude>
    <ClInclude Include="..\Header\QuickSlotPlus.h">
      <Filter>02. Object\UIObj\Slot\QuickSlotPlus</Filter>
    </ClInclude>
    <ClInclude Include="..\Header\ExitBtn.h">
      <Filter>02. Object\UIObj\Button\ExitBtn</Filter>
    </ClInclude>
    <ClInclude Include="..\Header\DirectionLight.h">
      <Filter>02. Object\Light\Direction</Filter>
    </ClInclude>
    <ClInclude Include="..\Header\Item.h">
      <Filter>02. Object\Item</Filter>
    </ClInclude>
    <ClInclude Include="..\Header\Sword.h">
      <Filter>02. Object\Item\Sword</Filter>
    </ClInclude>
    <ClInclude Include="..\Header\Bow.h">
      <Filter>02. Object\Item\Bow</Filter>
    </ClInclude>
    <ClInclude Include="..\Header\ExpBarBack.h">
      <Filter>02. Object\UIObj\ExpBar\ExpBarBack</Filter>
    </ClInclude>
    <ClInclude Include="..\Header\GearSlot.h">
      <Filter>02. Object\UIObj\Slot\GearSlot</Filter>
    </ClInclude>
    <ClInclude Include="..\Header\EmeraldSword.h">
      <Filter>02. Object\UIObj\Item\Sword</Filter>
    </ClInclude>
    <ClInclude Include="..\Header\GearSlotPlus.h">
      <Filter>02. Object\UIObj\Slot\GearSlotPlus</Filter>
    </ClInclude>
    <ClInclude Include="..\Header\HP_Potion.h">
      <Filter>02. Object\UIObj\Item\04. HP_Potion</Filter>
    </ClInclude>
    <ClInclude Include="..\Header\GearStrength.h">
      <Filter>02. Object\UIObj\Slot\GearStrength</Filter>
    </ClInclude>
    <ClInclude Include="..\Header\GearStrengthBack.h">
      <Filter>02. Object\UIObj\Slot\GearStrengthPlus</Filter>
    </ClInclude>
    <ClInclude Include="..\Header\LevelFront.h">
      <Filter>02. Object\UIObj\Slot\LevelFront</Filter>
    </ClInclude>
    <ClInclude Include="..\Header\Filter.h">
      <Filter>02. Object\UIObj\Icon\00. FilterIcon</Filter>
    </ClInclude>
    <ClInclude Include="..\Header\SwordFilter.h">
      <Filter>02. Object\UIObj\Icon\01. Swordfilter</Filter>
    </ClInclude>
    <ClInclude Include="..\Header\ArrowFilter.h">
      <Filter>02. Object\UIObj\Icon\02. Arrowfilter</Filter>
    </ClInclude>
    <ClInclude Include="..\Header\ArmorFilter.h">
      <Filter>02. Object\UIObj\Icon\03. Armorfilter</Filter>
    </ClInclude>
    <ClInclude Include="..\Header\PotionFilter.h">
      <Filter>02. Object\UIObj\Icon\04. Potionfilter</Filter>
    </ClInclude>
    <ClInclude Include="..\Header\EnchantFilter.h">
      <Filter>02. Object\UIObj\Icon\05. EnchantFilter</Filter>
    </ClInclude>
    <ClInclude Include="..\Header\CostumeFilter.h">
      <Filter>02. Object\UIObj\Icon\06. CostumeFilter</Filter>
    </ClInclude>
    <ClInclude Include="..\Header\InventorySlot.h">
      <Filter>02. Object\UIObj\Slot\InventorySlot</Filter>
    </ClInclude>
    <ClInclude Include="..\Header\Creeper.h">
      <Filter>02. Object\Monster\Creeper</Filter>
    </ClInclude>
    <ClInclude Include="..\Header\Boss.h">
      <Filter>02. Object\Monster</Filter>
    </ClInclude>
    <ClInclude Include="..\Header\RedGolem.h">
      <Filter>02. Object\Monster\RedGolem</Filter>
    </ClInclude>
    <ClInclude Include="..\Header\GolemProjectile.h">
      <Filter>02. Object\Monster\RedGolem\Projectile</Filter>
    </ClInclude>
    <ClInclude Include="..\Header\Arrow.h">
      <Filter>02. Object\Item\Arrow</Filter>
    </ClInclude>
    <ClInclude Include="..\Header\Arrow.h">
      <Filter>02. Object\Item\Arrow</Filter>
    </ClInclude>
    <ClInclude Include="..\Header\ItemSlot.h">
      <Filter>02. Object\UIObj\Slot\ItemSlot</Filter>
    </ClInclude>
    <ClInclude Include="..\Header\InventoryEmerald.h">
      <Filter>02. Object\UIObj\InventoryEmerald</Filter>
    </ClInclude>
    <ClInclude Include="..\Header\InventoryEnchant.h">
      <Filter>02. Object\UIObj\InventoryEnchant</Filter>
    </ClInclude>
    <ClInclude Include="..\Header\ScrollBack.h">
      <Filter>02. Object\UIObj\ScrollBack</Filter>
    </ClInclude>
    <ClInclude Include="..\Header\InventoryUI.h">
      <Filter>02. Object\UIObj\InventoryUI</Filter>
    </ClInclude>
    <ClInclude Include="..\Header\SwordItem.h">
      <Filter>02. Object\UIObj\Item\00. SwordItem</Filter>
    </ClInclude>
    <ClInclude Include="..\Header\BowItem.h">
      <Filter>02. Object\UIObj\Item\01. BowItem</Filter>
    </ClInclude>
    <ClInclude Include="..\Header\WolfArmor.h">
      <Filter>02. Object\UIObj\Item\02. WolfArmor</Filter>
    </ClInclude>
    <ClInclude Include="..\Header\RocketItem.h">
      <Filter>02. Object\UIObj\Item\03. RocketItem</Filter>
    </ClInclude>
    <ClInclude Include="..\Header\TooltipObj.h">
      <Filter>02. Object\UIObj\Tooltip\TooltipObj</Filter>
    </ClInclude>
    <ClInclude Include="..\Header\FishingItem.h">
      <Filter>02. Object\UIObj\Item\05. FishingItem</Filter>
    </ClInclude>
    <ClInclude Include="..\Header\QuestPanel.h">
      <Filter>02. Object\UIObj\Panel\QuestPanel</Filter>
    </ClInclude>
    <ClInclude Include="..\Header\QuestTextObj.h">
      <Filter>02. Object\UIObj\QuestTextObj</Filter>
    </ClInclude>
    <ClInclude Include="..\Header\Attack.h">
      <Filter>02. Object\Monster\BTNode\Action\Monster</Filter>
    </ClInclude>
    <ClInclude Include="..\Header\Chase.h">
      <Filter>02. Object\Monster\BTNode\Action\Monster</Filter>
    </ClInclude>
    <ClInclude Include="..\Header\Die.h">
      <Filter>02. Object\Monster\BTNode\Action\Monster</Filter>
    </ClInclude>
    <ClInclude Include="..\Header\Rotate.h">
      <Filter>02. Object\Monster\BTNode\Action\Monster</Filter>
    </ClInclude>
    <ClInclude Include="..\Header\IsTimerOn.h">
      <Filter>02. Object\Monster\BTNode\Decorator\Boss</Filter>
    </ClInclude>
    <ClInclude Include="..\Header\IsTargetInAttackRange.h">
      <Filter>02. Object\Monster\BTNode\Decorator\Monster</Filter>
    </ClInclude>
    <ClInclude Include="..\Header\IsTargetInDetectRange.h">
      <Filter>02. Object\Monster\BTNode\Decorator\Monster</Filter>
    </ClInclude>
    <ClInclude Include="..\Header\IsAlive.h">
      <Filter>02. Object\Monster\BTNode\Decorator</Filter>
    </ClInclude>
    <ClInclude Include="..\Header\IsTargetInRange.h">
      <Filter>02. Object\Monster\BTNode\Decorator\Boss</Filter>
    </ClInclude>
    <ClInclude Include="..\Header\BossChase.h">
      <Filter>02. Object\Monster\BTNode\Action\Boss</Filter>
    </ClInclude>
    <ClInclude Include="..\Header\WorldMapPanel.h">
      <Filter>02. Object\UIObj\Panel\WorldMapPanel</Filter>
    </ClInclude>
    <ClInclude Include="..\Header\Locked_Node.h">
      <Filter>02. Object\UIObj\Button\Locked_Node</Filter>
    </ClInclude>
    <ClInclude Include="..\Header\MapNode.h">
      <Filter>02. Object\UIObj\Button\MapNode</Filter>
    </ClInclude>
    <ClInclude Include="..\Header\LockNode_Back.h">
      <Filter>02. Object\UIObj\Button\LockedNode_Back</Filter>
    </ClInclude>
    <ClInclude Include="..\Header\MapNode_Front.h">
      <Filter>02. Object\UIObj\Button\MapNode_Front</Filter>
    </ClInclude>
    <ClInclude Include="..\Header\LoadingStone.h">
      <Filter>02. Object\UIObj\LoadingUI\LoadingStone</Filter>
    </ClInclude>
    <ClInclude Include="..\Header\WorldMapTextPanel.h">
      <Filter>02. Object\UIObj\Panel\WorldMapTextPanel</Filter>
    </ClInclude>
    <ClInclude Include="..\Header\UILoader.h" />
    <ClInclude Include="..\Header\WorldTooltip.h">
      <Filter>02. Object\UIObj\Tooltip\WorldTooltip</Filter>
    </ClInclude>
    <ClInclude Include="..\Header\UILoader.h">
      <Filter>01. Scene\UIManager\UILoader</Filter>
    </ClInclude>
    <ClInclude Include="..\Header\FilterTooltip.h">
      <Filter>02. Object\UIObj\Tooltip\FilterTooltip</Filter>
    </ClInclude>
    <ClInclude Include="..\Header\PigItem.h">
      <Filter>02. Object\UIObj\Item\06. PigItem</Filter>
    </ClInclude>
    <ClInclude Include="..\Header\EnemyHPBarFront.h">
      <Filter>02. Object\UIObj\HpBar\EnemyHPBarFront</Filter>
    </ClInclude>
    <ClInclude Include="..\Header\EnemyHPBarBack.h">
      <Filter>02. Object\UIObj\HpBar\EnemyHPBarBack</Filter>
    </ClInclude>
    <ClInclude Include="..\Header\BossHPBarFront.h">
      <Filter>02. Object\UIObj\HpBar\BossHPBarFront</Filter>
    </ClInclude>
    <ClInclude Include="..\Header\Spawner.h">
      <Filter>02. Object\Spawner\Spawner</Filter>
    </ClInclude>
    <ClInclude Include="..\Header\SpawnTriggerBox.h">
      <Filter>02. Object\Spawner\TriggerBox</Filter>
    </ClInclude>
    <ClInclude Include="..\Header\InventoryUIBuilder.h">
      <Filter>01. Scene\UIManager\InventoryUIBuilder</Filter>
    </ClInclude>
    <ClInclude Include="..\Header\IsTargetClose.h">
      <Filter>02. Object\Monster\BTNode\Decorator\Monster</Filter>
    </ClInclude>
    <ClInclude Include="..\Header\BackStep.h">
      <Filter>02. Object\Monster\BTNode\Action\Monster</Filter>
    </ClInclude>
    <ClInclude Include="..\Header\Arrow.h">
      <Filter>02. Object\Item\Arrow</Filter>
    </ClInclude>  
    <ClInclude Include="..\Header\BossIcon.h">
      <Filter>02. Object\UIObj\Icon\07. BossIcon</Filter>
    </ClInclude>
    <ClInclude Include="..\Header\ParticleObj.h">
      <Filter>02. Object\UIObj\ParticleObj</Filter>
    </ClInclude>
    <ClInclude Include="..\Header\DamageText.h">
      <Filter>02. Object\UIObj\DamageText</Filter>
    </ClInclude>
    <ClInclude Include="..\Header\HPBarWhite.h">
      <Filter>02. Object\UIObj\HpBar\HPBarWhite</Filter>
    </ClInclude>
  </ItemGroup>
  <ItemGroup>
    <ClCompile Include="..\Code\MainApp.cpp">
      <Filter>00. MainApp</Filter>
    </ClCompile>
    <ClCompile Include="pch.cpp">
      <Filter>99. Etc\pch</Filter>
    </ClCompile>
    <ClCompile Include="..\Code\TestScene.cpp">
      <Filter>01. Scene\TestScene</Filter>
    </ClCompile>
    <ClCompile Include="..\Code\LogoScene.cpp">
      <Filter>01. Scene\LogoScene</Filter>
    </ClCompile>
    <ClCompile Include="..\Code\SkyBox.cpp">
      <Filter>02. Object\SkyBox</Filter>
    </ClCompile>
    <ClCompile Include="..\Code\LoadingScene.cpp">
      <Filter>01. Scene\LoadingScene</Filter>
    </ClCompile>
    <ClCompile Include="..\Code\Loader.cpp">
      <Filter>01. Scene\LoadingScene\Loader</Filter>
    </ClCompile>
    <ClCompile Include="..\Code\TestObject.cpp">
      <Filter>02. Object\TestObject</Filter>
    </ClCompile>
    <ClCompile Include="..\Code\Player.cpp">
      <Filter>02. Object\UIObj</Filter>
    </ClCompile>
    <ClCompile Include="..\Code\BaseCharacter.cpp">
      <Filter>02. Object\BaseCharacter</Filter>
    </ClCompile>
    <ClCompile Include="..\Code\Bone.cpp">
      <Filter>02. Object\BaseCharacter\Bone</Filter>
    </ClCompile>
    <ClCompile Include="..\Code\HPBarFront.cpp">
      <Filter>02. Object\UIObj\HpBar\HPBarFront</Filter>
    </ClCompile>
    <ClCompile Include="..\Code\HPBarBack.cpp">
      <Filter>02. Object\UIObj\HpBar\HPBarBack</Filter>
    </ClCompile>
    <ClCompile Include="..\Code\Player.cpp">
      <Filter>02. Object\Player</Filter>
    </ClCompile>
    <ClCompile Include="..\Code\CameraActor.cpp">
      <Filter>02. Object\CameraActor</Filter>
    </ClCompile>
    <ClCompile Include="..\Code\LoadingUI.cpp">
      <Filter>02. Object\UIObj\LoadingUI</Filter>
    </ClCompile>
    <ClCompile Include="..\Code\Cursor.cpp">
      <Filter>02. Object\UIObj\Cursor</Filter>
    </ClCompile>
    <ClCompile Include="..\Code\InventoryPanel.cpp">
      <Filter>02. Object\UIObj\Panel\InventoryPanel</Filter>
    </ClCompile>
    <ClCompile Include="..\Code\FirstCam.cpp">
      <Filter>02. Object\CameraActor\FirstCam</Filter>
    </ClCompile>
    <ClCompile Include="..\Code\ThirdCam.cpp">
      <Filter>02. Object\CameraActor\ThirdCam</Filter>
    </ClCompile>
    <ClCompile Include="..\Code\Monster.cpp">
      <Filter>02. Object\Monster</Filter>
    </ClCompile>
    <ClCompile Include="..\Code\HotBarBack.cpp">
      <Filter>02. Object\UIObj\HotBar\HotBarBack</Filter>
    </ClCompile>
    <ClCompile Include="..\Code\DashUI.cpp">
      <Filter>02. Object\UIObj\Dash</Filter>
    </ClCompile>
    <ClCompile Include="..\Code\Emerald.cpp">
      <Filter>02. Object\UIObj\Emerald</Filter>
    </ClCompile>
    <ClCompile Include="Client.cpp">
      <Filter>100. Executable</Filter>
    </ClCompile>
    <ClCompile Include="..\Code\ExpBarFront.cpp">
      <Filter>02. Object\UIObj\ExpBar\ExpBarFront</Filter>
    </ClCompile>
    <ClCompile Include="..\Code\ExpBarFront.cpp">
      <Filter>02. Object\UIObj\ExpBar\ExpBarFront</Filter>
    </ClCompile>
    <ClCompile Include="..\Code\ArrowSlot.cpp">
      <Filter>02. Object\UIObj\Slot\ArrowSlot</Filter>
    </ClCompile>
    <ClCompile Include="..\Code\UIDebugObj.cpp">
      <Filter>02. Object\UIObj\UIDebugObj</Filter>
    </ClCompile>
    <ClCompile Include="..\Code\QuickSlot.cpp">
      <Filter>02. Object\UIObj\Slot\QuickSlot</Filter>
    </ClCompile>
    <ClCompile Include="..\Code\ExpBarBack.cpp" />
    <ClCompile Include="..\Code\Skeleton.cpp">
      <Filter>02. Object\Monster\Skeleton</Filter>
    </ClCompile>
    <ClCompile Include="..\Code\Zombie.cpp">
      <Filter>02. Object\Monster\Zombie</Filter>
    </ClCompile>
    <ClCompile Include="..\Code\InventoryBtn.cpp">
      <Filter>02. Object\UIObj\Button\InventoryBtn</Filter>
    </ClCompile>
    <ClCompile Include="..\Code\MapBtn.cpp">
      <Filter>02. Object\UIObj\Button\MapBtn</Filter>
    </ClCompile>
    <ClCompile Include="..\Code\MouseLeftUI.cpp">
      <Filter>02. Object\UIObj\MouseUI\MouseLeft</Filter>
    </ClCompile>
    <ClCompile Include="..\Code\MouseRightUI.cpp">
      <Filter>02. Object\UIObj\MouseUI\MouseRight</Filter>
    </ClCompile>
    <ClCompile Include="..\Code\QuickSlotPlus.cpp">
      <Filter>02. Object\UIObj\Slot\QuickSlotPlus</Filter>
    </ClCompile>
    <ClCompile Include="..\Code\ExitBtn.cpp">
      <Filter>02. Object\UIObj\Button\ExitBtn</Filter>
    </ClCompile>
    <ClCompile Include="..\Code\DirectionLight.cpp">
      <Filter>02. Object\Light\Direction</Filter>
    </ClCompile>
    <ClCompile Include="..\Code\Item.cpp">
      <Filter>02. Object\Item</Filter>
    </ClCompile>
    <ClCompile Include="..\Code\Sword.cpp">
      <Filter>02. Object\Item\Sword</Filter>
    </ClCompile>
    <ClCompile Include="..\Code\Bow.cpp">
      <Filter>02. Object\Item\Bow</Filter>
    </ClCompile>
    <ClCompile Include="..\Code\ExpBarBack.cpp">
      <Filter>02. Object\UIObj\ExpBar\ExpBarBack</Filter>
    </ClCompile>
    <ClCompile Include="..\Code\GearSlot.cpp">
      <Filter>02. Object\UIObj\Slot\GearSlot</Filter>
    </ClCompile>
    <ClCompile Include="..\Code\EmeraldSword.cpp">
      <Filter>02. Object\UIObj\Item\Sword</Filter>
    </ClCompile>
    <ClCompile Include="..\Code\GearSlotPlus.cpp">
      <Filter>02. Object\UIObj\Slot\GearSlotPlus</Filter>
    </ClCompile>
    <ClCompile Include="..\Code\HP_Potion.cpp">
      <Filter>02. Object\UIObj\Item\04. HP_Potion</Filter>
    </ClCompile>
    <ClCompile Include="..\Code\GearStrength.cpp">
      <Filter>02. Object\UIObj\Slot\GearStrength</Filter>
    </ClCompile>
    <ClCompile Include="..\Code\GearStrengthBack.cpp">
      <Filter>02. Object\UIObj\Slot\GearStrengthPlus</Filter>
    </ClCompile>
    <ClCompile Include="..\Code\LevelFront.cpp">
      <Filter>02. Object\UIObj\Slot\LevelFront</Filter>
    </ClCompile>
    <ClCompile Include="..\Code\Filter.cpp">
      <Filter>02. Object\UIObj\Icon\00. FilterIcon</Filter>
    </ClCompile>
    <ClCompile Include="..\Code\SwordFilter.cpp">
      <Filter>02. Object\UIObj\Icon\01. Swordfilter</Filter>
    </ClCompile>
    <ClCompile Include="..\Code\ArrowFilter.cpp">
      <Filter>02. Object\UIObj\Icon\02. Arrowfilter</Filter>
    </ClCompile>
    <ClCompile Include="..\Code\ArmorFilter.cpp">
      <Filter>02. Object\UIObj\Icon\03. Armorfilter</Filter>
    </ClCompile>
    <ClCompile Include="..\Code\PotionFilter.cpp">
      <Filter>02. Object\UIObj\Icon\04. Potionfilter</Filter>
    </ClCompile>
    <ClCompile Include="..\Code\EnchantFilter.cpp">
      <Filter>02. Object\UIObj\Icon\05. EnchantFilter</Filter>
    </ClCompile>
    <ClCompile Include="..\Code\CostumeFilter.cpp">
      <Filter>02. Object\UIObj\Icon\06. CostumeFilter</Filter>
    </ClCompile>
    <ClCompile Include="..\Code\InventorySlot.cpp">
      <Filter>02. Object\UIObj\Slot\InventorySlot</Filter>
    </ClCompile>
    <ClCompile Include="..\Code\Creeper.cpp">
      <Filter>02. Object\Monster\Creeper</Filter>
    </ClCompile>
    <ClCompile Include="..\Code\Boss.cpp">
      <Filter>02. Object\Monster</Filter>
    </ClCompile>
    <ClCompile Include="..\Code\RedGolem.cpp">
      <Filter>02. Object\Monster\RedGolem</Filter>
    </ClCompile>
    <ClCompile Include="..\Code\GolemProjectile.cpp">
      <Filter>02. Object\Monster\RedGolem\Projectile</Filter>
    </ClCompile>
    <ClCompile Include="..\Code\Arrow.cpp">
      <Filter>02. Object\Item\Arrow</Filter>
    </ClCompile>
    <ClCompile Include="..\Code\Arrow.cpp">
      <Filter>02. Object\Item\Arrow</Filter>
    </ClCompile>
    <ClCompile Include="..\Code\ItemSlot.cpp">
      <Filter>02. Object\UIObj\Slot\ItemSlot</Filter>
    </ClCompile>
    <ClCompile Include="..\Code\InventoryUIBuilder.cpp">
      <Filter>01. Scene\UIManager\InventoryUIBuilder</Filter>
    </ClCompile>
    <ClCompile Include="..\Code\InventoryEmerald.cpp">
      <Filter>02. Object\UIObj\InventoryEmerald</Filter>
    </ClCompile>
    <ClCompile Include="..\Code\InventoryEnchant.cpp">
      <Filter>02. Object\UIObj\InventoryEnchant</Filter>
    </ClCompile>
    <ClCompile Include="..\Code\ScrollBack.cpp">
      <Filter>02. Object\UIObj\ScrollBack</Filter>
    </ClCompile>
    <ClCompile Include="..\Code\InventoryUI.cpp">
      <Filter>02. Object\UIObj\InventoryUI</Filter>
    </ClCompile>
    <ClCompile Include="..\Code\SwordItem.cpp">
      <Filter>02. Object\UIObj\Item\00. SwordItem</Filter>
    </ClCompile>
    <ClCompile Include="..\Code\BowItem.cpp">
      <Filter>02. Object\UIObj\Item\01. BowItem</Filter>
    </ClCompile>
    <ClCompile Include="..\Code\WolfArmor.cpp">
      <Filter>02. Object\UIObj\Item\02. WolfArmor</Filter>
    </ClCompile>
    <ClCompile Include="..\Code\RocketItem.cpp">
      <Filter>02. Object\UIObj\Item\03. RocketItem</Filter>
    </ClCompile>
    <ClCompile Include="..\Code\TooltipObj.cpp">
      <Filter>02. Object\UIObj\Tooltip\TooltipObj</Filter>
    </ClCompile>
    <ClCompile Include="..\Code\FishingItem.cpp">
      <Filter>02. Object\UIObj\Item\05. FishingItem</Filter>
    </ClCompile>
    <ClCompile Include="..\Code\QuestPanel.cpp">
      <Filter>02. Object\UIObj\Panel\QuestPanel</Filter>
    </ClCompile>
    <ClCompile Include="..\Code\QuestTextObj.cpp">
      <Filter>02. Object\UIObj\QuestTextObj</Filter>
    </ClCompile>
    <ClCompile Include="..\Code\Attack.cpp">
      <Filter>02. Object\Monster\BTNode\Action\Monster</Filter>
    </ClCompile>
    <ClCompile Include="..\Code\Chase.cpp">
      <Filter>02. Object\Monster\BTNode\Action\Monster</Filter>
    </ClCompile>
    <ClCompile Include="..\Code\Die.cpp">
      <Filter>02. Object\Monster\BTNode\Action\Monster</Filter>
    </ClCompile>
    <ClCompile Include="..\Code\Rotate.cpp">
      <Filter>02. Object\Monster\BTNode\Action\Monster</Filter>
    </ClCompile>
    <ClCompile Include="..\Code\IsTimerOn.cpp">
      <Filter>02. Object\Monster\BTNode\Decorator\Boss</Filter>
    </ClCompile>
    <ClCompile Include="..\Code\IsTargetInAttackRange.cpp">
      <Filter>02. Object\Monster\BTNode\Decorator\Monster</Filter>
    </ClCompile>
    <ClCompile Include="..\Code\IsTargetInDetectRange.cpp">
      <Filter>02. Object\Monster\BTNode\Decorator\Monster</Filter>
    </ClCompile>
    <ClCompile Include="..\Code\IsAlive.cpp">
      <Filter>02. Object\Monster\BTNode\Decorator</Filter>
    </ClCompile>
    <ClCompile Include="..\Code\IsTargetInRange.cpp">
      <Filter>02. Object\Monster\BTNode\Decorator\Boss</Filter>
    </ClCompile>
    <ClCompile Include="..\Code\BossChase.cpp">
      <Filter>02. Object\Monster\BTNode\Action\Boss</Filter>
    </ClCompile>
    <ClCompile Include="..\Code\WorldMapPanel.cpp">
      <Filter>02. Object\UIObj\Panel\WorldMapPanel</Filter>
    </ClCompile>
    <ClCompile Include="..\Code\Locked_Node.cpp">
      <Filter>02. Object\UIObj\Button\Locked_Node</Filter>
    </ClCompile>
    <ClCompile Include="..\Code\MapNode.cpp">
      <Filter>02. Object\UIObj\Button\MapNode</Filter>
    </ClCompile>
    <ClCompile Include="..\Code\LockNode_Back.cpp">
      <Filter>02. Object\UIObj\Button\LockedNode_Back</Filter>
    </ClCompile>
    <ClCompile Include="..\Code\MapNode_Front.cpp">
      <Filter>02. Object\UIObj\Button\MapNode_Front</Filter>
    </ClCompile>
    <ClCompile Include="..\Code\LoadingStone.cpp">
      <Filter>02. Object\UIObj\LoadingUI\LoadingStone</Filter>
    </ClCompile>
    <ClCompile Include="..\Code\WorldMapTextPanel.cpp">
      <Filter>02. Object\UIObj\Panel\WorldMapTextPanel</Filter>
    </ClCompile>
    <ClCompile Include="..\Code\UILoader.cpp" />
    <ClCompile Include="..\Code\WorldTooltip.cpp">
      <Filter>02. Object\UIObj\Tooltip\WorldTooltip</Filter>
    </ClCompile>
    <ClCompile Include="..\Code\UILoader.cpp">
      <Filter>01. Scene\UIManager\UILoader</Filter>
    </ClCompile>
    <ClCompile Include="..\Code\FilterTooltip.cpp">
      <Filter>02. Object\UIObj\Tooltip\FilterTooltip</Filter>
    </ClCompile>
    <ClCompile Include="..\Code\PigItem.cpp">
      <Filter>02. Object\UIObj\Item\06. PigItem</Filter>
    </ClCompile>
    <ClCompile Include="..\Code\EnemyHPBarFront.cpp">
      <Filter>02. Object\UIObj\HpBar\EnemyHPBarFront</Filter>
    </ClCompile>
    <ClCompile Include="..\Code\EnemyHPBarBack.cpp">
      <Filter>02. Object\UIObj\HpBar\EnemyHPBarBack</Filter>
    </ClCompile>
    <ClCompile Include="..\Code\BossHPBarFront.cpp">
      <Filter>02. Object\UIObj\HpBar\BossHPBarFront</Filter>
    </ClCompile>
    <ClCompile Include="..\Code\Spawner.cpp">
      <Filter>02. Object\Spawner\Spawner</Filter>
    </ClCompile>
    <ClCompile Include="..\Code\SpawnTriggerBox.cpp">
      <Filter>02. Object\Spawner\TriggerBox</Filter>
    </ClCompile>
    <ClCompile Include="..\Code\IsTargetClose.cpp">
      <Filter>02. Object\Monster\BTNode\Decorator\Monster</Filter>
    </ClCompile>
    <ClCompile Include="..\Code\BackStep.cpp">
      <Filter>02. Object\Monster\BTNode\Action\Monster</Filter>
    </ClCompile>
    <ClCompile Include="..\Code\Arrow.cpp">
      <Filter>02. Object\Item\Arrow</Filter>
    </ClCompile>  
    <ClCompile Include="..\Code\BossIcon.cpp">
      <Filter>02. Object\UIObj\Icon\07. BossIcon</Filter>
    </ClCompile>
    <ClCompile Include="..\Code\ParticleObj.cpp">
      <Filter>02. Object\UIObj\ParticleObj</Filter>
    </ClCompile>
    <ClCompile Include="..\Code\DamageText.cpp">
      <Filter>02. Object\UIObj\DamageText</Filter>
    </ClCompile>
    <ClCompile Include="..\Code\HPBarWhite.cpp">
      <Filter>02. Object\UIObj\HpBar\HPBarWhite</Filter>
    </ClCompile>
  </ItemGroup>
</Project>